{
  "version": 4,
  "terraform_version": "1.14.7",
  "serial": 219,
  "lineage": "019ae236-8e6e-d9ed-c168-390dd84df36e",
  "outputs": {
    "cmd_deploy_lambda_api": {
      "value": "aws lambda update-function-code --function-name actify-saas-api --zip-file fileb://lambda-api/dist/function.zip --region eu-central-1",
      "type": "string"
    },
    "cmd_tail_logs": {
      "value": "aws logs tail /aws/lambda/actify-saas-api --follow --region eu-central-1",
      "type": "string"
    },
    "cognito_client_id": {
      "value": "2v3ggh33m5b4ap7kj96ufcqhmg",
      "type": "string"
    },
    "cognito_issuer": {
      "value": "https://cognito-idp.eu-central-1.amazonaws.com/eu-central-1_4D3kDUrMF",
      "type": "string"
    },
    "cognito_user_pool_id": {
      "value": "eu-central-1_4D3kDUrMF",
      "type": "string"
    },
    "dynamodb_checks_table": {
      "value": "actify-saas-compliance-checks",
      "type": "string"
    },
    "dynamodb_companies_table": {
      "value": "actify-saas-companies",
      "type": "string"
    },
    "dynamodb_systems_table": {
      "value": "actify-saas-ai-systems",
      "type": "string"
    },
    "dynamodb_users_table": {
      "value": "actify-saas-company-users",
      "type": "string"
    },
    "lambda_api_arn": {
      "value": "arn:aws:lambda:eu-central-1:265020547280:function:actify-saas-api",
      "type": "string"
    },
    "lambda_api_name": {
      "value": "actify-saas-api",
      "type": "string"
    }
  },
  "resources": [
    {
      "mode": "data",
      "type": "archive_file",
      "name": "doc_pipeline_stub",
      "provider": "provider[\"registry.terraform.io/hashicorp/archive\"]",
      "instances": [
        {
          "schema_version": 0,
          "attributes": {
            "exclude_symlink_directories": null,
            "excludes": null,
            "id": "e908e80a8e3df8490415e7fc7577688a805106f5",
            "output_base64sha256": "A+aqFbmInXNGrwe/K1IS8/Yc7w3S5cL4ALPYJP1Innc=",
            "output_base64sha512": "lSWwa/Jhb1Bw9ykpoKzid5BSGTR+73EYep1/BXlq8Rofmxba5oPDYD/yj4qc7lKoxcvIayCnupLU2fynCUa/jQ==",
            "output_file_mode": null,
            "output_md5": "435fbc9519f4ca18eaf52336d2abfc50",
            "output_path": "/Users/vincemartibalducci/Desktop/Projects/AI_Act Compliance/AI Act Compliance/04_Prodotto/05_Infrastruttura/actify-iac/terraform/release-2/.terraform/doc_pipeline_stub.zip",
            "output_sha": "e908e80a8e3df8490415e7fc7577688a805106f5",
            "output_sha256": "03e6aa15b9889d7346af07bf2b5212f3f61cef0dd2e5c2f800b3d824fd489e77",
            "output_sha512": "9525b06bf2616f5070f72929a0ace277905219347eef71187a9d7f05796af11a1f9b16dae683c3603ff28f8a9cee52a8c5cbc86b20a7ba92d4d9fca70946bf8d",
            "output_size": 237,
            "source": [
              {
                "content": "exports.handler = async () =\u003e ({ statusCode: 503, body: JSON.stringify({ error: \"not_deployed\" }) });\n",
                "filename": "index.js"
              }
            ],
            "source_content": null,
            "source_content_filename": null,
            "source_dir": null,
            "source_file": null,
            "type": "zip"
          },
          "sensitive_attributes": [],
          "identity_schema_version": 0
        }
      ]
    },
    {
      "mode": "data",
      "type": "archive_file",
      "name": "lambda_api_stub",
      "provider": "provider[\"registry.terraform.io/hashicorp/archive\"]",
      "instances": [
        {
          "schema_version": 0,
          "attributes": {
            "exclude_symlink_directories": null,
            "excludes": null,
            "id": "1b729e9ebd47b4157cc4802201afd8dc75a8dc22",
            "output_base64sha256": "5Ks7vsWCTGKdr48tJnxmscvCc11nbG1LMrv42adPvHk=",
            "output_base64sha512": "SoH04Ey822lbc1RW78/IX5jm6ZXOuawbPJHOKiFLARv7oAfGWTpY8NYJL1XDRTh8wTXP3bkf5h0cHje3OWUdlQ==",
            "output_file_mode": null,
            "output_md5": "bb8dd55d7e6cc23f3f9159f819a95262",
            "output_path": "/Users/vincemartibalducci/Desktop/Projects/AI_Act Compliance/AI Act Compliance/04_Prodotto/05_Infrastruttura/actify-iac/terraform/release-2/.terraform/lambda_api_stub.zip",
            "output_sha": "1b729e9ebd47b4157cc4802201afd8dc75a8dc22",
            "output_sha256": "e4ab3bbec5824c629daf8f2d267c66b1cbc2735d676c6d4b32bbf8d9a74fbc79",
            "output_sha512": "4a81f4e04cbcdb695b735456efcfc85f98e6e995ceb9ac1b3c91ce2a214b011bfba007c6593a58f0d6092f55c345387cc135cfddb91fe61d1c1e37b739651d95",
            "output_size": 296,
            "source": [
              {
                "content": "exports.handler = async () =\u003e ({\n  statusCode: 503,\n  headers: { \"Content-Type\": \"application/json\" },\n  body: JSON.stringify({ error: \"not_deployed\", message: \"Lambda stub active.\" })\n});\n",
                "filename": "index.js"
              }
            ],
            "source_content": null,
            "source_content_filename": null,
            "source_dir": null,
            "source_file": null,
            "type": "zip"
          },
          "sensitive_attributes": [],
          "identity_schema_version": 0
        }
      ]
    },
    {
      "mode": "data",
      "type": "aws_apigatewayv2_api",
      "name": "main",
      "provider": "provider[\"registry.terraform.io/hashicorp/aws\"]",
      "instances": [
        {
          "schema_version": 0,
          "attributes": {
            "api_endpoint": "https://lql1qfmdua.execute-api.eu-central-1.amazonaws.com",
            "api_id": "lql1qfmdua",
            "api_key_selection_expression": "$request.header.x-api-key",
            "arn": "arn:aws:apigateway:eu-central-1::/apis/lql1qfmdua",
            "cors_configuration": [
              {
                "allow_credentials": false,
                "allow_headers": [
                  "authorization",
                  "content-type"
                ],
                "allow_methods": [
                  "DELETE",
                  "GET",
                  "OPTIONS",
                  "PATCH",
                  "POST",
                  "PUT"
                ],
                "allow_origins": [
                  "*"
                ],
                "expose_headers": [],
                "max_age": 3600
              }
            ],
            "description": "Actify release-1 — public PDF report generation endpoint",
            "disable_execute_api_endpoint": false,
            "execution_arn": "arn:aws:execute-api:eu-central-1:265020547280:lql1qfmdua",
            "id": "lql1qfmdua",
            "ip_address_type": "ipv4",
            "name": "actify-saas-api",
            "protocol_type": "HTTP",
            "route_selection_expression": "$request.method $request.path",
            "tags": {
              "Environment": "demo",
              "ManagedBy": "terraform",
              "Name": "actify-saas-api",
              "Product": "actify-saas",
              "Project": "actify",
              "Release": "release-1",
              "Repository": "actify-iac"
            },
            "version": ""
          },
          "sensitive_attributes": [],
          "identity_schema_version": 0
        }
      ]
    },
    {
      "mode": "data",
      "type": "aws_caller_identity",
      "name": "current",
      "provider": "provider[\"registry.terraform.io/hashicorp/aws\"]",
      "instances": [
        {
          "schema_version": 0,
          "attributes": {
            "account_id": "265020547280",
            "arn": "arn:aws:iam::265020547280:user/Admin_User",
            "id": "265020547280",
            "user_id": "AIDAT3NDUUDIBHUXFZ43Z"
          },
          "sensitive_attributes": [],
          "identity_schema_version": 0
        }
      ]
    },
    {
      "mode": "data",
      "type": "aws_iam_policy_document",
      "name": "api_assume_role",
      "provider": "provider[\"registry.terraform.io/hashicorp/aws\"]",
      "instances": [
        {
          "schema_version": 0,
          "attributes": {
            "id": "2050989708",
            "json": "{\n  \"Version\": \"2012-10-17\",\n  \"Statement\": [\n    {\n      \"Sid\": \"AllowLambdaAssumeRole\",\n      \"Effect\": \"Allow\",\n      \"Action\": \"sts:AssumeRole\",\n      \"Principal\": {\n        \"Service\": \"lambda.amazonaws.com\"\n      }\n    }\n  ]\n}",
            "minified_json": "{\"Version\":\"2012-10-17\",\"Statement\":[{\"Sid\":\"AllowLambdaAssumeRole\",\"Effect\":\"Allow\",\"Action\":\"sts:AssumeRole\",\"Principal\":{\"Service\":\"lambda.amazonaws.com\"}}]}",
            "override_json": null,
            "override_policy_documents": null,
            "policy_id": null,
            "source_json": null,
            "source_policy_documents": null,
            "statement": [
              {
                "actions": [
                  "sts:AssumeRole"
                ],
                "condition": [],
                "effect": "Allow",
                "not_actions": [],
                "not_principals": [],
                "not_resources": [],
                "principals": [
                  {
                    "identifiers": [
                      "lambda.amazonaws.com"
                    ],
                    "type": "Service"
                  }
                ],
                "resources": [],
                "sid": "AllowLambdaAssumeRole"
              }
            ],
            "version": "2012-10-17"
          },
          "sensitive_attributes": [],
          "identity_schema_version": 0
        }
      ]
    },
    {
      "mode": "data",
      "type": "aws_iam_policy_document",
      "name": "api_permissions",
      "provider": "provider[\"registry.terraform.io/hashicorp/aws\"]",
      "instances": [
        {
          "schema_version": 0,
          "attributes": {
            "id": "1788227229",
            "json": "{\n  \"Version\": \"2012-10-17\",\n  \"Statement\": [\n    {\n      \"Sid\": \"AllowCloudWatchLogs\",\n      \"Effect\": \"Allow\",\n      \"Action\": [\n        \"logs:PutLogEvents\",\n        \"logs:CreateLogStream\"\n      ],\n      \"Resource\": \"arn:aws:logs:eu-central-1:265020547280:log-group:/aws/lambda/actify-saas-api:*\"\n    },\n    {\n      \"Sid\": \"AllowDynamoDBCRUD\",\n      \"Effect\": \"Allow\",\n      \"Action\": [\n        \"dynamodb:UpdateItem\",\n        \"dynamodb:Scan\",\n        \"dynamodb:Query\",\n        \"dynamodb:PutItem\",\n        \"dynamodb:GetItem\",\n        \"dynamodb:DeleteItem\"\n      ],\n      \"Resource\": [\n        \"arn:aws:dynamodb:eu-central-1:265020547280:table/actify-saas-partners\",\n        \"arn:aws:dynamodb:eu-central-1:265020547280:table/actify-saas-partner-pmi/index/*\",\n        \"arn:aws:dynamodb:eu-central-1:265020547280:table/actify-saas-partner-pmi\",\n        \"arn:aws:dynamodb:eu-central-1:265020547280:table/actify-saas-literacy\",\n        \"arn:aws:dynamodb:eu-central-1:265020547280:table/actify-saas-documents/index/*\",\n        \"arn:aws:dynamodb:eu-central-1:265020547280:table/actify-saas-documents\",\n        \"arn:aws:dynamodb:eu-central-1:265020547280:table/actify-saas-doc-schemas\",\n        \"arn:aws:dynamodb:eu-central-1:265020547280:table/actify-saas-doc-generations/index/*\",\n        \"arn:aws:dynamodb:eu-central-1:265020547280:table/actify-saas-doc-generations\",\n        \"arn:aws:dynamodb:eu-central-1:265020547280:table/actify-saas-compliance-checks\",\n        \"arn:aws:dynamodb:eu-central-1:265020547280:table/actify-saas-company-users/index/*\",\n        \"arn:aws:dynamodb:eu-central-1:265020547280:table/actify-saas-company-users\",\n        \"arn:aws:dynamodb:eu-central-1:265020547280:table/actify-saas-companies\",\n        \"arn:aws:dynamodb:eu-central-1:265020547280:table/actify-saas-audit\",\n        \"arn:aws:dynamodb:eu-central-1:265020547280:table/actify-saas-ai-systems\"\n      ]\n    },\n    {\n      \"Sid\": \"AllowS3DocumentVault\",\n      \"Effect\": \"Allow\",\n      \"Action\": [\n        \"s3:PutObject\",\n        \"s3:GetObject\",\n        \"s3:DeleteObject\"\n      ],\n      \"Resource\": \"arn:aws:s3:::actify-saas-documents/documents/*\"\n    },\n    {\n      \"Sid\": \"AllowCognitoUserManagement\",\n      \"Effect\": \"Allow\",\n      \"Action\": [\n        \"cognito-idp:AdminUpdateUserAttributes\",\n        \"cognito-idp:AdminSetUserPassword\",\n        \"cognito-idp:AdminGetUser\",\n        \"cognito-idp:AdminDeleteUser\",\n        \"cognito-idp:AdminCreateUser\"\n      ],\n      \"Resource\": \"arn:aws:cognito-idp:eu-central-1:265020547280:userpool/eu-central-1_4D3kDUrMF\"\n    },\n    {\n      \"Sid\": \"AllowBedrockInvoke\",\n      \"Effect\": \"Allow\",\n      \"Action\": \"bedrock:InvokeModel\",\n      \"Resource\": [\n        \"arn:aws:bedrock:us-west-2::foundation-model/amazon.nova-pro-v1:0\",\n        \"arn:aws:bedrock:us-east-1::foundation-model/amazon.titan-embed-text-v2:0\",\n        \"arn:aws:bedrock:us-east-1::foundation-model/amazon.nova-pro-v1:0\",\n        \"arn:aws:bedrock:eu-west-3::foundation-model/amazon.nova-pro-v1:0\",\n        \"arn:aws:bedrock:eu-west-1::foundation-model/amazon.nova-pro-v1:0\",\n        \"arn:aws:bedrock:eu-north-1::foundation-model/amazon.nova-pro-v1:0\",\n        \"arn:aws:bedrock:eu-central-1::foundation-model/amazon.titan-embed-text-v2:0\",\n        \"arn:aws:bedrock:eu-central-1::foundation-model/amazon.nova-pro-v1:0\",\n        \"arn:aws:bedrock:eu-central-1:265020547280:inference-profile/eu.amazon.nova-pro-v1:0\"\n      ]\n    },\n    {\n      \"Sid\": \"AllowS3VectorsRAGRead\",\n      \"Effect\": \"Allow\",\n      \"Action\": [\n        \"s3vectors:QueryVectors\",\n        \"s3vectors:ListVectors\",\n        \"s3vectors:GetVectors\"\n      ],\n      \"Resource\": [\n        \"arn:aws:s3vectors:eu-central-1:265020547280:bucket/actify-saas-ai-act-knowledge-base/*\",\n        \"arn:aws:s3vectors:eu-central-1:265020547280:bucket/actify-saas-ai-act-knowledge-base\"\n      ]\n    },\n    {\n      \"Sid\": \"AllowLambdaInvoke\",\n      \"Effect\": \"Allow\",\n      \"Action\": \"lambda:InvokeFunction\",\n      \"Resource\": [\n        \"arn:aws:lambda:eu-central-1:265020547280:function:actify-saas-pdf-generator\",\n        \"arn:aws:lambda:eu-central-1:265020547280:function:actify-saas-api\"\n      ]\n    },\n    {\n      \"Sid\": \"AllowStepFunctionsStartExecution\",\n      \"Effect\": \"Allow\",\n      \"Action\": \"states:StartExecution\",\n      \"Resource\": \"arn:aws:states:eu-central-1:265020547280:stateMachine:actify-saas-doc-generation-workflow\"\n    }\n  ]\n}",
            "minified_json": "{\"Version\":\"2012-10-17\",\"Statement\":[{\"Sid\":\"AllowCloudWatchLogs\",\"Effect\":\"Allow\",\"Action\":[\"logs:PutLogEvents\",\"logs:CreateLogStream\"],\"Resource\":\"arn:aws:logs:eu-central-1:265020547280:log-group:/aws/lambda/actify-saas-api:*\"},{\"Sid\":\"AllowDynamoDBCRUD\",\"Effect\":\"Allow\",\"Action\":[\"dynamodb:UpdateItem\",\"dynamodb:Scan\",\"dynamodb:Query\",\"dynamodb:PutItem\",\"dynamodb:GetItem\",\"dynamodb:DeleteItem\"],\"Resource\":[\"arn:aws:dynamodb:eu-central-1:265020547280:table/actify-saas-partners\",\"arn:aws:dynamodb:eu-central-1:265020547280:table/actify-saas-partner-pmi/index/*\",\"arn:aws:dynamodb:eu-central-1:265020547280:table/actify-saas-partner-pmi\",\"arn:aws:dynamodb:eu-central-1:265020547280:table/actify-saas-literacy\",\"arn:aws:dynamodb:eu-central-1:265020547280:table/actify-saas-documents/index/*\",\"arn:aws:dynamodb:eu-central-1:265020547280:table/actify-saas-documents\",\"arn:aws:dynamodb:eu-central-1:265020547280:table/actify-saas-doc-schemas\",\"arn:aws:dynamodb:eu-central-1:265020547280:table/actify-saas-doc-generations/index/*\",\"arn:aws:dynamodb:eu-central-1:265020547280:table/actify-saas-doc-generations\",\"arn:aws:dynamodb:eu-central-1:265020547280:table/actify-saas-compliance-checks\",\"arn:aws:dynamodb:eu-central-1:265020547280:table/actify-saas-company-users/index/*\",\"arn:aws:dynamodb:eu-central-1:265020547280:table/actify-saas-company-users\",\"arn:aws:dynamodb:eu-central-1:265020547280:table/actify-saas-companies\",\"arn:aws:dynamodb:eu-central-1:265020547280:table/actify-saas-audit\",\"arn:aws:dynamodb:eu-central-1:265020547280:table/actify-saas-ai-systems\"]},{\"Sid\":\"AllowS3DocumentVault\",\"Effect\":\"Allow\",\"Action\":[\"s3:PutObject\",\"s3:GetObject\",\"s3:DeleteObject\"],\"Resource\":\"arn:aws:s3:::actify-saas-documents/documents/*\"},{\"Sid\":\"AllowCognitoUserManagement\",\"Effect\":\"Allow\",\"Action\":[\"cognito-idp:AdminUpdateUserAttributes\",\"cognito-idp:AdminSetUserPassword\",\"cognito-idp:AdminGetUser\",\"cognito-idp:AdminDeleteUser\",\"cognito-idp:AdminCreateUser\"],\"Resource\":\"arn:aws:cognito-idp:eu-central-1:265020547280:userpool/eu-central-1_4D3kDUrMF\"},{\"Sid\":\"AllowBedrockInvoke\",\"Effect\":\"Allow\",\"Action\":\"bedrock:InvokeModel\",\"Resource\":[\"arn:aws:bedrock:us-west-2::foundation-model/amazon.nova-pro-v1:0\",\"arn:aws:bedrock:us-east-1::foundation-model/amazon.titan-embed-text-v2:0\",\"arn:aws:bedrock:us-east-1::foundation-model/amazon.nova-pro-v1:0\",\"arn:aws:bedrock:eu-west-3::foundation-model/amazon.nova-pro-v1:0\",\"arn:aws:bedrock:eu-west-1::foundation-model/amazon.nova-pro-v1:0\",\"arn:aws:bedrock:eu-north-1::foundation-model/amazon.nova-pro-v1:0\",\"arn:aws:bedrock:eu-central-1::foundation-model/amazon.titan-embed-text-v2:0\",\"arn:aws:bedrock:eu-central-1::foundation-model/amazon.nova-pro-v1:0\",\"arn:aws:bedrock:eu-central-1:265020547280:inference-profile/eu.amazon.nova-pro-v1:0\"]},{\"Sid\":\"AllowS3VectorsRAGRead\",\"Effect\":\"Allow\",\"Action\":[\"s3vectors:QueryVectors\",\"s3vectors:ListVectors\",\"s3vectors:GetVectors\"],\"Resource\":[\"arn:aws:s3vectors:eu-central-1:265020547280:bucket/actify-saas-ai-act-knowledge-base/*\",\"arn:aws:s3vectors:eu-central-1:265020547280:bucket/actify-saas-ai-act-knowledge-base\"]},{\"Sid\":\"AllowLambdaInvoke\",\"Effect\":\"Allow\",\"Action\":\"lambda:InvokeFunction\",\"Resource\":[\"arn:aws:lambda:eu-central-1:265020547280:function:actify-saas-pdf-generator\",\"arn:aws:lambda:eu-central-1:265020547280:function:actify-saas-api\"]},{\"Sid\":\"AllowStepFunctionsStartExecution\",\"Effect\":\"Allow\",\"Action\":\"states:StartExecution\",\"Resource\":\"arn:aws:states:eu-central-1:265020547280:stateMachine:actify-saas-doc-generation-workflow\"}]}",
            "override_json": null,
            "override_policy_documents": null,
            "policy_id": null,
            "source_json": null,
            "source_policy_documents": null,
            "statement": [
              {
                "actions": [
                  "logs:CreateLogStream",
                  "logs:PutLogEvents"
                ],
                "condition": [],
                "effect": "Allow",
                "not_actions": [],
                "not_principals": [],
                "not_resources": [],
                "principals": [],
                "resources": [
                  "arn:aws:logs:eu-central-1:265020547280:log-group:/aws/lambda/actify-saas-api:*"
                ],
                "sid": "AllowCloudWatchLogs"
              },
              {
                "actions": [
                  "dynamodb:DeleteItem",
                  "dynamodb:GetItem",
                  "dynamodb:PutItem",
                  "dynamodb:Query",
                  "dynamodb:Scan",
                  "dynamodb:UpdateItem"
                ],
                "condition": [],
                "effect": "Allow",
                "not_actions": [],
                "not_principals": [],
                "not_resources": [],
                "principals": [],
                "resources": [
                  "arn:aws:dynamodb:eu-central-1:265020547280:table/actify-saas-ai-systems",
                  "arn:aws:dynamodb:eu-central-1:265020547280:table/actify-saas-audit",
                  "arn:aws:dynamodb:eu-central-1:265020547280:table/actify-saas-companies",
                  "arn:aws:dynamodb:eu-central-1:265020547280:table/actify-saas-company-users",
                  "arn:aws:dynamodb:eu-central-1:265020547280:table/actify-saas-company-users/index/*",
                  "arn:aws:dynamodb:eu-central-1:265020547280:table/actify-saas-compliance-checks",
                  "arn:aws:dynamodb:eu-central-1:265020547280:table/actify-saas-doc-generations",
                  "arn:aws:dynamodb:eu-central-1:265020547280:table/actify-saas-doc-generations/index/*",
                  "arn:aws:dynamodb:eu-central-1:265020547280:table/actify-saas-doc-schemas",
                  "arn:aws:dynamodb:eu-central-1:265020547280:table/actify-saas-documents",
                  "arn:aws:dynamodb:eu-central-1:265020547280:table/actify-saas-documents/index/*",
                  "arn:aws:dynamodb:eu-central-1:265020547280:table/actify-saas-literacy",
                  "arn:aws:dynamodb:eu-central-1:265020547280:table/actify-saas-partner-pmi",
                  "arn:aws:dynamodb:eu-central-1:265020547280:table/actify-saas-partner-pmi/index/*",
                  "arn:aws:dynamodb:eu-central-1:265020547280:table/actify-saas-partners"
                ],
                "sid": "AllowDynamoDBCRUD"
              },
              {
                "actions": [
                  "s3:DeleteObject",
                  "s3:GetObject",
                  "s3:PutObject"
                ],
                "condition": [],
                "effect": "Allow",
                "not_actions": [],
                "not_principals": [],
                "not_resources": [],
                "principals": [],
                "resources": [
                  "arn:aws:s3:::actify-saas-documents/documents/*"
                ],
                "sid": "AllowS3DocumentVault"
              },
              {
                "actions": [
                  "cognito-idp:AdminCreateUser",
                  "cognito-idp:AdminDeleteUser",
                  "cognito-idp:AdminGetUser",
                  "cognito-idp:AdminSetUserPassword",
                  "cognito-idp:AdminUpdateUserAttributes"
                ],
                "condition": [],
                "effect": "Allow",
                "not_actions": [],
                "not_principals": [],
                "not_resources": [],
                "principals": [],
                "resources": [
                  "arn:aws:cognito-idp:eu-central-1:265020547280:userpool/eu-central-1_4D3kDUrMF"
                ],
                "sid": "AllowCognitoUserManagement"
              },
              {
                "actions": [
                  "bedrock:InvokeModel"
                ],
                "condition": [],
                "effect": "Allow",
                "not_actions": [],
                "not_principals": [],
                "not_resources": [],
                "principals": [],
                "resources": [
                  "arn:aws:bedrock:eu-central-1:265020547280:inference-profile/eu.amazon.nova-pro-v1:0",
                  "arn:aws:bedrock:eu-central-1::foundation-model/amazon.nova-pro-v1:0",
                  "arn:aws:bedrock:eu-central-1::foundation-model/amazon.titan-embed-text-v2:0",
                  "arn:aws:bedrock:eu-north-1::foundation-model/amazon.nova-pro-v1:0",
                  "arn:aws:bedrock:eu-west-1::foundation-model/amazon.nova-pro-v1:0",
                  "arn:aws:bedrock:eu-west-3::foundation-model/amazon.nova-pro-v1:0",
                  "arn:aws:bedrock:us-east-1::foundation-model/amazon.nova-pro-v1:0",
                  "arn:aws:bedrock:us-east-1::foundation-model/amazon.titan-embed-text-v2:0",
                  "arn:aws:bedrock:us-west-2::foundation-model/amazon.nova-pro-v1:0"
                ],
                "sid": "AllowBedrockInvoke"
              },
              {
                "actions": [
                  "s3vectors:GetVectors",
                  "s3vectors:ListVectors",
                  "s3vectors:QueryVectors"
                ],
                "condition": [],
                "effect": "Allow",
                "not_actions": [],
                "not_principals": [],
                "not_resources": [],
                "principals": [],
                "resources": [
                  "arn:aws:s3vectors:eu-central-1:265020547280:bucket/actify-saas-ai-act-knowledge-base",
                  "arn:aws:s3vectors:eu-central-1:265020547280:bucket/actify-saas-ai-act-knowledge-base/*"
                ],
                "sid": "AllowS3VectorsRAGRead"
              },
              {
                "actions": [
                  "lambda:InvokeFunction"
                ],
                "condition": [],
                "effect": "Allow",
                "not_actions": [],
                "not_principals": [],
                "not_resources": [],
                "principals": [],
                "resources": [
                  "arn:aws:lambda:eu-central-1:265020547280:function:actify-saas-api",
                  "arn:aws:lambda:eu-central-1:265020547280:function:actify-saas-pdf-generator"
                ],
                "sid": "AllowLambdaInvoke"
              },
              {
                "actions": [
                  "states:StartExecution"
                ],
                "condition": [],
                "effect": "Allow",
                "not_actions": [],
                "not_principals": [],
                "not_resources": [],
                "principals": [],
                "resources": [
                  "arn:aws:states:eu-central-1:265020547280:stateMachine:actify-saas-doc-generation-workflow"
                ],
                "sid": "AllowStepFunctionsStartExecution"
              }
            ],
            "version": "2012-10-17"
          },
          "sensitive_attributes": [],
          "identity_schema_version": 0
        }
      ]
    },
    {
      "mode": "managed",
      "type": "aws_apigatewayv2_authorizer",
      "name": "cognito",
      "provider": "provider[\"registry.terraform.io/hashicorp/aws\"]",
      "instances": [
        {
          "schema_version": 0,
          "attributes": {
            "api_id": "lql1qfmdua",
            "authorizer_credentials_arn": "",
            "authorizer_payload_format_version": "",
            "authorizer_result_ttl_in_seconds": 0,
            "authorizer_type": "JWT",
            "authorizer_uri": "",
            "enable_simple_responses": false,
            "id": "w03hoi",
            "identity_sources": [
              "$request.header.Authorization"
            ],
            "jwt_configuration": [
              {
                "audience": [
                  "2v3ggh33m5b4ap7kj96ufcqhmg"
                ],
                "issuer": "https://cognito-idp.eu-central-1.amazonaws.com/eu-central-1_4D3kDUrMF"
              }
            ],
            "name": "actify-cognito-authorizer",
            "timeouts": null
          },
          "sensitive_attributes": [],
          "identity_schema_version": 0,
          "private": "eyJlMmJmYjczMC1lY2FhLTExZTYtOGY4OC0zNDM2M2JjN2M0YzAiOnsiZGVsZXRlIjoxODAwMDAwMDAwMDAwfX0=",
          "dependencies": [
            "aws_cognito_user_pool.actify",
            "aws_cognito_user_pool_client.actify_app",
            "data.aws_apigatewayv2_api.main"
          ]
        }
      ]
    },
    {
      "mode": "managed",
      "type": "aws_apigatewayv2_integration",
      "name": "saas_api",
      "provider": "provider[\"registry.terraform.io/hashicorp/aws\"]",
      "instances": [
        {
          "schema_version": 0,
          "attributes": {
            "api_id": "lql1qfmdua",
            "connection_id": "",
            "connection_type": "INTERNET",
            "content_handling_strategy": "",
            "credentials_arn": "",
            "description": "",
            "id": "mbo1rpq",
            "integration_method": "POST",
            "integration_response_selection_expression": "",
            "integration_subtype": "",
            "integration_type": "AWS_PROXY",
            "integration_uri": "arn:aws:apigateway:eu-central-1:lambda:path/2015-03-31/functions/arn:aws:lambda:eu-central-1:265020547280:function:actify-saas-api/invocations",
            "passthrough_behavior": "",
            "payload_format_version": "2.0",
            "request_parameters": {},
            "request_templates": {},
            "response_parameters": [],
            "template_selection_expression": "",
            "timeout_milliseconds": 30000,
            "tls_config": []
          },
          "sensitive_attributes": [],
          "identity_schema_version": 0,
          "private": "bnVsbA==",
          "dependencies": [
            "aws_cloudwatch_log_group.doc_assemble",
            "aws_cloudwatch_log_group.doc_assemble_ctx",
            "aws_cloudwatch_log_group.doc_generate_slot",
            "aws_cloudwatch_log_group.doc_persist",
            "aws_cloudwatch_log_group.doc_validate",
            "aws_cloudwatch_log_group.lambda_api",
            "aws_cloudwatch_log_group.sfn_doc_pipeline",
            "aws_cognito_user_pool.actify",
            "aws_cognito_user_pool_client.actify_app",
            "aws_dynamodb_table.ai_systems",
            "aws_dynamodb_table.audit",
            "aws_dynamodb_table.companies",
            "aws_dynamodb_table.company_users",
            "aws_dynamodb_table.compliance_checks",
            "aws_dynamodb_table.doc_generations",
            "aws_dynamodb_table.doc_schemas",
            "aws_dynamodb_table.documents",
            "aws_dynamodb_table.literacy",
            "aws_dynamodb_table.partner_pmi",
            "aws_dynamodb_table.partners",
            "aws_iam_policy.doc_pipeline",
            "aws_iam_policy.lambda_api",
            "aws_iam_policy.sfn_doc_pipeline",
            "aws_iam_role.doc_pipeline",
            "aws_iam_role.lambda_api",
            "aws_iam_role.sfn_doc_pipeline",
            "aws_iam_role_policy_attachment.doc_pipeline",
            "aws_iam_role_policy_attachment.lambda_api",
            "aws_iam_role_policy_attachment.sfn_doc_pipeline",
            "aws_lambda_function.doc_assemble",
            "aws_lambda_function.doc_assemble_ctx",
            "aws_lambda_function.doc_generate_slot",
            "aws_lambda_function.doc_persist",
            "aws_lambda_function.doc_validate",
            "aws_lambda_function.saas_api",
            "aws_s3_bucket.actify_documents",
            "aws_sfn_state_machine.doc_generation",
            "data.archive_file.doc_pipeline_stub",
            "data.archive_file.lambda_api_stub",
            "data.aws_apigatewayv2_api.main",
            "data.aws_caller_identity.current",
            "data.aws_iam_policy_document.api_assume_role",
            "data.aws_iam_policy_document.api_permissions"
          ]
        }
      ]
    },
    {
      "mode": "managed",
      "type": "aws_apigatewayv2_route",
      "name": "assessment_get",
      "provider": "provider[\"registry.terraform.io/hashicorp/aws\"]",
      "instances": [
        {
          "schema_version": 0,
          "attributes": {
            "api_id": "lql1qfmdua",
            "api_key_required": false,
            "authorization_scopes": [],
            "authorization_type": "NONE",
            "authorizer_id": "",
            "id": "h3xhdpq",
            "model_selection_expression": "",
            "operation_name": "",
            "request_models": {},
            "request_parameter": [],
            "route_key": "GET /api/assessment/{token}",
            "route_response_selection_expression": "",
            "target": "integrations/mbo1rpq"
          },
          "sensitive_attributes": [],
          "identity_schema_version": 0,
          "private": "bnVsbA==",
          "dependencies": [
            "aws_apigatewayv2_integration.saas_api",
            "aws_cloudwatch_log_group.lambda_api",
            "aws_cognito_user_pool.actify",
            "aws_cognito_user_pool_client.actify_app",
            "aws_dynamodb_table.ai_systems",
            "aws_dynamodb_table.companies",
            "aws_dynamodb_table.company_users",
            "aws_dynamodb_table.compliance_checks",
            "aws_dynamodb_table.documents",
            "aws_dynamodb_table.literacy",
            "aws_dynamodb_table.partner_pmi",
            "aws_dynamodb_table.partners",
            "aws_iam_policy.lambda_api",
            "aws_iam_role.lambda_api",
            "aws_iam_role_policy_attachment.lambda_api",
            "aws_lambda_function.saas_api",
            "aws_s3_bucket.actify_documents",
            "data.archive_file.lambda_api_stub",
            "data.aws_apigatewayv2_api.main",
            "data.aws_caller_identity.current",
            "data.aws_iam_policy_document.api_assume_role",
            "data.aws_iam_policy_document.api_permissions"
          ]
        }
      ]
    },
    {
      "mode": "managed",
      "type": "aws_apigatewayv2_route",
      "name": "assessment_submit",
      "provider": "provider[\"registry.terraform.io/hashicorp/aws\"]",
      "instances": [
        {
          "schema_version": 0,
          "attributes": {
            "api_id": "lql1qfmdua",
            "api_key_required": false,
            "authorization_scopes": [],
            "authorization_type": "NONE",
            "authorizer_id": "",
            "id": "w5ao8ek",
            "model_selection_expression": "",
            "operation_name": "",
            "request_models": {},
            "request_parameter": [],
            "route_key": "POST /api/assessment/{token}/submit",
            "route_response_selection_expression": "",
            "target": "integrations/mbo1rpq"
          },
          "sensitive_attributes": [],
          "identity_schema_version": 0,
          "private": "bnVsbA==",
          "dependencies": [
            "aws_apigatewayv2_integration.saas_api",
            "aws_cloudwatch_log_group.lambda_api",
            "aws_cognito_user_pool.actify",
            "aws_cognito_user_pool_client.actify_app",
            "aws_dynamodb_table.ai_systems",
            "aws_dynamodb_table.companies",
            "aws_dynamodb_table.company_users",
            "aws_dynamodb_table.compliance_checks",
            "aws_dynamodb_table.documents",
            "aws_dynamodb_table.literacy",
            "aws_dynamodb_table.partner_pmi",
            "aws_dynamodb_table.partners",
            "aws_iam_policy.lambda_api",
            "aws_iam_role.lambda_api",
            "aws_iam_role_policy_attachment.lambda_api",
            "aws_lambda_function.saas_api",
            "aws_s3_bucket.actify_documents",
            "data.archive_file.lambda_api_stub",
            "data.aws_apigatewayv2_api.main",
            "data.aws_caller_identity.current",
            "data.aws_iam_policy_document.api_assume_role",
            "data.aws_iam_policy_document.api_permissions"
          ]
        }
      ]
    },
    {
      "mode": "managed",
      "type": "aws_apigatewayv2_route",
      "name": "auth_invite_accept",
      "provider": "provider[\"registry.terraform.io/hashicorp/aws\"]",
      "instances": [
        {
          "schema_version": 0,
          "attributes": {
            "api_id": "lql1qfmdua",
            "api_key_required": false,
            "authorization_scopes": [],
            "authorization_type": "NONE",
            "authorizer_id": "",
            "id": "eyri40s",
            "model_selection_expression": "",
            "operation_name": "",
            "request_models": {},
            "request_parameter": [],
            "route_key": "POST /api/auth/invite/accept",
            "route_response_selection_expression": "",
            "target": "integrations/mbo1rpq"
          },
          "sensitive_attributes": [],
          "identity_schema_version": 0,
          "private": "eyJzY2hlbWFfdmVyc2lvbiI6IjAifQ=="
        }
      ]
    },
    {
      "mode": "managed",
      "type": "aws_apigatewayv2_route",
      "name": "auth_invite_validate",
      "provider": "provider[\"registry.terraform.io/hashicorp/aws\"]",
      "instances": [
        {
          "schema_version": 0,
          "attributes": {
            "api_id": "lql1qfmdua",
            "api_key_required": false,
            "authorization_scopes": [],
            "authorization_type": "NONE",
            "authorizer_id": "",
            "id": "hf246i4",
            "model_selection_expression": "",
            "operation_name": "",
            "request_models": {},
            "request_parameter": [],
            "route_key": "GET /api/auth/invite/validate",
            "route_response_selection_expression": "",
            "target": "integrations/mbo1rpq"
          },
          "sensitive_attributes": [],
          "identity_schema_version": 0,
          "private": "eyJzY2hlbWFfdmVyc2lvbiI6IjAifQ=="
        }
      ]
    },
    {
      "mode": "managed",
      "type": "aws_apigatewayv2_route",
      "name": "auth_register",
      "provider": "provider[\"registry.terraform.io/hashicorp/aws\"]",
      "instances": [
        {
          "schema_version": 0,
          "attributes": {
            "api_id": "lql1qfmdua",
            "api_key_required": false,
            "authorization_scopes": [],
            "authorization_type": "NONE",
            "authorizer_id": "",
            "id": "ghal8p8",
            "model_selection_expression": "",
            "operation_name": "",
            "request_models": {},
            "request_parameter": [],
            "route_key": "POST /api/auth/register",
            "route_response_selection_expression": "",
            "target": "integrations/mbo1rpq"
          },
          "sensitive_attributes": [],
          "identity_schema_version": 0,
          "private": "bnVsbA==",
          "dependencies": [
            "aws_apigatewayv2_integration.saas_api",
            "aws_cloudwatch_log_group.lambda_api",
            "aws_cognito_user_pool.actify",
            "aws_cognito_user_pool_client.actify_app",
            "aws_dynamodb_table.ai_systems",
            "aws_dynamodb_table.companies",
            "aws_dynamodb_table.company_users",
            "aws_dynamodb_table.compliance_checks",
            "aws_dynamodb_table.documents",
            "aws_dynamodb_table.literacy",
            "aws_dynamodb_table.partner_pmi",
            "aws_dynamodb_table.partners",
            "aws_iam_policy.lambda_api",
            "aws_iam_role.lambda_api",
            "aws_iam_role_policy_attachment.lambda_api",
            "aws_lambda_function.saas_api",
            "aws_s3_bucket.actify_documents",
            "data.archive_file.lambda_api_stub",
            "data.aws_apigatewayv2_api.main",
            "data.aws_caller_identity.current",
            "data.aws_iam_policy_document.api_assume_role",
            "data.aws_iam_policy_document.api_permissions"
          ]
        }
      ]
    },
    {
      "mode": "managed",
      "type": "aws_apigatewayv2_route",
      "name": "options_preflight",
      "provider": "provider[\"registry.terraform.io/hashicorp/aws\"]",
      "instances": [
        {
          "schema_version": 0,
          "attributes": {
            "api_id": "lql1qfmdua",
            "api_key_required": false,
            "authorization_scopes": [],
            "authorization_type": "NONE",
            "authorizer_id": "",
            "id": "mj185c6",
            "model_selection_expression": "",
            "operation_name": "",
            "request_models": {},
            "request_parameter": [],
            "route_key": "OPTIONS /{proxy+}",
            "route_response_selection_expression": "",
            "target": "integrations/mbo1rpq"
          },
          "sensitive_attributes": [],
          "identity_schema_version": 0,
          "private": "bnVsbA==",
          "dependencies": [
            "aws_apigatewayv2_integration.saas_api",
            "aws_cloudwatch_log_group.lambda_api",
            "aws_cognito_user_pool.actify",
            "aws_cognito_user_pool_client.actify_app",
            "aws_dynamodb_table.ai_systems",
            "aws_dynamodb_table.companies",
            "aws_dynamodb_table.company_users",
            "aws_dynamodb_table.compliance_checks",
            "aws_dynamodb_table.documents",
            "aws_dynamodb_table.literacy",
            "aws_dynamodb_table.partner_pmi",
            "aws_dynamodb_table.partners",
            "aws_iam_policy.lambda_api",
            "aws_iam_role.lambda_api",
            "aws_iam_role_policy_attachment.lambda_api",
            "aws_lambda_function.saas_api",
            "aws_s3_bucket.actify_documents",
            "data.archive_file.lambda_api_stub",
            "data.aws_apigatewayv2_api.main",
            "data.aws_caller_identity.current",
            "data.aws_iam_policy_document.api_assume_role",
            "data.aws_iam_policy_document.api_permissions"
          ]
        }
      ]
    },
    {
      "mode": "managed",
      "type": "aws_apigatewayv2_route",
      "name": "partner_approve_request",
      "provider": "provider[\"registry.terraform.io/hashicorp/aws\"]",
      "instances": [
        {
          "schema_version": 0,
          "attributes": {
            "api_id": "lql1qfmdua",
            "api_key_required": false,
            "authorization_scopes": [],
            "authorization_type": "NONE",
            "authorizer_id": "",
            "id": "p4w2cgg",
            "model_selection_expression": "",
            "operation_name": "",
            "request_models": {},
            "request_parameter": [],
            "route_key": "POST /api/partner/approve-request",
            "route_response_selection_expression": "",
            "target": "integrations/mbo1rpq"
          },
          "sensitive_attributes": [],
          "identity_schema_version": 0,
          "private": "eyJzY2hlbWFfdmVyc2lvbiI6IjAifQ=="
        }
      ]
    },
    {
      "mode": "managed",
      "type": "aws_apigatewayv2_route",
      "name": "partner_complete_registration",
      "provider": "provider[\"registry.terraform.io/hashicorp/aws\"]",
      "instances": [
        {
          "schema_version": 0,
          "attributes": {
            "api_id": "lql1qfmdua",
            "api_key_required": false,
            "authorization_scopes": [],
            "authorization_type": "NONE",
            "authorizer_id": "",
            "id": "xpaoymm",
            "model_selection_expression": "",
            "operation_name": "",
            "request_models": {},
            "request_parameter": [],
            "route_key": "POST /api/partner/complete-registration",
            "route_response_selection_expression": "",
            "target": "integrations/mbo1rpq"
          },
          "sensitive_attributes": [],
          "identity_schema_version": 0,
          "private": "eyJzY2hlbWFfdmVyc2lvbiI6IjAifQ=="
        }
      ]
    },
    {
      "mode": "managed",
      "type": "aws_apigatewayv2_route",
      "name": "partner_registration_info",
      "provider": "provider[\"registry.terraform.io/hashicorp/aws\"]",
      "instances": [
        {
          "schema_version": 0,
          "attributes": {
            "api_id": "lql1qfmdua",
            "api_key_required": false,
            "authorization_scopes": [],
            "authorization_type": "NONE",
            "authorizer_id": "",
            "id": "jskd2tg",
            "model_selection_expression": "",
            "operation_name": "",
            "request_models": {},
            "request_parameter": [],
            "route_key": "GET /api/partner/registration-info",
            "route_response_selection_expression": "",
            "target": "integrations/mbo1rpq"
          },
          "sensitive_attributes": [],
          "identity_schema_version": 0,
          "private": "eyJzY2hlbWFfdmVyc2lvbiI6IjAifQ=="
        }
      ]
    },
    {
      "mode": "managed",
      "type": "aws_apigatewayv2_route",
      "name": "partner_request_access",
      "provider": "provider[\"registry.terraform.io/hashicorp/aws\"]",
      "instances": [
        {
          "schema_version": 0,
          "attributes": {
            "api_id": "lql1qfmdua",
            "api_key_required": false,
            "authorization_scopes": [],
            "authorization_type": "NONE",
            "authorizer_id": "",
            "id": "crygjlg",
            "model_selection_expression": "",
            "operation_name": "",
            "request_models": {},
            "request_parameter": [],
            "route_key": "POST /api/partner/request-access",
            "route_response_selection_expression": "",
            "target": "integrations/mbo1rpq"
          },
          "sensitive_attributes": [],
          "identity_schema_version": 0,
          "private": "eyJzY2hlbWFfdmVyc2lvbiI6IjAifQ=="
        }
      ]
    },
    {
      "mode": "managed",
      "type": "aws_apigatewayv2_route",
      "name": "protected",
      "provider": "provider[\"registry.terraform.io/hashicorp/aws\"]",
      "instances": [
        {
          "index_key": "DELETE /api/company/users/{userId}",
          "schema_version": 0,
          "attributes": {
            "api_id": "lql1qfmdua",
            "api_key_required": false,
            "authorization_scopes": [],
            "authorization_type": "JWT",
            "authorizer_id": "w03hoi",
            "id": "a2jvx8v",
            "model_selection_expression": "",
            "operation_name": "",
            "request_models": {},
            "request_parameter": [],
            "route_key": "DELETE /api/company/users/{userId}",
            "route_response_selection_expression": "",
            "target": "integrations/mbo1rpq"
          },
          "sensitive_attributes": [],
          "identity_schema_version": 0,
          "private": "eyJzY2hlbWFfdmVyc2lvbiI6IjAifQ=="
        },
        {
          "index_key": "DELETE /api/documents/{documentId}",
          "schema_version": 0,
          "attributes": {
            "api_id": "lql1qfmdua",
            "api_key_required": false,
            "authorization_scopes": [],
            "authorization_type": "JWT",
            "authorizer_id": "w03hoi",
            "id": "g0ns5cj",
            "model_selection_expression": "",
            "operation_name": "",
            "request_models": {},
            "request_parameter": [],
            "route_key": "DELETE /api/documents/{documentId}",
            "route_response_selection_expression": "",
            "target": "integrations/mbo1rpq"
          },
          "sensitive_attributes": [],
          "identity_schema_version": 0,
          "private": "bnVsbA==",
          "dependencies": [
            "aws_apigatewayv2_authorizer.cognito",
            "aws_apigatewayv2_integration.saas_api",
            "aws_cloudwatch_log_group.doc_assemble",
            "aws_cloudwatch_log_group.doc_assemble_ctx",
            "aws_cloudwatch_log_group.doc_generate_slot",
            "aws_cloudwatch_log_group.doc_persist",
            "aws_cloudwatch_log_group.doc_validate",
            "aws_cloudwatch_log_group.lambda_api",
            "aws_cloudwatch_log_group.sfn_doc_pipeline",
            "aws_cognito_user_pool.actify",
            "aws_cognito_user_pool_client.actify_app",
            "aws_dynamodb_table.ai_systems",
            "aws_dynamodb_table.audit",
            "aws_dynamodb_table.companies",
            "aws_dynamodb_table.company_users",
            "aws_dynamodb_table.compliance_checks",
            "aws_dynamodb_table.doc_generations",
            "aws_dynamodb_table.doc_schemas",
            "aws_dynamodb_table.documents",
            "aws_dynamodb_table.literacy",
            "aws_dynamodb_table.partner_pmi",
            "aws_dynamodb_table.partners",
            "aws_iam_policy.doc_pipeline",
            "aws_iam_policy.lambda_api",
            "aws_iam_policy.sfn_doc_pipeline",
            "aws_iam_role.doc_pipeline",
            "aws_iam_role.lambda_api",
            "aws_iam_role.sfn_doc_pipeline",
            "aws_iam_role_policy_attachment.doc_pipeline",
            "aws_iam_role_policy_attachment.lambda_api",
            "aws_iam_role_policy_attachment.sfn_doc_pipeline",
            "aws_lambda_function.doc_assemble",
            "aws_lambda_function.doc_assemble_ctx",
            "aws_lambda_function.doc_generate_slot",
            "aws_lambda_function.doc_persist",
            "aws_lambda_function.doc_validate",
            "aws_lambda_function.saas_api",
            "aws_s3_bucket.actify_documents",
            "aws_sfn_state_machine.doc_generation",
            "data.archive_file.doc_pipeline_stub",
            "data.archive_file.lambda_api_stub",
            "data.aws_apigatewayv2_api.main",
            "data.aws_caller_identity.current",
            "data.aws_iam_policy_document.api_assume_role",
            "data.aws_iam_policy_document.api_permissions"
          ]
        },
        {
          "index_key": "DELETE /api/literacy/{systemId}/profiles/{profileId}/evidence/{evidenceId}",
          "schema_version": 0,
          "attributes": {
            "api_id": "lql1qfmdua",
            "api_key_required": false,
            "authorization_scopes": [],
            "authorization_type": "JWT",
            "authorizer_id": "w03hoi",
            "id": "fat5qvl",
            "model_selection_expression": "",
            "operation_name": "",
            "request_models": {},
            "request_parameter": [],
            "route_key": "DELETE /api/literacy/{systemId}/profiles/{profileId}/evidence/{evidenceId}",
            "route_response_selection_expression": "",
            "target": "integrations/mbo1rpq"
          },
          "sensitive_attributes": [],
          "identity_schema_version": 0,
          "private": "eyJzY2hlbWFfdmVyc2lvbiI6IjAifQ=="
        },
        {
          "index_key": "DELETE /api/partner/pmi/{pmiId}",
          "schema_version": 0,
          "attributes": {
            "api_id": "lql1qfmdua",
            "api_key_required": false,
            "authorization_scopes": [],
            "authorization_type": "JWT",
            "authorizer_id": "w03hoi",
            "id": "ruem8fk",
            "model_selection_expression": "",
            "operation_name": "",
            "request_models": {},
            "request_parameter": [],
            "route_key": "DELETE /api/partner/pmi/{pmiId}",
            "route_response_selection_expression": "",
            "target": "integrations/mbo1rpq"
          },
          "sensitive_attributes": [],
          "identity_schema_version": 0,
          "private": "bnVsbA==",
          "dependencies": [
            "aws_apigatewayv2_authorizer.cognito",
            "aws_apigatewayv2_integration.saas_api",
            "aws_cloudwatch_log_group.doc_assemble",
            "aws_cloudwatch_log_group.doc_assemble_ctx",
            "aws_cloudwatch_log_group.doc_generate_slot",
            "aws_cloudwatch_log_group.doc_persist",
            "aws_cloudwatch_log_group.doc_validate",
            "aws_cloudwatch_log_group.lambda_api",
            "aws_cloudwatch_log_group.sfn_doc_pipeline",
            "aws_cognito_user_pool.actify",
            "aws_cognito_user_pool_client.actify_app",
            "aws_dynamodb_table.ai_systems",
            "aws_dynamodb_table.audit",
            "aws_dynamodb_table.companies",
            "aws_dynamodb_table.company_users",
            "aws_dynamodb_table.compliance_checks",
            "aws_dynamodb_table.doc_generations",
            "aws_dynamodb_table.doc_schemas",
            "aws_dynamodb_table.documents",
            "aws_dynamodb_table.literacy",
            "aws_dynamodb_table.partner_pmi",
            "aws_dynamodb_table.partners",
            "aws_iam_policy.doc_pipeline",
            "aws_iam_policy.lambda_api",
            "aws_iam_policy.sfn_doc_pipeline",
            "aws_iam_role.doc_pipeline",
            "aws_iam_role.lambda_api",
            "aws_iam_role.sfn_doc_pipeline",
            "aws_iam_role_policy_attachment.doc_pipeline",
            "aws_iam_role_policy_attachment.lambda_api",
            "aws_iam_role_policy_attachment.sfn_doc_pipeline",
            "aws_lambda_function.doc_assemble",
            "aws_lambda_function.doc_assemble_ctx",
            "aws_lambda_function.doc_generate_slot",
            "aws_lambda_function.doc_persist",
            "aws_lambda_function.doc_validate",
            "aws_lambda_function.saas_api",
            "aws_s3_bucket.actify_documents",
            "aws_sfn_state_machine.doc_generation",
            "data.archive_file.doc_pipeline_stub",
            "data.archive_file.lambda_api_stub",
            "data.aws_apigatewayv2_api.main",
            "data.aws_caller_identity.current",
            "data.aws_iam_policy_document.api_assume_role",
            "data.aws_iam_policy_document.api_permissions"
          ]
        },
        {
          "index_key": "DELETE /api/systems/{systemId}",
          "schema_version": 0,
          "attributes": {
            "api_id": "lql1qfmdua",
            "api_key_required": false,
            "authorization_scopes": [],
            "authorization_type": "JWT",
            "authorizer_id": "w03hoi",
            "id": "bkjbja6",
            "model_selection_expression": "",
            "operation_name": "",
            "request_models": {},
            "request_parameter": [],
            "route_key": "DELETE /api/systems/{systemId}",
            "route_response_selection_expression": "",
            "target": "integrations/mbo1rpq"
          },
          "sensitive_attributes": [],
          "identity_schema_version": 0,
          "private": "bnVsbA==",
          "dependencies": [
            "aws_apigatewayv2_authorizer.cognito",
            "aws_apigatewayv2_integration.saas_api",
            "aws_cloudwatch_log_group.doc_assemble",
            "aws_cloudwatch_log_group.doc_assemble_ctx",
            "aws_cloudwatch_log_group.doc_generate_slot",
            "aws_cloudwatch_log_group.doc_persist",
            "aws_cloudwatch_log_group.doc_validate",
            "aws_cloudwatch_log_group.lambda_api",
            "aws_cloudwatch_log_group.sfn_doc_pipeline",
            "aws_cognito_user_pool.actify",
            "aws_cognito_user_pool_client.actify_app",
            "aws_dynamodb_table.ai_systems",
            "aws_dynamodb_table.audit",
            "aws_dynamodb_table.companies",
            "aws_dynamodb_table.company_users",
            "aws_dynamodb_table.compliance_checks",
            "aws_dynamodb_table.doc_generations",
            "aws_dynamodb_table.doc_schemas",
            "aws_dynamodb_table.documents",
            "aws_dynamodb_table.literacy",
            "aws_dynamodb_table.partner_pmi",
            "aws_dynamodb_table.partners",
            "aws_iam_policy.doc_pipeline",
            "aws_iam_policy.lambda_api",
            "aws_iam_policy.sfn_doc_pipeline",
            "aws_iam_role.doc_pipeline",
            "aws_iam_role.lambda_api",
            "aws_iam_role.sfn_doc_pipeline",
            "aws_iam_role_policy_attachment.doc_pipeline",
            "aws_iam_role_policy_attachment.lambda_api",
            "aws_iam_role_policy_attachment.sfn_doc_pipeline",
            "aws_lambda_function.doc_assemble",
            "aws_lambda_function.doc_assemble_ctx",
            "aws_lambda_function.doc_generate_slot",
            "aws_lambda_function.doc_persist",
            "aws_lambda_function.doc_validate",
            "aws_lambda_function.saas_api",
            "aws_s3_bucket.actify_documents",
            "aws_sfn_state_machine.doc_generation",
            "data.archive_file.doc_pipeline_stub",
            "data.archive_file.lambda_api_stub",
            "data.aws_apigatewayv2_api.main",
            "data.aws_caller_identity.current",
            "data.aws_iam_policy_document.api_assume_role",
            "data.aws_iam_policy_document.api_permissions"
          ]
        },
        {
          "index_key": "GET /api/audit-trail",
          "schema_version": 0,
          "attributes": {
            "api_id": "lql1qfmdua",
            "api_key_required": false,
            "authorization_scopes": [],
            "authorization_type": "JWT",
            "authorizer_id": "w03hoi",
            "id": "sp1r6lc",
            "model_selection_expression": "",
            "operation_name": "",
            "request_models": {},
            "request_parameter": [],
            "route_key": "GET /api/audit-trail",
            "route_response_selection_expression": "",
            "target": "integrations/mbo1rpq"
          },
          "sensitive_attributes": [],
          "identity_schema_version": 0,
          "private": "eyJzY2hlbWFfdmVyc2lvbiI6IjAifQ=="
        },
        {
          "index_key": "GET /api/company",
          "schema_version": 0,
          "attributes": {
            "api_id": "lql1qfmdua",
            "api_key_required": false,
            "authorization_scopes": [],
            "authorization_type": "JWT",
            "authorizer_id": "w03hoi",
            "id": "b49uopf",
            "model_selection_expression": "",
            "operation_name": "",
            "request_models": {},
            "request_parameter": [],
            "route_key": "GET /api/company",
            "route_response_selection_expression": "",
            "target": "integrations/mbo1rpq"
          },
          "sensitive_attributes": [],
          "identity_schema_version": 0,
          "private": "eyJzY2hlbWFfdmVyc2lvbiI6IjAifQ=="
        },
        {
          "index_key": "GET /api/company/document-generations",
          "schema_version": 0,
          "attributes": {
            "api_id": "lql1qfmdua",
            "api_key_required": false,
            "authorization_scopes": [],
            "authorization_type": "JWT",
            "authorizer_id": "w03hoi",
            "id": "8njnnjq",
            "model_selection_expression": "",
            "operation_name": "",
            "request_models": {},
            "request_parameter": [],
            "route_key": "GET /api/company/document-generations",
            "route_response_selection_expression": "",
            "target": "integrations/mbo1rpq"
          },
          "sensitive_attributes": [],
          "identity_schema_version": 0,
          "private": "eyJzY2hlbWFfdmVyc2lvbiI6IjAifQ=="
        },
        {
          "index_key": "GET /api/company/documents",
          "schema_version": 0,
          "attributes": {
            "api_id": "lql1qfmdua",
            "api_key_required": false,
            "authorization_scopes": [],
            "authorization_type": "JWT",
            "authorizer_id": "w03hoi",
            "id": "ut5qznp",
            "model_selection_expression": "",
            "operation_name": "",
            "request_models": {},
            "request_parameter": [],
            "route_key": "GET /api/company/documents",
            "route_response_selection_expression": "",
            "target": "integrations/mbo1rpq"
          },
          "sensitive_attributes": [],
          "identity_schema_version": 0,
          "private": "eyJzY2hlbWFfdmVyc2lvbiI6IjAifQ=="
        },
        {
          "index_key": "GET /api/company/users",
          "schema_version": 0,
          "attributes": {
            "api_id": "lql1qfmdua",
            "api_key_required": false,
            "authorization_scopes": [],
            "authorization_type": "JWT",
            "authorizer_id": "w03hoi",
            "id": "3ecw23f",
            "model_selection_expression": "",
            "operation_name": "",
            "request_models": {},
            "request_parameter": [],
            "route_key": "GET /api/company/users",
            "route_response_selection_expression": "",
            "target": "integrations/mbo1rpq"
          },
          "sensitive_attributes": [],
          "identity_schema_version": 0,
          "private": "eyJzY2hlbWFfdmVyc2lvbiI6IjAifQ=="
        },
        {
          "index_key": "GET /api/document-generations/{generationId}",
          "schema_version": 0,
          "attributes": {
            "api_id": "lql1qfmdua",
            "api_key_required": false,
            "authorization_scopes": [],
            "authorization_type": "JWT",
            "authorizer_id": "w03hoi",
            "id": "9b10fh7",
            "model_selection_expression": "",
            "operation_name": "",
            "request_models": {},
            "request_parameter": [],
            "route_key": "GET /api/document-generations/{generationId}",
            "route_response_selection_expression": "",
            "target": "integrations/mbo1rpq"
          },
          "sensitive_attributes": [],
          "identity_schema_version": 0,
          "private": "eyJzY2hlbWFfdmVyc2lvbiI6IjAifQ=="
        },
        {
          "index_key": "GET /api/documents/{documentId}",
          "schema_version": 0,
          "attributes": {
            "api_id": "lql1qfmdua",
            "api_key_required": false,
            "authorization_scopes": [],
            "authorization_type": "JWT",
            "authorizer_id": "w03hoi",
            "id": "ac9zjlr",
            "model_selection_expression": "",
            "operation_name": "",
            "request_models": {},
            "request_parameter": [],
            "route_key": "GET /api/documents/{documentId}",
            "route_response_selection_expression": "",
            "target": "integrations/mbo1rpq"
          },
          "sensitive_attributes": [],
          "identity_schema_version": 0,
          "private": "bnVsbA==",
          "dependencies": [
            "aws_apigatewayv2_authorizer.cognito",
            "aws_apigatewayv2_integration.saas_api",
            "aws_cloudwatch_log_group.doc_assemble",
            "aws_cloudwatch_log_group.doc_assemble_ctx",
            "aws_cloudwatch_log_group.doc_generate_slot",
            "aws_cloudwatch_log_group.doc_persist",
            "aws_cloudwatch_log_group.doc_validate",
            "aws_cloudwatch_log_group.lambda_api",
            "aws_cloudwatch_log_group.sfn_doc_pipeline",
            "aws_cognito_user_pool.actify",
            "aws_cognito_user_pool_client.actify_app",
            "aws_dynamodb_table.ai_systems",
            "aws_dynamodb_table.audit",
            "aws_dynamodb_table.companies",
            "aws_dynamodb_table.company_users",
            "aws_dynamodb_table.compliance_checks",
            "aws_dynamodb_table.doc_generations",
            "aws_dynamodb_table.doc_schemas",
            "aws_dynamodb_table.documents",
            "aws_dynamodb_table.literacy",
            "aws_dynamodb_table.partner_pmi",
            "aws_dynamodb_table.partners",
            "aws_iam_policy.doc_pipeline",
            "aws_iam_policy.lambda_api",
            "aws_iam_policy.sfn_doc_pipeline",
            "aws_iam_role.doc_pipeline",
            "aws_iam_role.lambda_api",
            "aws_iam_role.sfn_doc_pipeline",
            "aws_iam_role_policy_attachment.doc_pipeline",
            "aws_iam_role_policy_attachment.lambda_api",
            "aws_iam_role_policy_attachment.sfn_doc_pipeline",
            "aws_lambda_function.doc_assemble",
            "aws_lambda_function.doc_assemble_ctx",
            "aws_lambda_function.doc_generate_slot",
            "aws_lambda_function.doc_persist",
            "aws_lambda_function.doc_validate",
            "aws_lambda_function.saas_api",
            "aws_s3_bucket.actify_documents",
            "aws_sfn_state_machine.doc_generation",
            "data.archive_file.doc_pipeline_stub",
            "data.archive_file.lambda_api_stub",
            "data.aws_apigatewayv2_api.main",
            "data.aws_caller_identity.current",
            "data.aws_iam_policy_document.api_assume_role",
            "data.aws_iam_policy_document.api_permissions"
          ]
        },
        {
          "index_key": "GET /api/literacy",
          "schema_version": 0,
          "attributes": {
            "api_id": "lql1qfmdua",
            "api_key_required": false,
            "authorization_scopes": [],
            "authorization_type": "JWT",
            "authorizer_id": "w03hoi",
            "id": "o17t7lq",
            "model_selection_expression": "",
            "operation_name": "",
            "request_models": {},
            "request_parameter": [],
            "route_key": "GET /api/literacy",
            "route_response_selection_expression": "",
            "target": "integrations/mbo1rpq"
          },
          "sensitive_attributes": [],
          "identity_schema_version": 0,
          "private": "bnVsbA==",
          "dependencies": [
            "aws_apigatewayv2_authorizer.cognito",
            "aws_apigatewayv2_integration.saas_api",
            "aws_cloudwatch_log_group.doc_assemble",
            "aws_cloudwatch_log_group.doc_assemble_ctx",
            "aws_cloudwatch_log_group.doc_generate_slot",
            "aws_cloudwatch_log_group.doc_persist",
            "aws_cloudwatch_log_group.doc_validate",
            "aws_cloudwatch_log_group.lambda_api",
            "aws_cloudwatch_log_group.sfn_doc_pipeline",
            "aws_cognito_user_pool.actify",
            "aws_cognito_user_pool_client.actify_app",
            "aws_dynamodb_table.ai_systems",
            "aws_dynamodb_table.audit",
            "aws_dynamodb_table.companies",
            "aws_dynamodb_table.company_users",
            "aws_dynamodb_table.compliance_checks",
            "aws_dynamodb_table.doc_generations",
            "aws_dynamodb_table.doc_schemas",
            "aws_dynamodb_table.documents",
            "aws_dynamodb_table.literacy",
            "aws_dynamodb_table.partner_pmi",
            "aws_dynamodb_table.partners",
            "aws_iam_policy.doc_pipeline",
            "aws_iam_policy.lambda_api",
            "aws_iam_policy.sfn_doc_pipeline",
            "aws_iam_role.doc_pipeline",
            "aws_iam_role.lambda_api",
            "aws_iam_role.sfn_doc_pipeline",
            "aws_iam_role_policy_attachment.doc_pipeline",
            "aws_iam_role_policy_attachment.lambda_api",
            "aws_iam_role_policy_attachment.sfn_doc_pipeline",
            "aws_lambda_function.doc_assemble",
            "aws_lambda_function.doc_assemble_ctx",
            "aws_lambda_function.doc_generate_slot",
            "aws_lambda_function.doc_persist",
            "aws_lambda_function.doc_validate",
            "aws_lambda_function.saas_api",
            "aws_s3_bucket.actify_documents",
            "aws_sfn_state_machine.doc_generation",
            "data.archive_file.doc_pipeline_stub",
            "data.archive_file.lambda_api_stub",
            "data.aws_apigatewayv2_api.main",
            "data.aws_caller_identity.current",
            "data.aws_iam_policy_document.api_assume_role",
            "data.aws_iam_policy_document.api_permissions"
          ]
        },
        {
          "index_key": "GET /api/literacy/suggestions/{systemId}/{profileType}",
          "schema_version": 0,
          "attributes": {
            "api_id": "lql1qfmdua",
            "api_key_required": false,
            "authorization_scopes": [],
            "authorization_type": "JWT",
            "authorizer_id": "w03hoi",
            "id": "7tnh2qj",
            "model_selection_expression": "",
            "operation_name": "",
            "request_models": {},
            "request_parameter": [],
            "route_key": "GET /api/literacy/suggestions/{systemId}/{profileType}",
            "route_response_selection_expression": "",
            "target": "integrations/mbo1rpq"
          },
          "sensitive_attributes": [],
          "identity_schema_version": 0,
          "private": "eyJzY2hlbWFfdmVyc2lvbiI6IjAifQ=="
        },
        {
          "index_key": "GET /api/literacy/{systemId}/profiles",
          "schema_version": 0,
          "attributes": {
            "api_id": "lql1qfmdua",
            "api_key_required": false,
            "authorization_scopes": [],
            "authorization_type": "JWT",
            "authorizer_id": "w03hoi",
            "id": "qn1szug",
            "model_selection_expression": "",
            "operation_name": "",
            "request_models": {},
            "request_parameter": [],
            "route_key": "GET /api/literacy/{systemId}/profiles",
            "route_response_selection_expression": "",
            "target": "integrations/mbo1rpq"
          },
          "sensitive_attributes": [],
          "identity_schema_version": 0,
          "private": "eyJzY2hlbWFfdmVyc2lvbiI6IjAifQ=="
        },
        {
          "index_key": "GET /api/literacy/{systemId}/report",
          "schema_version": 0,
          "attributes": {
            "api_id": "lql1qfmdua",
            "api_key_required": false,
            "authorization_scopes": [],
            "authorization_type": "JWT",
            "authorizer_id": "w03hoi",
            "id": "niijkst",
            "model_selection_expression": "",
            "operation_name": "",
            "request_models": {},
            "request_parameter": [],
            "route_key": "GET /api/literacy/{systemId}/report",
            "route_response_selection_expression": "",
            "target": "integrations/mbo1rpq"
          },
          "sensitive_attributes": [],
          "identity_schema_version": 0,
          "private": "eyJzY2hlbWFfdmVyc2lvbiI6IjAifQ=="
        },
        {
          "index_key": "GET /api/partner/inventory",
          "schema_version": 0,
          "attributes": {
            "api_id": "lql1qfmdua",
            "api_key_required": false,
            "authorization_scopes": [],
            "authorization_type": "JWT",
            "authorizer_id": "w03hoi",
            "id": "ldmbjx0",
            "model_selection_expression": "",
            "operation_name": "",
            "request_models": {},
            "request_parameter": [],
            "route_key": "GET /api/partner/inventory",
            "route_response_selection_expression": "",
            "target": "integrations/mbo1rpq"
          },
          "sensitive_attributes": [],
          "identity_schema_version": 0,
          "private": "bnVsbA==",
          "dependencies": [
            "aws_apigatewayv2_authorizer.cognito",
            "aws_apigatewayv2_integration.saas_api",
            "aws_cloudwatch_log_group.doc_assemble",
            "aws_cloudwatch_log_group.doc_assemble_ctx",
            "aws_cloudwatch_log_group.doc_generate_slot",
            "aws_cloudwatch_log_group.doc_persist",
            "aws_cloudwatch_log_group.doc_validate",
            "aws_cloudwatch_log_group.lambda_api",
            "aws_cloudwatch_log_group.sfn_doc_pipeline",
            "aws_cognito_user_pool.actify",
            "aws_cognito_user_pool_client.actify_app",
            "aws_dynamodb_table.ai_systems",
            "aws_dynamodb_table.audit",
            "aws_dynamodb_table.companies",
            "aws_dynamodb_table.company_users",
            "aws_dynamodb_table.compliance_checks",
            "aws_dynamodb_table.doc_generations",
            "aws_dynamodb_table.doc_schemas",
            "aws_dynamodb_table.documents",
            "aws_dynamodb_table.literacy",
            "aws_dynamodb_table.partner_pmi",
            "aws_dynamodb_table.partners",
            "aws_iam_policy.doc_pipeline",
            "aws_iam_policy.lambda_api",
            "aws_iam_policy.sfn_doc_pipeline",
            "aws_iam_role.doc_pipeline",
            "aws_iam_role.lambda_api",
            "aws_iam_role.sfn_doc_pipeline",
            "aws_iam_role_policy_attachment.doc_pipeline",
            "aws_iam_role_policy_attachment.lambda_api",
            "aws_iam_role_policy_attachment.sfn_doc_pipeline",
            "aws_lambda_function.doc_assemble",
            "aws_lambda_function.doc_assemble_ctx",
            "aws_lambda_function.doc_generate_slot",
            "aws_lambda_function.doc_persist",
            "aws_lambda_function.doc_validate",
            "aws_lambda_function.saas_api",
            "aws_s3_bucket.actify_documents",
            "aws_sfn_state_machine.doc_generation",
            "data.archive_file.doc_pipeline_stub",
            "data.archive_file.lambda_api_stub",
            "data.aws_apigatewayv2_api.main",
            "data.aws_caller_identity.current",
            "data.aws_iam_policy_document.api_assume_role",
            "data.aws_iam_policy_document.api_permissions"
          ]
        },
        {
          "index_key": "GET /api/partner/inventory/{pmiId}",
          "schema_version": 0,
          "attributes": {
            "api_id": "lql1qfmdua",
            "api_key_required": false,
            "authorization_scopes": [],
            "authorization_type": "JWT",
            "authorizer_id": "w03hoi",
            "id": "2dvxrfk",
            "model_selection_expression": "",
            "operation_name": "",
            "request_models": {},
            "request_parameter": [],
            "route_key": "GET /api/partner/inventory/{pmiId}",
            "route_response_selection_expression": "",
            "target": "integrations/mbo1rpq"
          },
          "sensitive_attributes": [],
          "identity_schema_version": 0,
          "private": "bnVsbA==",
          "dependencies": [
            "aws_apigatewayv2_authorizer.cognito",
            "aws_apigatewayv2_integration.saas_api",
            "aws_cloudwatch_log_group.doc_assemble",
            "aws_cloudwatch_log_group.doc_assemble_ctx",
            "aws_cloudwatch_log_group.doc_generate_slot",
            "aws_cloudwatch_log_group.doc_persist",
            "aws_cloudwatch_log_group.doc_validate",
            "aws_cloudwatch_log_group.lambda_api",
            "aws_cloudwatch_log_group.sfn_doc_pipeline",
            "aws_cognito_user_pool.actify",
            "aws_cognito_user_pool_client.actify_app",
            "aws_dynamodb_table.ai_systems",
            "aws_dynamodb_table.audit",
            "aws_dynamodb_table.companies",
            "aws_dynamodb_table.company_users",
            "aws_dynamodb_table.compliance_checks",
            "aws_dynamodb_table.doc_generations",
            "aws_dynamodb_table.doc_schemas",
            "aws_dynamodb_table.documents",
            "aws_dynamodb_table.literacy",
            "aws_dynamodb_table.partner_pmi",
            "aws_dynamodb_table.partners",
            "aws_iam_policy.doc_pipeline",
            "aws_iam_policy.lambda_api",
            "aws_iam_policy.sfn_doc_pipeline",
            "aws_iam_role.doc_pipeline",
            "aws_iam_role.lambda_api",
            "aws_iam_role.sfn_doc_pipeline",
            "aws_iam_role_policy_attachment.doc_pipeline",
            "aws_iam_role_policy_attachment.lambda_api",
            "aws_iam_role_policy_attachment.sfn_doc_pipeline",
            "aws_lambda_function.doc_assemble",
            "aws_lambda_function.doc_assemble_ctx",
            "aws_lambda_function.doc_generate_slot",
            "aws_lambda_function.doc_persist",
            "aws_lambda_function.doc_validate",
            "aws_lambda_function.saas_api",
            "aws_s3_bucket.actify_documents",
            "aws_sfn_state_machine.doc_generation",
            "data.archive_file.doc_pipeline_stub",
            "data.archive_file.lambda_api_stub",
            "data.aws_apigatewayv2_api.main",
            "data.aws_caller_identity.current",
            "data.aws_iam_policy_document.api_assume_role",
            "data.aws_iam_policy_document.api_permissions"
          ]
        },
        {
          "index_key": "GET /api/partner/inventory/{pmiId}/systems/{systemId}",
          "schema_version": 0,
          "attributes": {
            "api_id": "lql1qfmdua",
            "api_key_required": false,
            "authorization_scopes": [],
            "authorization_type": "JWT",
            "authorizer_id": "w03hoi",
            "id": "idwcdml",
            "model_selection_expression": "",
            "operation_name": "",
            "request_models": {},
            "request_parameter": [],
            "route_key": "GET /api/partner/inventory/{pmiId}/systems/{systemId}",
            "route_response_selection_expression": "",
            "target": "integrations/mbo1rpq"
          },
          "sensitive_attributes": [],
          "identity_schema_version": 0,
          "private": "bnVsbA==",
          "dependencies": [
            "aws_apigatewayv2_authorizer.cognito",
            "aws_apigatewayv2_integration.saas_api",
            "aws_cloudwatch_log_group.doc_assemble",
            "aws_cloudwatch_log_group.doc_assemble_ctx",
            "aws_cloudwatch_log_group.doc_generate_slot",
            "aws_cloudwatch_log_group.doc_persist",
            "aws_cloudwatch_log_group.doc_validate",
            "aws_cloudwatch_log_group.lambda_api",
            "aws_cloudwatch_log_group.sfn_doc_pipeline",
            "aws_cognito_user_pool.actify",
            "aws_cognito_user_pool_client.actify_app",
            "aws_dynamodb_table.ai_systems",
            "aws_dynamodb_table.audit",
            "aws_dynamodb_table.companies",
            "aws_dynamodb_table.company_users",
            "aws_dynamodb_table.compliance_checks",
            "aws_dynamodb_table.doc_generations",
            "aws_dynamodb_table.doc_schemas",
            "aws_dynamodb_table.documents",
            "aws_dynamodb_table.literacy",
            "aws_dynamodb_table.partner_pmi",
            "aws_dynamodb_table.partners",
            "aws_iam_policy.doc_pipeline",
            "aws_iam_policy.lambda_api",
            "aws_iam_policy.sfn_doc_pipeline",
            "aws_iam_role.doc_pipeline",
            "aws_iam_role.lambda_api",
            "aws_iam_role.sfn_doc_pipeline",
            "aws_iam_role_policy_attachment.doc_pipeline",
            "aws_iam_role_policy_attachment.lambda_api",
            "aws_iam_role_policy_attachment.sfn_doc_pipeline",
            "aws_lambda_function.doc_assemble",
            "aws_lambda_function.doc_assemble_ctx",
            "aws_lambda_function.doc_generate_slot",
            "aws_lambda_function.doc_persist",
            "aws_lambda_function.doc_validate",
            "aws_lambda_function.saas_api",
            "aws_s3_bucket.actify_documents",
            "aws_sfn_state_machine.doc_generation",
            "data.archive_file.doc_pipeline_stub",
            "data.archive_file.lambda_api_stub",
            "data.aws_apigatewayv2_api.main",
            "data.aws_caller_identity.current",
            "data.aws_iam_policy_document.api_assume_role",
            "data.aws_iam_policy_document.api_permissions"
          ]
        },
        {
          "index_key": "GET /api/partner/inventory/{pmiId}/systems/{systemId}/compliance-checks/latest",
          "schema_version": 0,
          "attributes": {
            "api_id": "lql1qfmdua",
            "api_key_required": false,
            "authorization_scopes": [],
            "authorization_type": "JWT",
            "authorizer_id": "w03hoi",
            "id": "mlau9dv",
            "model_selection_expression": "",
            "operation_name": "",
            "request_models": {},
            "request_parameter": [],
            "route_key": "GET /api/partner/inventory/{pmiId}/systems/{systemId}/compliance-checks/latest",
            "route_response_selection_expression": "",
            "target": "integrations/mbo1rpq"
          },
          "sensitive_attributes": [],
          "identity_schema_version": 0,
          "private": "bnVsbA==",
          "dependencies": [
            "aws_apigatewayv2_authorizer.cognito",
            "aws_apigatewayv2_integration.saas_api",
            "aws_cloudwatch_log_group.doc_assemble",
            "aws_cloudwatch_log_group.doc_assemble_ctx",
            "aws_cloudwatch_log_group.doc_generate_slot",
            "aws_cloudwatch_log_group.doc_persist",
            "aws_cloudwatch_log_group.doc_validate",
            "aws_cloudwatch_log_group.lambda_api",
            "aws_cloudwatch_log_group.sfn_doc_pipeline",
            "aws_cognito_user_pool.actify",
            "aws_cognito_user_pool_client.actify_app",
            "aws_dynamodb_table.ai_systems",
            "aws_dynamodb_table.audit",
            "aws_dynamodb_table.companies",
            "aws_dynamodb_table.company_users",
            "aws_dynamodb_table.compliance_checks",
            "aws_dynamodb_table.doc_generations",
            "aws_dynamodb_table.doc_schemas",
            "aws_dynamodb_table.documents",
            "aws_dynamodb_table.literacy",
            "aws_dynamodb_table.partner_pmi",
            "aws_dynamodb_table.partners",
            "aws_iam_policy.doc_pipeline",
            "aws_iam_policy.lambda_api",
            "aws_iam_policy.sfn_doc_pipeline",
            "aws_iam_role.doc_pipeline",
            "aws_iam_role.lambda_api",
            "aws_iam_role.sfn_doc_pipeline",
            "aws_iam_role_policy_attachment.doc_pipeline",
            "aws_iam_role_policy_attachment.lambda_api",
            "aws_iam_role_policy_attachment.sfn_doc_pipeline",
            "aws_lambda_function.doc_assemble",
            "aws_lambda_function.doc_assemble_ctx",
            "aws_lambda_function.doc_generate_slot",
            "aws_lambda_function.doc_persist",
            "aws_lambda_function.doc_validate",
            "aws_lambda_function.saas_api",
            "aws_s3_bucket.actify_documents",
            "aws_sfn_state_machine.doc_generation",
            "data.archive_file.doc_pipeline_stub",
            "data.archive_file.lambda_api_stub",
            "data.aws_apigatewayv2_api.main",
            "data.aws_caller_identity.current",
            "data.aws_iam_policy_document.api_assume_role",
            "data.aws_iam_policy_document.api_permissions"
          ]
        },
        {
          "index_key": "GET /api/partner/me",
          "schema_version": 0,
          "attributes": {
            "api_id": "lql1qfmdua",
            "api_key_required": false,
            "authorization_scopes": [],
            "authorization_type": "JWT",
            "authorizer_id": "w03hoi",
            "id": "lbjiomb",
            "model_selection_expression": "",
            "operation_name": "",
            "request_models": {},
            "request_parameter": [],
            "route_key": "GET /api/partner/me",
            "route_response_selection_expression": "",
            "target": "integrations/mbo1rpq"
          },
          "sensitive_attributes": [],
          "identity_schema_version": 0,
          "private": "bnVsbA==",
          "dependencies": [
            "aws_apigatewayv2_authorizer.cognito",
            "aws_apigatewayv2_integration.saas_api",
            "aws_cloudwatch_log_group.doc_assemble",
            "aws_cloudwatch_log_group.doc_assemble_ctx",
            "aws_cloudwatch_log_group.doc_generate_slot",
            "aws_cloudwatch_log_group.doc_persist",
            "aws_cloudwatch_log_group.doc_validate",
            "aws_cloudwatch_log_group.lambda_api",
            "aws_cloudwatch_log_group.sfn_doc_pipeline",
            "aws_cognito_user_pool.actify",
            "aws_cognito_user_pool_client.actify_app",
            "aws_dynamodb_table.ai_systems",
            "aws_dynamodb_table.audit",
            "aws_dynamodb_table.companies",
            "aws_dynamodb_table.company_users",
            "aws_dynamodb_table.compliance_checks",
            "aws_dynamodb_table.doc_generations",
            "aws_dynamodb_table.doc_schemas",
            "aws_dynamodb_table.documents",
            "aws_dynamodb_table.literacy",
            "aws_dynamodb_table.partner_pmi",
            "aws_dynamodb_table.partners",
            "aws_iam_policy.doc_pipeline",
            "aws_iam_policy.lambda_api",
            "aws_iam_policy.sfn_doc_pipeline",
            "aws_iam_role.doc_pipeline",
            "aws_iam_role.lambda_api",
            "aws_iam_role.sfn_doc_pipeline",
            "aws_iam_role_policy_attachment.doc_pipeline",
            "aws_iam_role_policy_attachment.lambda_api",
            "aws_iam_role_policy_attachment.sfn_doc_pipeline",
            "aws_lambda_function.doc_assemble",
            "aws_lambda_function.doc_assemble_ctx",
            "aws_lambda_function.doc_generate_slot",
            "aws_lambda_function.doc_persist",
            "aws_lambda_function.doc_validate",
            "aws_lambda_function.saas_api",
            "aws_s3_bucket.actify_documents",
            "aws_sfn_state_machine.doc_generation",
            "data.archive_file.doc_pipeline_stub",
            "data.archive_file.lambda_api_stub",
            "data.aws_apigatewayv2_api.main",
            "data.aws_caller_identity.current",
            "data.aws_iam_policy_document.api_assume_role",
            "data.aws_iam_policy_document.api_permissions"
          ]
        },
        {
          "index_key": "GET /api/partner/pmi",
          "schema_version": 0,
          "attributes": {
            "api_id": "lql1qfmdua",
            "api_key_required": false,
            "authorization_scopes": [],
            "authorization_type": "JWT",
            "authorizer_id": "w03hoi",
            "id": "sck7rft",
            "model_selection_expression": "",
            "operation_name": "",
            "request_models": {},
            "request_parameter": [],
            "route_key": "GET /api/partner/pmi",
            "route_response_selection_expression": "",
            "target": "integrations/mbo1rpq"
          },
          "sensitive_attributes": [],
          "identity_schema_version": 0,
          "private": "bnVsbA==",
          "dependencies": [
            "aws_apigatewayv2_authorizer.cognito",
            "aws_apigatewayv2_integration.saas_api",
            "aws_cloudwatch_log_group.doc_assemble",
            "aws_cloudwatch_log_group.doc_assemble_ctx",
            "aws_cloudwatch_log_group.doc_generate_slot",
            "aws_cloudwatch_log_group.doc_persist",
            "aws_cloudwatch_log_group.doc_validate",
            "aws_cloudwatch_log_group.lambda_api",
            "aws_cloudwatch_log_group.sfn_doc_pipeline",
            "aws_cognito_user_pool.actify",
            "aws_cognito_user_pool_client.actify_app",
            "aws_dynamodb_table.ai_systems",
            "aws_dynamodb_table.audit",
            "aws_dynamodb_table.companies",
            "aws_dynamodb_table.company_users",
            "aws_dynamodb_table.compliance_checks",
            "aws_dynamodb_table.doc_generations",
            "aws_dynamodb_table.doc_schemas",
            "aws_dynamodb_table.documents",
            "aws_dynamodb_table.literacy",
            "aws_dynamodb_table.partner_pmi",
            "aws_dynamodb_table.partners",
            "aws_iam_policy.doc_pipeline",
            "aws_iam_policy.lambda_api",
            "aws_iam_policy.sfn_doc_pipeline",
            "aws_iam_role.doc_pipeline",
            "aws_iam_role.lambda_api",
            "aws_iam_role.sfn_doc_pipeline",
            "aws_iam_role_policy_attachment.doc_pipeline",
            "aws_iam_role_policy_attachment.lambda_api",
            "aws_iam_role_policy_attachment.sfn_doc_pipeline",
            "aws_lambda_function.doc_assemble",
            "aws_lambda_function.doc_assemble_ctx",
            "aws_lambda_function.doc_generate_slot",
            "aws_lambda_function.doc_persist",
            "aws_lambda_function.doc_validate",
            "aws_lambda_function.saas_api",
            "aws_s3_bucket.actify_documents",
            "aws_sfn_state_machine.doc_generation",
            "data.archive_file.doc_pipeline_stub",
            "data.archive_file.lambda_api_stub",
            "data.aws_apigatewayv2_api.main",
            "data.aws_caller_identity.current",
            "data.aws_iam_policy_document.api_assume_role",
            "data.aws_iam_policy_document.api_permissions"
          ]
        },
        {
          "index_key": "GET /api/partner/pmi/{pmiId}",
          "schema_version": 0,
          "attributes": {
            "api_id": "lql1qfmdua",
            "api_key_required": false,
            "authorization_scopes": [],
            "authorization_type": "JWT",
            "authorizer_id": "w03hoi",
            "id": "m4et3a8",
            "model_selection_expression": "",
            "operation_name": "",
            "request_models": {},
            "request_parameter": [],
            "route_key": "GET /api/partner/pmi/{pmiId}",
            "route_response_selection_expression": "",
            "target": "integrations/mbo1rpq"
          },
          "sensitive_attributes": [],
          "identity_schema_version": 0,
          "private": "bnVsbA==",
          "dependencies": [
            "aws_apigatewayv2_authorizer.cognito",
            "aws_apigatewayv2_integration.saas_api",
            "aws_cloudwatch_log_group.doc_assemble",
            "aws_cloudwatch_log_group.doc_assemble_ctx",
            "aws_cloudwatch_log_group.doc_generate_slot",
            "aws_cloudwatch_log_group.doc_persist",
            "aws_cloudwatch_log_group.doc_validate",
            "aws_cloudwatch_log_group.lambda_api",
            "aws_cloudwatch_log_group.sfn_doc_pipeline",
            "aws_cognito_user_pool.actify",
            "aws_cognito_user_pool_client.actify_app",
            "aws_dynamodb_table.ai_systems",
            "aws_dynamodb_table.audit",
            "aws_dynamodb_table.companies",
            "aws_dynamodb_table.company_users",
            "aws_dynamodb_table.compliance_checks",
            "aws_dynamodb_table.doc_generations",
            "aws_dynamodb_table.doc_schemas",
            "aws_dynamodb_table.documents",
            "aws_dynamodb_table.literacy",
            "aws_dynamodb_table.partner_pmi",
            "aws_dynamodb_table.partners",
            "aws_iam_policy.doc_pipeline",
            "aws_iam_policy.lambda_api",
            "aws_iam_policy.sfn_doc_pipeline",
            "aws_iam_role.doc_pipeline",
            "aws_iam_role.lambda_api",
            "aws_iam_role.sfn_doc_pipeline",
            "aws_iam_role_policy_attachment.doc_pipeline",
            "aws_iam_role_policy_attachment.lambda_api",
            "aws_iam_role_policy_attachment.sfn_doc_pipeline",
            "aws_lambda_function.doc_assemble",
            "aws_lambda_function.doc_assemble_ctx",
            "aws_lambda_function.doc_generate_slot",
            "aws_lambda_function.doc_persist",
            "aws_lambda_function.doc_validate",
            "aws_lambda_function.saas_api",
            "aws_s3_bucket.actify_documents",
            "aws_sfn_state_machine.doc_generation",
            "data.archive_file.doc_pipeline_stub",
            "data.archive_file.lambda_api_stub",
            "data.aws_apigatewayv2_api.main",
            "data.aws_caller_identity.current",
            "data.aws_iam_policy_document.api_assume_role",
            "data.aws_iam_policy_document.api_permissions"
          ]
        },
        {
          "index_key": "GET /api/systems",
          "schema_version": 0,
          "attributes": {
            "api_id": "lql1qfmdua",
            "api_key_required": false,
            "authorization_scopes": [],
            "authorization_type": "JWT",
            "authorizer_id": "w03hoi",
            "id": "crllymq",
            "model_selection_expression": "",
            "operation_name": "",
            "request_models": {},
            "request_parameter": [],
            "route_key": "GET /api/systems",
            "route_response_selection_expression": "",
            "target": "integrations/mbo1rpq"
          },
          "sensitive_attributes": [],
          "identity_schema_version": 0,
          "private": "eyJzY2hlbWFfdmVyc2lvbiI6IjAifQ=="
        },
        {
          "index_key": "GET /api/systems/{systemId}",
          "schema_version": 0,
          "attributes": {
            "api_id": "lql1qfmdua",
            "api_key_required": false,
            "authorization_scopes": [],
            "authorization_type": "JWT",
            "authorizer_id": "w03hoi",
            "id": "29pe4hl",
            "model_selection_expression": "",
            "operation_name": "",
            "request_models": {},
            "request_parameter": [],
            "route_key": "GET /api/systems/{systemId}",
            "route_response_selection_expression": "",
            "target": "integrations/mbo1rpq"
          },
          "sensitive_attributes": [],
          "identity_schema_version": 0,
          "private": "eyJzY2hlbWFfdmVyc2lvbiI6IjAifQ=="
        },
        {
          "index_key": "GET /api/systems/{systemId}/compliance-checks",
          "schema_version": 0,
          "attributes": {
            "api_id": "lql1qfmdua",
            "api_key_required": false,
            "authorization_scopes": [],
            "authorization_type": "JWT",
            "authorizer_id": "w03hoi",
            "id": "hxwmzu6",
            "model_selection_expression": "",
            "operation_name": "",
            "request_models": {},
            "request_parameter": [],
            "route_key": "GET /api/systems/{systemId}/compliance-checks",
            "route_response_selection_expression": "",
            "target": "integrations/mbo1rpq"
          },
          "sensitive_attributes": [],
          "identity_schema_version": 0,
          "private": "bnVsbA==",
          "dependencies": [
            "aws_apigatewayv2_authorizer.cognito",
            "aws_apigatewayv2_integration.saas_api",
            "aws_cloudwatch_log_group.doc_assemble",
            "aws_cloudwatch_log_group.doc_assemble_ctx",
            "aws_cloudwatch_log_group.doc_generate_slot",
            "aws_cloudwatch_log_group.doc_persist",
            "aws_cloudwatch_log_group.doc_validate",
            "aws_cloudwatch_log_group.lambda_api",
            "aws_cloudwatch_log_group.sfn_doc_pipeline",
            "aws_cognito_user_pool.actify",
            "aws_cognito_user_pool_client.actify_app",
            "aws_dynamodb_table.ai_systems",
            "aws_dynamodb_table.audit",
            "aws_dynamodb_table.companies",
            "aws_dynamodb_table.company_users",
            "aws_dynamodb_table.compliance_checks",
            "aws_dynamodb_table.doc_generations",
            "aws_dynamodb_table.doc_schemas",
            "aws_dynamodb_table.documents",
            "aws_dynamodb_table.literacy",
            "aws_dynamodb_table.partner_pmi",
            "aws_dynamodb_table.partners",
            "aws_iam_policy.doc_pipeline",
            "aws_iam_policy.lambda_api",
            "aws_iam_policy.sfn_doc_pipeline",
            "aws_iam_role.doc_pipeline",
            "aws_iam_role.lambda_api",
            "aws_iam_role.sfn_doc_pipeline",
            "aws_iam_role_policy_attachment.doc_pipeline",
            "aws_iam_role_policy_attachment.lambda_api",
            "aws_iam_role_policy_attachment.sfn_doc_pipeline",
            "aws_lambda_function.doc_assemble",
            "aws_lambda_function.doc_assemble_ctx",
            "aws_lambda_function.doc_generate_slot",
            "aws_lambda_function.doc_persist",
            "aws_lambda_function.doc_validate",
            "aws_lambda_function.saas_api",
            "aws_s3_bucket.actify_documents",
            "aws_sfn_state_machine.doc_generation",
            "data.archive_file.doc_pipeline_stub",
            "data.archive_file.lambda_api_stub",
            "data.aws_apigatewayv2_api.main",
            "data.aws_caller_identity.current",
            "data.aws_iam_policy_document.api_assume_role",
            "data.aws_iam_policy_document.api_permissions"
          ]
        },
        {
          "index_key": "GET /api/systems/{systemId}/compliance-checks/latest",
          "schema_version": 0,
          "attributes": {
            "api_id": "lql1qfmdua",
            "api_key_required": false,
            "authorization_scopes": [],
            "authorization_type": "JWT",
            "authorizer_id": "w03hoi",
            "id": "8yowu07",
            "model_selection_expression": "",
            "operation_name": "",
            "request_models": {},
            "request_parameter": [],
            "route_key": "GET /api/systems/{systemId}/compliance-checks/latest",
            "route_response_selection_expression": "",
            "target": "integrations/mbo1rpq"
          },
          "sensitive_attributes": [],
          "identity_schema_version": 0,
          "private": "bnVsbA==",
          "dependencies": [
            "aws_apigatewayv2_authorizer.cognito",
            "aws_apigatewayv2_integration.saas_api",
            "aws_cloudwatch_log_group.doc_assemble",
            "aws_cloudwatch_log_group.doc_assemble_ctx",
            "aws_cloudwatch_log_group.doc_generate_slot",
            "aws_cloudwatch_log_group.doc_persist",
            "aws_cloudwatch_log_group.doc_validate",
            "aws_cloudwatch_log_group.lambda_api",
            "aws_cloudwatch_log_group.sfn_doc_pipeline",
            "aws_cognito_user_pool.actify",
            "aws_cognito_user_pool_client.actify_app",
            "aws_dynamodb_table.ai_systems",
            "aws_dynamodb_table.audit",
            "aws_dynamodb_table.companies",
            "aws_dynamodb_table.company_users",
            "aws_dynamodb_table.compliance_checks",
            "aws_dynamodb_table.doc_generations",
            "aws_dynamodb_table.doc_schemas",
            "aws_dynamodb_table.documents",
            "aws_dynamodb_table.literacy",
            "aws_dynamodb_table.partner_pmi",
            "aws_dynamodb_table.partners",
            "aws_iam_policy.doc_pipeline",
            "aws_iam_policy.lambda_api",
            "aws_iam_policy.sfn_doc_pipeline",
            "aws_iam_role.doc_pipeline",
            "aws_iam_role.lambda_api",
            "aws_iam_role.sfn_doc_pipeline",
            "aws_iam_role_policy_attachment.doc_pipeline",
            "aws_iam_role_policy_attachment.lambda_api",
            "aws_iam_role_policy_attachment.sfn_doc_pipeline",
            "aws_lambda_function.doc_assemble",
            "aws_lambda_function.doc_assemble_ctx",
            "aws_lambda_function.doc_generate_slot",
            "aws_lambda_function.doc_persist",
            "aws_lambda_function.doc_validate",
            "aws_lambda_function.saas_api",
            "aws_s3_bucket.actify_documents",
            "aws_sfn_state_machine.doc_generation",
            "data.archive_file.doc_pipeline_stub",
            "data.archive_file.lambda_api_stub",
            "data.aws_apigatewayv2_api.main",
            "data.aws_caller_identity.current",
            "data.aws_iam_policy_document.api_assume_role",
            "data.aws_iam_policy_document.api_permissions"
          ]
        },
        {
          "index_key": "GET /api/systems/{systemId}/document-generations",
          "schema_version": 0,
          "attributes": {
            "api_id": "lql1qfmdua",
            "api_key_required": false,
            "authorization_scopes": [],
            "authorization_type": "JWT",
            "authorizer_id": "w03hoi",
            "id": "yni5bbk",
            "model_selection_expression": "",
            "operation_name": "",
            "request_models": {},
            "request_parameter": [],
            "route_key": "GET /api/systems/{systemId}/document-generations",
            "route_response_selection_expression": "",
            "target": "integrations/mbo1rpq"
          },
          "sensitive_attributes": [],
          "identity_schema_version": 0,
          "private": "eyJzY2hlbWFfdmVyc2lvbiI6IjAifQ=="
        },
        {
          "index_key": "GET /api/systems/{systemId}/documents",
          "schema_version": 0,
          "attributes": {
            "api_id": "lql1qfmdua",
            "api_key_required": false,
            "authorization_scopes": [],
            "authorization_type": "JWT",
            "authorizer_id": "w03hoi",
            "id": "k91v8zt",
            "model_selection_expression": "",
            "operation_name": "",
            "request_models": {},
            "request_parameter": [],
            "route_key": "GET /api/systems/{systemId}/documents",
            "route_response_selection_expression": "",
            "target": "integrations/mbo1rpq"
          },
          "sensitive_attributes": [],
          "identity_schema_version": 0,
          "private": "bnVsbA==",
          "dependencies": [
            "aws_apigatewayv2_authorizer.cognito",
            "aws_apigatewayv2_integration.saas_api",
            "aws_cloudwatch_log_group.doc_assemble",
            "aws_cloudwatch_log_group.doc_assemble_ctx",
            "aws_cloudwatch_log_group.doc_generate_slot",
            "aws_cloudwatch_log_group.doc_persist",
            "aws_cloudwatch_log_group.doc_validate",
            "aws_cloudwatch_log_group.lambda_api",
            "aws_cloudwatch_log_group.sfn_doc_pipeline",
            "aws_cognito_user_pool.actify",
            "aws_cognito_user_pool_client.actify_app",
            "aws_dynamodb_table.ai_systems",
            "aws_dynamodb_table.audit",
            "aws_dynamodb_table.companies",
            "aws_dynamodb_table.company_users",
            "aws_dynamodb_table.compliance_checks",
            "aws_dynamodb_table.doc_generations",
            "aws_dynamodb_table.doc_schemas",
            "aws_dynamodb_table.documents",
            "aws_dynamodb_table.literacy",
            "aws_dynamodb_table.partner_pmi",
            "aws_dynamodb_table.partners",
            "aws_iam_policy.doc_pipeline",
            "aws_iam_policy.lambda_api",
            "aws_iam_policy.sfn_doc_pipeline",
            "aws_iam_role.doc_pipeline",
            "aws_iam_role.lambda_api",
            "aws_iam_role.sfn_doc_pipeline",
            "aws_iam_role_policy_attachment.doc_pipeline",
            "aws_iam_role_policy_attachment.lambda_api",
            "aws_iam_role_policy_attachment.sfn_doc_pipeline",
            "aws_lambda_function.doc_assemble",
            "aws_lambda_function.doc_assemble_ctx",
            "aws_lambda_function.doc_generate_slot",
            "aws_lambda_function.doc_persist",
            "aws_lambda_function.doc_validate",
            "aws_lambda_function.saas_api",
            "aws_s3_bucket.actify_documents",
            "aws_sfn_state_machine.doc_generation",
            "data.archive_file.doc_pipeline_stub",
            "data.archive_file.lambda_api_stub",
            "data.aws_apigatewayv2_api.main",
            "data.aws_caller_identity.current",
            "data.aws_iam_policy_document.api_assume_role",
            "data.aws_iam_policy_document.api_permissions"
          ]
        },
        {
          "index_key": "PATCH /api/literacy/{systemId}/profiles/{profileId}",
          "schema_version": 0,
          "attributes": {
            "api_id": "lql1qfmdua",
            "api_key_required": false,
            "authorization_scopes": [],
            "authorization_type": "JWT",
            "authorizer_id": "w03hoi",
            "id": "poj4w00",
            "model_selection_expression": "",
            "operation_name": "",
            "request_models": {},
            "request_parameter": [],
            "route_key": "PATCH /api/literacy/{systemId}/profiles/{profileId}",
            "route_response_selection_expression": "",
            "target": "integrations/mbo1rpq"
          },
          "sensitive_attributes": [],
          "identity_schema_version": 0,
          "private": "eyJzY2hlbWFfdmVyc2lvbiI6IjAifQ=="
        },
        {
          "index_key": "POST /api/audit-trail/export",
          "schema_version": 0,
          "attributes": {
            "api_id": "lql1qfmdua",
            "api_key_required": false,
            "authorization_scopes": [],
            "authorization_type": "JWT",
            "authorizer_id": "w03hoi",
            "id": "qf909yt",
            "model_selection_expression": "",
            "operation_name": "",
            "request_models": {},
            "request_parameter": [],
            "route_key": "POST /api/audit-trail/export",
            "route_response_selection_expression": "",
            "target": "integrations/mbo1rpq"
          },
          "sensitive_attributes": [],
          "identity_schema_version": 0,
          "private": "eyJzY2hlbWFfdmVyc2lvbiI6IjAifQ=="
        },
        {
          "index_key": "POST /api/auth/invite",
          "schema_version": 0,
          "attributes": {
            "api_id": "lql1qfmdua",
            "api_key_required": false,
            "authorization_scopes": [],
            "authorization_type": "JWT",
            "authorizer_id": "w03hoi",
            "id": "anut7ah",
            "model_selection_expression": "",
            "operation_name": "",
            "request_models": {},
            "request_parameter": [],
            "route_key": "POST /api/auth/invite",
            "route_response_selection_expression": "",
            "target": "integrations/mbo1rpq"
          },
          "sensitive_attributes": [],
          "identity_schema_version": 0,
          "private": "eyJzY2hlbWFfdmVyc2lvbiI6IjAifQ=="
        },
        {
          "index_key": "POST /api/billing/change-plan",
          "schema_version": 0,
          "attributes": {
            "api_id": "lql1qfmdua",
            "api_key_required": false,
            "authorization_scopes": [],
            "authorization_type": "JWT",
            "authorizer_id": "w03hoi",
            "id": "idml46o",
            "model_selection_expression": "",
            "operation_name": "",
            "request_models": {},
            "request_parameter": [],
            "route_key": "POST /api/billing/change-plan",
            "route_response_selection_expression": "",
            "target": "integrations/mbo1rpq"
          },
          "sensitive_attributes": [],
          "identity_schema_version": 0,
          "private": "eyJzY2hlbWFfdmVyc2lvbiI6IjAifQ=="
        },
        {
          "index_key": "POST /api/billing/checkout",
          "schema_version": 0,
          "attributes": {
            "api_id": "lql1qfmdua",
            "api_key_required": false,
            "authorization_scopes": [],
            "authorization_type": "JWT",
            "authorizer_id": "w03hoi",
            "id": "pj3nlzd",
            "model_selection_expression": "",
            "operation_name": "",
            "request_models": {},
            "request_parameter": [],
            "route_key": "POST /api/billing/checkout",
            "route_response_selection_expression": "",
            "target": "integrations/mbo1rpq"
          },
          "sensitive_attributes": [],
          "identity_schema_version": 0,
          "private": "eyJzY2hlbWFfdmVyc2lvbiI6IjAifQ=="
        },
        {
          "index_key": "POST /api/billing/portal",
          "schema_version": 0,
          "attributes": {
            "api_id": "lql1qfmdua",
            "api_key_required": false,
            "authorization_scopes": [],
            "authorization_type": "JWT",
            "authorizer_id": "w03hoi",
            "id": "jv1qpta",
            "model_selection_expression": "",
            "operation_name": "",
            "request_models": {},
            "request_parameter": [],
            "route_key": "POST /api/billing/portal",
            "route_response_selection_expression": "",
            "target": "integrations/mbo1rpq"
          },
          "sensitive_attributes": [],
          "identity_schema_version": 0,
          "private": "eyJzY2hlbWFfdmVyc2lvbiI6IjAifQ=="
        },
        {
          "index_key": "POST /api/documents/{documentId}/regenerate",
          "schema_version": 0,
          "attributes": {
            "api_id": "lql1qfmdua",
            "api_key_required": false,
            "authorization_scopes": [],
            "authorization_type": "JWT",
            "authorizer_id": "w03hoi",
            "id": "hzt9i20",
            "model_selection_expression": "",
            "operation_name": "",
            "request_models": {},
            "request_parameter": [],
            "route_key": "POST /api/documents/{documentId}/regenerate",
            "route_response_selection_expression": "",
            "target": "integrations/mbo1rpq"
          },
          "sensitive_attributes": [],
          "identity_schema_version": 0,
          "private": "bnVsbA==",
          "dependencies": [
            "aws_apigatewayv2_authorizer.cognito",
            "aws_apigatewayv2_integration.saas_api",
            "aws_cloudwatch_log_group.doc_assemble",
            "aws_cloudwatch_log_group.doc_assemble_ctx",
            "aws_cloudwatch_log_group.doc_generate_slot",
            "aws_cloudwatch_log_group.doc_persist",
            "aws_cloudwatch_log_group.doc_validate",
            "aws_cloudwatch_log_group.lambda_api",
            "aws_cloudwatch_log_group.sfn_doc_pipeline",
            "aws_cognito_user_pool.actify",
            "aws_cognito_user_pool_client.actify_app",
            "aws_dynamodb_table.ai_systems",
            "aws_dynamodb_table.audit",
            "aws_dynamodb_table.companies",
            "aws_dynamodb_table.company_users",
            "aws_dynamodb_table.compliance_checks",
            "aws_dynamodb_table.doc_generations",
            "aws_dynamodb_table.doc_schemas",
            "aws_dynamodb_table.documents",
            "aws_dynamodb_table.literacy",
            "aws_dynamodb_table.partner_pmi",
            "aws_dynamodb_table.partners",
            "aws_iam_policy.doc_pipeline",
            "aws_iam_policy.lambda_api",
            "aws_iam_policy.sfn_doc_pipeline",
            "aws_iam_role.doc_pipeline",
            "aws_iam_role.lambda_api",
            "aws_iam_role.sfn_doc_pipeline",
            "aws_iam_role_policy_attachment.doc_pipeline",
            "aws_iam_role_policy_attachment.lambda_api",
            "aws_iam_role_policy_attachment.sfn_doc_pipeline",
            "aws_lambda_function.doc_assemble",
            "aws_lambda_function.doc_assemble_ctx",
            "aws_lambda_function.doc_generate_slot",
            "aws_lambda_function.doc_persist",
            "aws_lambda_function.doc_validate",
            "aws_lambda_function.saas_api",
            "aws_s3_bucket.actify_documents",
            "aws_sfn_state_machine.doc_generation",
            "data.archive_file.doc_pipeline_stub",
            "data.archive_file.lambda_api_stub",
            "data.aws_apigatewayv2_api.main",
            "data.aws_caller_identity.current",
            "data.aws_iam_policy_document.api_assume_role",
            "data.aws_iam_policy_document.api_permissions"
          ]
        },
        {
          "index_key": "POST /api/documents/{documentId}/reupload",
          "schema_version": 0,
          "attributes": {
            "api_id": "lql1qfmdua",
            "api_key_required": false,
            "authorization_scopes": [],
            "authorization_type": "JWT",
            "authorizer_id": "w03hoi",
            "id": "okm7lbb",
            "model_selection_expression": "",
            "operation_name": "",
            "request_models": {},
            "request_parameter": [],
            "route_key": "POST /api/documents/{documentId}/reupload",
            "route_response_selection_expression": "",
            "target": "integrations/mbo1rpq"
          },
          "sensitive_attributes": [],
          "identity_schema_version": 0,
          "private": "eyJzY2hlbWFfdmVyc2lvbiI6IjAifQ=="
        },
        {
          "index_key": "POST /api/literacy/report/consolidated",
          "schema_version": 0,
          "attributes": {
            "api_id": "lql1qfmdua",
            "api_key_required": false,
            "authorization_scopes": [],
            "authorization_type": "JWT",
            "authorizer_id": "w03hoi",
            "id": "syzn1ba",
            "model_selection_expression": "",
            "operation_name": "",
            "request_models": {},
            "request_parameter": [],
            "route_key": "POST /api/literacy/report/consolidated",
            "route_response_selection_expression": "",
            "target": "integrations/mbo1rpq"
          },
          "sensitive_attributes": [],
          "identity_schema_version": 0,
          "private": "eyJzY2hlbWFfdmVyc2lvbiI6IjAifQ=="
        },
        {
          "index_key": "POST /api/literacy/{systemId}/profiles/{profileId}/evidence",
          "schema_version": 0,
          "attributes": {
            "api_id": "lql1qfmdua",
            "api_key_required": false,
            "authorization_scopes": [],
            "authorization_type": "JWT",
            "authorizer_id": "w03hoi",
            "id": "gpfz8fl",
            "model_selection_expression": "",
            "operation_name": "",
            "request_models": {},
            "request_parameter": [],
            "route_key": "POST /api/literacy/{systemId}/profiles/{profileId}/evidence",
            "route_response_selection_expression": "",
            "target": "integrations/mbo1rpq"
          },
          "sensitive_attributes": [],
          "identity_schema_version": 0,
          "private": "eyJzY2hlbWFfdmVyc2lvbiI6IjAifQ=="
        },
        {
          "index_key": "POST /api/partner/inventory/{pmiId}/systems/{systemId}/compliance-check",
          "schema_version": 0,
          "attributes": {
            "api_id": "lql1qfmdua",
            "api_key_required": false,
            "authorization_scopes": [],
            "authorization_type": "JWT",
            "authorizer_id": "w03hoi",
            "id": "klkl3ma",
            "model_selection_expression": "",
            "operation_name": "",
            "request_models": {},
            "request_parameter": [],
            "route_key": "POST /api/partner/inventory/{pmiId}/systems/{systemId}/compliance-check",
            "route_response_selection_expression": "",
            "target": "integrations/mbo1rpq"
          },
          "sensitive_attributes": [],
          "identity_schema_version": 0,
          "private": "bnVsbA==",
          "dependencies": [
            "aws_apigatewayv2_authorizer.cognito",
            "aws_apigatewayv2_integration.saas_api",
            "aws_cloudwatch_log_group.doc_assemble",
            "aws_cloudwatch_log_group.doc_assemble_ctx",
            "aws_cloudwatch_log_group.doc_generate_slot",
            "aws_cloudwatch_log_group.doc_persist",
            "aws_cloudwatch_log_group.doc_validate",
            "aws_cloudwatch_log_group.lambda_api",
            "aws_cloudwatch_log_group.sfn_doc_pipeline",
            "aws_cognito_user_pool.actify",
            "aws_cognito_user_pool_client.actify_app",
            "aws_dynamodb_table.ai_systems",
            "aws_dynamodb_table.audit",
            "aws_dynamodb_table.companies",
            "aws_dynamodb_table.company_users",
            "aws_dynamodb_table.compliance_checks",
            "aws_dynamodb_table.doc_generations",
            "aws_dynamodb_table.doc_schemas",
            "aws_dynamodb_table.documents",
            "aws_dynamodb_table.literacy",
            "aws_dynamodb_table.partner_pmi",
            "aws_dynamodb_table.partners",
            "aws_iam_policy.doc_pipeline",
            "aws_iam_policy.lambda_api",
            "aws_iam_policy.sfn_doc_pipeline",
            "aws_iam_role.doc_pipeline",
            "aws_iam_role.lambda_api",
            "aws_iam_role.sfn_doc_pipeline",
            "aws_iam_role_policy_attachment.doc_pipeline",
            "aws_iam_role_policy_attachment.lambda_api",
            "aws_iam_role_policy_attachment.sfn_doc_pipeline",
            "aws_lambda_function.doc_assemble",
            "aws_lambda_function.doc_assemble_ctx",
            "aws_lambda_function.doc_generate_slot",
            "aws_lambda_function.doc_persist",
            "aws_lambda_function.doc_validate",
            "aws_lambda_function.saas_api",
            "aws_s3_bucket.actify_documents",
            "aws_sfn_state_machine.doc_generation",
            "data.archive_file.doc_pipeline_stub",
            "data.archive_file.lambda_api_stub",
            "data.aws_apigatewayv2_api.main",
            "data.aws_caller_identity.current",
            "data.aws_iam_policy_document.api_assume_role",
            "data.aws_iam_policy_document.api_permissions"
          ]
        },
        {
          "index_key": "POST /api/partner/pmi",
          "schema_version": 0,
          "attributes": {
            "api_id": "lql1qfmdua",
            "api_key_required": false,
            "authorization_scopes": [],
            "authorization_type": "JWT",
            "authorizer_id": "w03hoi",
            "id": "6x69ui4",
            "model_selection_expression": "",
            "operation_name": "",
            "request_models": {},
            "request_parameter": [],
            "route_key": "POST /api/partner/pmi",
            "route_response_selection_expression": "",
            "target": "integrations/mbo1rpq"
          },
          "sensitive_attributes": [],
          "identity_schema_version": 0,
          "private": "bnVsbA==",
          "dependencies": [
            "aws_apigatewayv2_authorizer.cognito",
            "aws_apigatewayv2_integration.saas_api",
            "aws_cloudwatch_log_group.doc_assemble",
            "aws_cloudwatch_log_group.doc_assemble_ctx",
            "aws_cloudwatch_log_group.doc_generate_slot",
            "aws_cloudwatch_log_group.doc_persist",
            "aws_cloudwatch_log_group.doc_validate",
            "aws_cloudwatch_log_group.lambda_api",
            "aws_cloudwatch_log_group.sfn_doc_pipeline",
            "aws_cognito_user_pool.actify",
            "aws_cognito_user_pool_client.actify_app",
            "aws_dynamodb_table.ai_systems",
            "aws_dynamodb_table.audit",
            "aws_dynamodb_table.companies",
            "aws_dynamodb_table.company_users",
            "aws_dynamodb_table.compliance_checks",
            "aws_dynamodb_table.doc_generations",
            "aws_dynamodb_table.doc_schemas",
            "aws_dynamodb_table.documents",
            "aws_dynamodb_table.literacy",
            "aws_dynamodb_table.partner_pmi",
            "aws_dynamodb_table.partners",
            "aws_iam_policy.doc_pipeline",
            "aws_iam_policy.lambda_api",
            "aws_iam_policy.sfn_doc_pipeline",
            "aws_iam_role.doc_pipeline",
            "aws_iam_role.lambda_api",
            "aws_iam_role.sfn_doc_pipeline",
            "aws_iam_role_policy_attachment.doc_pipeline",
            "aws_iam_role_policy_attachment.lambda_api",
            "aws_iam_role_policy_attachment.sfn_doc_pipeline",
            "aws_lambda_function.doc_assemble",
            "aws_lambda_function.doc_assemble_ctx",
            "aws_lambda_function.doc_generate_slot",
            "aws_lambda_function.doc_persist",
            "aws_lambda_function.doc_validate",
            "aws_lambda_function.saas_api",
            "aws_s3_bucket.actify_documents",
            "aws_sfn_state_machine.doc_generation",
            "data.archive_file.doc_pipeline_stub",
            "data.archive_file.lambda_api_stub",
            "data.aws_apigatewayv2_api.main",
            "data.aws_caller_identity.current",
            "data.aws_iam_policy_document.api_assume_role",
            "data.aws_iam_policy_document.api_permissions"
          ]
        },
        {
          "index_key": "POST /api/partner/pmi/import-csv",
          "schema_version": 0,
          "attributes": {
            "api_id": "lql1qfmdua",
            "api_key_required": false,
            "authorization_scopes": [],
            "authorization_type": "JWT",
            "authorizer_id": "w03hoi",
            "id": "qwnvet6",
            "model_selection_expression": "",
            "operation_name": "",
            "request_models": {},
            "request_parameter": [],
            "route_key": "POST /api/partner/pmi/import-csv",
            "route_response_selection_expression": "",
            "target": "integrations/mbo1rpq"
          },
          "sensitive_attributes": [],
          "identity_schema_version": 0,
          "private": "bnVsbA==",
          "dependencies": [
            "aws_apigatewayv2_authorizer.cognito",
            "aws_apigatewayv2_integration.saas_api",
            "aws_cloudwatch_log_group.doc_assemble",
            "aws_cloudwatch_log_group.doc_assemble_ctx",
            "aws_cloudwatch_log_group.doc_generate_slot",
            "aws_cloudwatch_log_group.doc_persist",
            "aws_cloudwatch_log_group.doc_validate",
            "aws_cloudwatch_log_group.lambda_api",
            "aws_cloudwatch_log_group.sfn_doc_pipeline",
            "aws_cognito_user_pool.actify",
            "aws_cognito_user_pool_client.actify_app",
            "aws_dynamodb_table.ai_systems",
            "aws_dynamodb_table.audit",
            "aws_dynamodb_table.companies",
            "aws_dynamodb_table.company_users",
            "aws_dynamodb_table.compliance_checks",
            "aws_dynamodb_table.doc_generations",
            "aws_dynamodb_table.doc_schemas",
            "aws_dynamodb_table.documents",
            "aws_dynamodb_table.literacy",
            "aws_dynamodb_table.partner_pmi",
            "aws_dynamodb_table.partners",
            "aws_iam_policy.doc_pipeline",
            "aws_iam_policy.lambda_api",
            "aws_iam_policy.sfn_doc_pipeline",
            "aws_iam_role.doc_pipeline",
            "aws_iam_role.lambda_api",
            "aws_iam_role.sfn_doc_pipeline",
            "aws_iam_role_policy_attachment.doc_pipeline",
            "aws_iam_role_policy_attachment.lambda_api",
            "aws_iam_role_policy_attachment.sfn_doc_pipeline",
            "aws_lambda_function.doc_assemble",
            "aws_lambda_function.doc_assemble_ctx",
            "aws_lambda_function.doc_generate_slot",
            "aws_lambda_function.doc_persist",
            "aws_lambda_function.doc_validate",
            "aws_lambda_function.saas_api",
            "aws_s3_bucket.actify_documents",
            "aws_sfn_state_machine.doc_generation",
            "data.archive_file.doc_pipeline_stub",
            "data.archive_file.lambda_api_stub",
            "data.aws_apigatewayv2_api.main",
            "data.aws_caller_identity.current",
            "data.aws_iam_policy_document.api_assume_role",
            "data.aws_iam_policy_document.api_permissions"
          ]
        },
        {
          "index_key": "POST /api/partner/pmi/{pmiId}/pdf",
          "schema_version": 0,
          "attributes": {
            "api_id": "lql1qfmdua",
            "api_key_required": false,
            "authorization_scopes": [],
            "authorization_type": "JWT",
            "authorizer_id": "w03hoi",
            "id": "ayas7te",
            "model_selection_expression": "",
            "operation_name": "",
            "request_models": {},
            "request_parameter": [],
            "route_key": "POST /api/partner/pmi/{pmiId}/pdf",
            "route_response_selection_expression": "",
            "target": "integrations/mbo1rpq"
          },
          "sensitive_attributes": [],
          "identity_schema_version": 0,
          "private": "bnVsbA==",
          "dependencies": [
            "aws_apigatewayv2_authorizer.cognito",
            "aws_apigatewayv2_integration.saas_api",
            "aws_cloudwatch_log_group.doc_assemble",
            "aws_cloudwatch_log_group.doc_assemble_ctx",
            "aws_cloudwatch_log_group.doc_generate_slot",
            "aws_cloudwatch_log_group.doc_persist",
            "aws_cloudwatch_log_group.doc_validate",
            "aws_cloudwatch_log_group.lambda_api",
            "aws_cloudwatch_log_group.sfn_doc_pipeline",
            "aws_cognito_user_pool.actify",
            "aws_cognito_user_pool_client.actify_app",
            "aws_dynamodb_table.ai_systems",
            "aws_dynamodb_table.audit",
            "aws_dynamodb_table.companies",
            "aws_dynamodb_table.company_users",
            "aws_dynamodb_table.compliance_checks",
            "aws_dynamodb_table.doc_generations",
            "aws_dynamodb_table.doc_schemas",
            "aws_dynamodb_table.documents",
            "aws_dynamodb_table.literacy",
            "aws_dynamodb_table.partner_pmi",
            "aws_dynamodb_table.partners",
            "aws_iam_policy.doc_pipeline",
            "aws_iam_policy.lambda_api",
            "aws_iam_policy.sfn_doc_pipeline",
            "aws_iam_role.doc_pipeline",
            "aws_iam_role.lambda_api",
            "aws_iam_role.sfn_doc_pipeline",
            "aws_iam_role_policy_attachment.doc_pipeline",
            "aws_iam_role_policy_attachment.lambda_api",
            "aws_iam_role_policy_attachment.sfn_doc_pipeline",
            "aws_lambda_function.doc_assemble",
            "aws_lambda_function.doc_assemble_ctx",
            "aws_lambda_function.doc_generate_slot",
            "aws_lambda_function.doc_persist",
            "aws_lambda_function.doc_validate",
            "aws_lambda_function.saas_api",
            "aws_s3_bucket.actify_documents",
            "aws_sfn_state_machine.doc_generation",
            "data.archive_file.doc_pipeline_stub",
            "data.archive_file.lambda_api_stub",
            "data.aws_apigatewayv2_api.main",
            "data.aws_caller_identity.current",
            "data.aws_iam_policy_document.api_assume_role",
            "data.aws_iam_policy_document.api_permissions"
          ]
        },
        {
          "index_key": "POST /api/partner/pmi/{pmiId}/send-assessment",
          "schema_version": 0,
          "attributes": {
            "api_id": "lql1qfmdua",
            "api_key_required": false,
            "authorization_scopes": [],
            "authorization_type": "JWT",
            "authorizer_id": "w03hoi",
            "id": "kgjvqx3",
            "model_selection_expression": "",
            "operation_name": "",
            "request_models": {},
            "request_parameter": [],
            "route_key": "POST /api/partner/pmi/{pmiId}/send-assessment",
            "route_response_selection_expression": "",
            "target": "integrations/mbo1rpq"
          },
          "sensitive_attributes": [],
          "identity_schema_version": 0,
          "private": "bnVsbA==",
          "dependencies": [
            "aws_apigatewayv2_authorizer.cognito",
            "aws_apigatewayv2_integration.saas_api",
            "aws_cloudwatch_log_group.doc_assemble",
            "aws_cloudwatch_log_group.doc_assemble_ctx",
            "aws_cloudwatch_log_group.doc_generate_slot",
            "aws_cloudwatch_log_group.doc_persist",
            "aws_cloudwatch_log_group.doc_validate",
            "aws_cloudwatch_log_group.lambda_api",
            "aws_cloudwatch_log_group.sfn_doc_pipeline",
            "aws_cognito_user_pool.actify",
            "aws_cognito_user_pool_client.actify_app",
            "aws_dynamodb_table.ai_systems",
            "aws_dynamodb_table.audit",
            "aws_dynamodb_table.companies",
            "aws_dynamodb_table.company_users",
            "aws_dynamodb_table.compliance_checks",
            "aws_dynamodb_table.doc_generations",
            "aws_dynamodb_table.doc_schemas",
            "aws_dynamodb_table.documents",
            "aws_dynamodb_table.literacy",
            "aws_dynamodb_table.partner_pmi",
            "aws_dynamodb_table.partners",
            "aws_iam_policy.doc_pipeline",
            "aws_iam_policy.lambda_api",
            "aws_iam_policy.sfn_doc_pipeline",
            "aws_iam_role.doc_pipeline",
            "aws_iam_role.lambda_api",
            "aws_iam_role.sfn_doc_pipeline",
            "aws_iam_role_policy_attachment.doc_pipeline",
            "aws_iam_role_policy_attachment.lambda_api",
            "aws_iam_role_policy_attachment.sfn_doc_pipeline",
            "aws_lambda_function.doc_assemble",
            "aws_lambda_function.doc_assemble_ctx",
            "aws_lambda_function.doc_generate_slot",
            "aws_lambda_function.doc_persist",
            "aws_lambda_function.doc_validate",
            "aws_lambda_function.saas_api",
            "aws_s3_bucket.actify_documents",
            "aws_sfn_state_machine.doc_generation",
            "data.archive_file.doc_pipeline_stub",
            "data.archive_file.lambda_api_stub",
            "data.aws_apigatewayv2_api.main",
            "data.aws_caller_identity.current",
            "data.aws_iam_policy_document.api_assume_role",
            "data.aws_iam_policy_document.api_permissions"
          ]
        },
        {
          "index_key": "POST /api/partner/pmi/{pmiId}/send-onboarding",
          "schema_version": 0,
          "attributes": {
            "api_id": "lql1qfmdua",
            "api_key_required": false,
            "authorization_scopes": [],
            "authorization_type": "JWT",
            "authorizer_id": "w03hoi",
            "id": "igld4x6",
            "model_selection_expression": "",
            "operation_name": "",
            "request_models": {},
            "request_parameter": [],
            "route_key": "POST /api/partner/pmi/{pmiId}/send-onboarding",
            "route_response_selection_expression": "",
            "target": "integrations/mbo1rpq"
          },
          "sensitive_attributes": [],
          "identity_schema_version": 0,
          "private": "eyJzY2hlbWFfdmVyc2lvbiI6IjAifQ=="
        },
        {
          "index_key": "POST /api/partner/pmi/{pmiId}/status",
          "schema_version": 0,
          "attributes": {
            "api_id": "lql1qfmdua",
            "api_key_required": false,
            "authorization_scopes": [],
            "authorization_type": "JWT",
            "authorizer_id": "w03hoi",
            "id": "or29rkc",
            "model_selection_expression": "",
            "operation_name": "",
            "request_models": {},
            "request_parameter": [],
            "route_key": "POST /api/partner/pmi/{pmiId}/status",
            "route_response_selection_expression": "",
            "target": "integrations/mbo1rpq"
          },
          "sensitive_attributes": [],
          "identity_schema_version": 0,
          "private": "eyJzY2hlbWFfdmVyc2lvbiI6IjAifQ=="
        },
        {
          "index_key": "POST /api/partner/send-referral",
          "schema_version": 0,
          "attributes": {
            "api_id": "lql1qfmdua",
            "api_key_required": false,
            "authorization_scopes": [],
            "authorization_type": "JWT",
            "authorizer_id": "w03hoi",
            "id": "5c9vpkm",
            "model_selection_expression": "",
            "operation_name": "",
            "request_models": {},
            "request_parameter": [],
            "route_key": "POST /api/partner/send-referral",
            "route_response_selection_expression": "",
            "target": "integrations/mbo1rpq"
          },
          "sensitive_attributes": [],
          "identity_schema_version": 0,
          "private": "eyJzY2hlbWFfdmVyc2lvbiI6IjAifQ=="
        },
        {
          "index_key": "POST /api/systems",
          "schema_version": 0,
          "attributes": {
            "api_id": "lql1qfmdua",
            "api_key_required": false,
            "authorization_scopes": [],
            "authorization_type": "JWT",
            "authorizer_id": "w03hoi",
            "id": "xmg5uef",
            "model_selection_expression": "",
            "operation_name": "",
            "request_models": {},
            "request_parameter": [],
            "route_key": "POST /api/systems",
            "route_response_selection_expression": "",
            "target": "integrations/mbo1rpq"
          },
          "sensitive_attributes": [],
          "identity_schema_version": 0,
          "private": "eyJzY2hlbWFfdmVyc2lvbiI6IjAifQ=="
        },
        {
          "index_key": "POST /api/systems/{systemId}/compliance-check",
          "schema_version": 0,
          "attributes": {
            "api_id": "lql1qfmdua",
            "api_key_required": false,
            "authorization_scopes": [],
            "authorization_type": "JWT",
            "authorizer_id": "w03hoi",
            "id": "934tw96",
            "model_selection_expression": "",
            "operation_name": "",
            "request_models": {},
            "request_parameter": [],
            "route_key": "POST /api/systems/{systemId}/compliance-check",
            "route_response_selection_expression": "",
            "target": "integrations/mbo1rpq"
          },
          "sensitive_attributes": [],
          "identity_schema_version": 0,
          "private": "bnVsbA==",
          "dependencies": [
            "aws_apigatewayv2_authorizer.cognito",
            "aws_apigatewayv2_integration.saas_api",
            "aws_cloudwatch_log_group.doc_assemble",
            "aws_cloudwatch_log_group.doc_assemble_ctx",
            "aws_cloudwatch_log_group.doc_generate_slot",
            "aws_cloudwatch_log_group.doc_persist",
            "aws_cloudwatch_log_group.doc_validate",
            "aws_cloudwatch_log_group.lambda_api",
            "aws_cloudwatch_log_group.sfn_doc_pipeline",
            "aws_cognito_user_pool.actify",
            "aws_cognito_user_pool_client.actify_app",
            "aws_dynamodb_table.ai_systems",
            "aws_dynamodb_table.audit",
            "aws_dynamodb_table.companies",
            "aws_dynamodb_table.company_users",
            "aws_dynamodb_table.compliance_checks",
            "aws_dynamodb_table.doc_generations",
            "aws_dynamodb_table.doc_schemas",
            "aws_dynamodb_table.documents",
            "aws_dynamodb_table.literacy",
            "aws_dynamodb_table.partner_pmi",
            "aws_dynamodb_table.partners",
            "aws_iam_policy.doc_pipeline",
            "aws_iam_policy.lambda_api",
            "aws_iam_policy.sfn_doc_pipeline",
            "aws_iam_role.doc_pipeline",
            "aws_iam_role.lambda_api",
            "aws_iam_role.sfn_doc_pipeline",
            "aws_iam_role_policy_attachment.doc_pipeline",
            "aws_iam_role_policy_attachment.lambda_api",
            "aws_iam_role_policy_attachment.sfn_doc_pipeline",
            "aws_lambda_function.doc_assemble",
            "aws_lambda_function.doc_assemble_ctx",
            "aws_lambda_function.doc_generate_slot",
            "aws_lambda_function.doc_persist",
            "aws_lambda_function.doc_validate",
            "aws_lambda_function.saas_api",
            "aws_s3_bucket.actify_documents",
            "aws_sfn_state_machine.doc_generation",
            "data.archive_file.doc_pipeline_stub",
            "data.archive_file.lambda_api_stub",
            "data.aws_apigatewayv2_api.main",
            "data.aws_caller_identity.current",
            "data.aws_iam_policy_document.api_assume_role",
            "data.aws_iam_policy_document.api_permissions"
          ]
        },
        {
          "index_key": "POST /api/systems/{systemId}/documents",
          "schema_version": 0,
          "attributes": {
            "api_id": "lql1qfmdua",
            "api_key_required": false,
            "authorization_scopes": [],
            "authorization_type": "JWT",
            "authorizer_id": "w03hoi",
            "id": "e1plswt",
            "model_selection_expression": "",
            "operation_name": "",
            "request_models": {},
            "request_parameter": [],
            "route_key": "POST /api/systems/{systemId}/documents",
            "route_response_selection_expression": "",
            "target": "integrations/mbo1rpq"
          },
          "sensitive_attributes": [],
          "identity_schema_version": 0,
          "private": "eyJzY2hlbWFfdmVyc2lvbiI6IjAifQ=="
        },
        {
          "index_key": "POST /api/systems/{systemId}/gaps/{gapId}/close",
          "schema_version": 0,
          "attributes": {
            "api_id": "lql1qfmdua",
            "api_key_required": false,
            "authorization_scopes": [],
            "authorization_type": "JWT",
            "authorizer_id": "w03hoi",
            "id": "7k794os",
            "model_selection_expression": "",
            "operation_name": "",
            "request_models": {},
            "request_parameter": [],
            "route_key": "POST /api/systems/{systemId}/gaps/{gapId}/close",
            "route_response_selection_expression": "",
            "target": "integrations/mbo1rpq"
          },
          "sensitive_attributes": [],
          "identity_schema_version": 0,
          "private": "eyJzY2hlbWFfdmVyc2lvbiI6IjAifQ=="
        },
        {
          "index_key": "POST /api/systems/{systemId}/remediation/generate",
          "schema_version": 0,
          "attributes": {
            "api_id": "lql1qfmdua",
            "api_key_required": false,
            "authorization_scopes": [],
            "authorization_type": "JWT",
            "authorizer_id": "w03hoi",
            "id": "8vij8sj",
            "model_selection_expression": "",
            "operation_name": "",
            "request_models": {},
            "request_parameter": [],
            "route_key": "POST /api/systems/{systemId}/remediation/generate",
            "route_response_selection_expression": "",
            "target": "integrations/mbo1rpq"
          },
          "sensitive_attributes": [],
          "identity_schema_version": 0,
          "private": "bnVsbA==",
          "dependencies": [
            "aws_apigatewayv2_authorizer.cognito",
            "aws_apigatewayv2_integration.saas_api",
            "aws_cloudwatch_log_group.doc_assemble",
            "aws_cloudwatch_log_group.doc_assemble_ctx",
            "aws_cloudwatch_log_group.doc_generate_slot",
            "aws_cloudwatch_log_group.doc_persist",
            "aws_cloudwatch_log_group.doc_validate",
            "aws_cloudwatch_log_group.lambda_api",
            "aws_cloudwatch_log_group.sfn_doc_pipeline",
            "aws_cognito_user_pool.actify",
            "aws_cognito_user_pool_client.actify_app",
            "aws_dynamodb_table.ai_systems",
            "aws_dynamodb_table.audit",
            "aws_dynamodb_table.companies",
            "aws_dynamodb_table.company_users",
            "aws_dynamodb_table.compliance_checks",
            "aws_dynamodb_table.doc_generations",
            "aws_dynamodb_table.doc_schemas",
            "aws_dynamodb_table.documents",
            "aws_dynamodb_table.literacy",
            "aws_dynamodb_table.partner_pmi",
            "aws_dynamodb_table.partners",
            "aws_iam_policy.doc_pipeline",
            "aws_iam_policy.lambda_api",
            "aws_iam_policy.sfn_doc_pipeline",
            "aws_iam_role.doc_pipeline",
            "aws_iam_role.lambda_api",
            "aws_iam_role.sfn_doc_pipeline",
            "aws_iam_role_policy_attachment.doc_pipeline",
            "aws_iam_role_policy_attachment.lambda_api",
            "aws_iam_role_policy_attachment.sfn_doc_pipeline",
            "aws_lambda_function.doc_assemble",
            "aws_lambda_function.doc_assemble_ctx",
            "aws_lambda_function.doc_generate_slot",
            "aws_lambda_function.doc_persist",
            "aws_lambda_function.doc_validate",
            "aws_lambda_function.saas_api",
            "aws_s3_bucket.actify_documents",
            "aws_sfn_state_machine.doc_generation",
            "data.archive_file.doc_pipeline_stub",
            "data.archive_file.lambda_api_stub",
            "data.aws_apigatewayv2_api.main",
            "data.aws_caller_identity.current",
            "data.aws_iam_policy_document.api_assume_role",
            "data.aws_iam_policy_document.api_permissions"
          ]
        },
        {
          "index_key": "PUT /api/company",
          "schema_version": 0,
          "attributes": {
            "api_id": "lql1qfmdua",
            "api_key_required": false,
            "authorization_scopes": [],
            "authorization_type": "JWT",
            "authorizer_id": "w03hoi",
            "id": "53d77qp",
            "model_selection_expression": "",
            "operation_name": "",
            "request_models": {},
            "request_parameter": [],
            "route_key": "PUT /api/company",
            "route_response_selection_expression": "",
            "target": "integrations/mbo1rpq"
          },
          "sensitive_attributes": [],
          "identity_schema_version": 0,
          "private": "eyJzY2hlbWFfdmVyc2lvbiI6IjAifQ=="
        },
        {
          "index_key": "PUT /api/company/setup",
          "schema_version": 0,
          "attributes": {
            "api_id": "lql1qfmdua",
            "api_key_required": false,
            "authorization_scopes": [],
            "authorization_type": "JWT",
            "authorizer_id": "w03hoi",
            "id": "31xs4ut",
            "model_selection_expression": "",
            "operation_name": "",
            "request_models": {},
            "request_parameter": [],
            "route_key": "PUT /api/company/setup",
            "route_response_selection_expression": "",
            "target": "integrations/mbo1rpq"
          },
          "sensitive_attributes": [],
          "identity_schema_version": 0,
          "private": "eyJzY2hlbWFfdmVyc2lvbiI6IjAifQ=="
        },
        {
          "index_key": "PUT /api/documents/{documentId}/finalize",
          "schema_version": 0,
          "attributes": {
            "api_id": "lql1qfmdua",
            "api_key_required": false,
            "authorization_scopes": [],
            "authorization_type": "JWT",
            "authorizer_id": "w03hoi",
            "id": "xol3ynj",
            "model_selection_expression": "",
            "operation_name": "",
            "request_models": {},
            "request_parameter": [],
            "route_key": "PUT /api/documents/{documentId}/finalize",
            "route_response_selection_expression": "",
            "target": "integrations/mbo1rpq"
          },
          "sensitive_attributes": [],
          "identity_schema_version": 0,
          "private": "bnVsbA==",
          "dependencies": [
            "aws_apigatewayv2_authorizer.cognito",
            "aws_apigatewayv2_integration.saas_api",
            "aws_cloudwatch_log_group.doc_assemble",
            "aws_cloudwatch_log_group.doc_assemble_ctx",
            "aws_cloudwatch_log_group.doc_generate_slot",
            "aws_cloudwatch_log_group.doc_persist",
            "aws_cloudwatch_log_group.doc_validate",
            "aws_cloudwatch_log_group.lambda_api",
            "aws_cloudwatch_log_group.sfn_doc_pipeline",
            "aws_cognito_user_pool.actify",
            "aws_cognito_user_pool_client.actify_app",
            "aws_dynamodb_table.ai_systems",
            "aws_dynamodb_table.audit",
            "aws_dynamodb_table.companies",
            "aws_dynamodb_table.company_users",
            "aws_dynamodb_table.compliance_checks",
            "aws_dynamodb_table.doc_generations",
            "aws_dynamodb_table.doc_schemas",
            "aws_dynamodb_table.documents",
            "aws_dynamodb_table.literacy",
            "aws_dynamodb_table.partner_pmi",
            "aws_dynamodb_table.partners",
            "aws_iam_policy.doc_pipeline",
            "aws_iam_policy.lambda_api",
            "aws_iam_policy.sfn_doc_pipeline",
            "aws_iam_role.doc_pipeline",
            "aws_iam_role.lambda_api",
            "aws_iam_role.sfn_doc_pipeline",
            "aws_iam_role_policy_attachment.doc_pipeline",
            "aws_iam_role_policy_attachment.lambda_api",
            "aws_iam_role_policy_attachment.sfn_doc_pipeline",
            "aws_lambda_function.doc_assemble",
            "aws_lambda_function.doc_assemble_ctx",
            "aws_lambda_function.doc_generate_slot",
            "aws_lambda_function.doc_persist",
            "aws_lambda_function.doc_validate",
            "aws_lambda_function.saas_api",
            "aws_s3_bucket.actify_documents",
            "aws_sfn_state_machine.doc_generation",
            "data.archive_file.doc_pipeline_stub",
            "data.archive_file.lambda_api_stub",
            "data.aws_apigatewayv2_api.main",
            "data.aws_caller_identity.current",
            "data.aws_iam_policy_document.api_assume_role",
            "data.aws_iam_policy_document.api_permissions"
          ]
        },
        {
          "index_key": "PUT /api/partner/inventory/{pmiId}/systems/{systemId}",
          "schema_version": 0,
          "attributes": {
            "api_id": "lql1qfmdua",
            "api_key_required": false,
            "authorization_scopes": [],
            "authorization_type": "JWT",
            "authorizer_id": "w03hoi",
            "id": "5bg26y4",
            "model_selection_expression": "",
            "operation_name": "",
            "request_models": {},
            "request_parameter": [],
            "route_key": "PUT /api/partner/inventory/{pmiId}/systems/{systemId}",
            "route_response_selection_expression": "",
            "target": "integrations/mbo1rpq"
          },
          "sensitive_attributes": [],
          "identity_schema_version": 0,
          "private": "bnVsbA==",
          "dependencies": [
            "aws_apigatewayv2_authorizer.cognito",
            "aws_apigatewayv2_integration.saas_api",
            "aws_cloudwatch_log_group.doc_assemble",
            "aws_cloudwatch_log_group.doc_assemble_ctx",
            "aws_cloudwatch_log_group.doc_generate_slot",
            "aws_cloudwatch_log_group.doc_persist",
            "aws_cloudwatch_log_group.doc_validate",
            "aws_cloudwatch_log_group.lambda_api",
            "aws_cloudwatch_log_group.sfn_doc_pipeline",
            "aws_cognito_user_pool.actify",
            "aws_cognito_user_pool_client.actify_app",
            "aws_dynamodb_table.ai_systems",
            "aws_dynamodb_table.audit",
            "aws_dynamodb_table.companies",
            "aws_dynamodb_table.company_users",
            "aws_dynamodb_table.compliance_checks",
            "aws_dynamodb_table.doc_generations",
            "aws_dynamodb_table.doc_schemas",
            "aws_dynamodb_table.documents",
            "aws_dynamodb_table.literacy",
            "aws_dynamodb_table.partner_pmi",
            "aws_dynamodb_table.partners",
            "aws_iam_policy.doc_pipeline",
            "aws_iam_policy.lambda_api",
            "aws_iam_policy.sfn_doc_pipeline",
            "aws_iam_role.doc_pipeline",
            "aws_iam_role.lambda_api",
            "aws_iam_role.sfn_doc_pipeline",
            "aws_iam_role_policy_attachment.doc_pipeline",
            "aws_iam_role_policy_attachment.lambda_api",
            "aws_iam_role_policy_attachment.sfn_doc_pipeline",
            "aws_lambda_function.doc_assemble",
            "aws_lambda_function.doc_assemble_ctx",
            "aws_lambda_function.doc_generate_slot",
            "aws_lambda_function.doc_persist",
            "aws_lambda_function.doc_validate",
            "aws_lambda_function.saas_api",
            "aws_s3_bucket.actify_documents",
            "aws_sfn_state_machine.doc_generation",
            "data.archive_file.doc_pipeline_stub",
            "data.archive_file.lambda_api_stub",
            "data.aws_apigatewayv2_api.main",
            "data.aws_caller_identity.current",
            "data.aws_iam_policy_document.api_assume_role",
            "data.aws_iam_policy_document.api_permissions"
          ]
        },
        {
          "index_key": "PUT /api/partner/me",
          "schema_version": 0,
          "attributes": {
            "api_id": "lql1qfmdua",
            "api_key_required": false,
            "authorization_scopes": [],
            "authorization_type": "JWT",
            "authorizer_id": "w03hoi",
            "id": "1ay8sh4",
            "model_selection_expression": "",
            "operation_name": "",
            "request_models": {},
            "request_parameter": [],
            "route_key": "PUT /api/partner/me",
            "route_response_selection_expression": "",
            "target": "integrations/mbo1rpq"
          },
          "sensitive_attributes": [],
          "identity_schema_version": 0,
          "private": "bnVsbA==",
          "dependencies": [
            "aws_apigatewayv2_authorizer.cognito",
            "aws_apigatewayv2_integration.saas_api",
            "aws_cloudwatch_log_group.doc_assemble",
            "aws_cloudwatch_log_group.doc_assemble_ctx",
            "aws_cloudwatch_log_group.doc_generate_slot",
            "aws_cloudwatch_log_group.doc_persist",
            "aws_cloudwatch_log_group.doc_validate",
            "aws_cloudwatch_log_group.lambda_api",
            "aws_cloudwatch_log_group.sfn_doc_pipeline",
            "aws_cognito_user_pool.actify",
            "aws_cognito_user_pool_client.actify_app",
            "aws_dynamodb_table.ai_systems",
            "aws_dynamodb_table.audit",
            "aws_dynamodb_table.companies",
            "aws_dynamodb_table.company_users",
            "aws_dynamodb_table.compliance_checks",
            "aws_dynamodb_table.doc_generations",
            "aws_dynamodb_table.doc_schemas",
            "aws_dynamodb_table.documents",
            "aws_dynamodb_table.literacy",
            "aws_dynamodb_table.partner_pmi",
            "aws_dynamodb_table.partners",
            "aws_iam_policy.doc_pipeline",
            "aws_iam_policy.lambda_api",
            "aws_iam_policy.sfn_doc_pipeline",
            "aws_iam_role.doc_pipeline",
            "aws_iam_role.lambda_api",
            "aws_iam_role.sfn_doc_pipeline",
            "aws_iam_role_policy_attachment.doc_pipeline",
            "aws_iam_role_policy_attachment.lambda_api",
            "aws_iam_role_policy_attachment.sfn_doc_pipeline",
            "aws_lambda_function.doc_assemble",
            "aws_lambda_function.doc_assemble_ctx",
            "aws_lambda_function.doc_generate_slot",
            "aws_lambda_function.doc_persist",
            "aws_lambda_function.doc_validate",
            "aws_lambda_function.saas_api",
            "aws_s3_bucket.actify_documents",
            "aws_sfn_state_machine.doc_generation",
            "data.archive_file.doc_pipeline_stub",
            "data.archive_file.lambda_api_stub",
            "data.aws_apigatewayv2_api.main",
            "data.aws_caller_identity.current",
            "data.aws_iam_policy_document.api_assume_role",
            "data.aws_iam_policy_document.api_permissions"
          ]
        },
        {
          "index_key": "PUT /api/systems/{systemId}",
          "schema_version": 0,
          "attributes": {
            "api_id": "lql1qfmdua",
            "api_key_required": false,
            "authorization_scopes": [],
            "authorization_type": "JWT",
            "authorizer_id": "w03hoi",
            "id": "k9jmk8l",
            "model_selection_expression": "",
            "operation_name": "",
            "request_models": {},
            "request_parameter": [],
            "route_key": "PUT /api/systems/{systemId}",
            "route_response_selection_expression": "",
            "target": "integrations/mbo1rpq"
          },
          "sensitive_attributes": [],
          "identity_schema_version": 0,
          "private": "bnVsbA==",
          "dependencies": [
            "aws_apigatewayv2_authorizer.cognito",
            "aws_apigatewayv2_integration.saas_api",
            "aws_cloudwatch_log_group.doc_assemble",
            "aws_cloudwatch_log_group.doc_assemble_ctx",
            "aws_cloudwatch_log_group.doc_generate_slot",
            "aws_cloudwatch_log_group.doc_persist",
            "aws_cloudwatch_log_group.doc_validate",
            "aws_cloudwatch_log_group.lambda_api",
            "aws_cloudwatch_log_group.sfn_doc_pipeline",
            "aws_cognito_user_pool.actify",
            "aws_cognito_user_pool_client.actify_app",
            "aws_dynamodb_table.ai_systems",
            "aws_dynamodb_table.audit",
            "aws_dynamodb_table.companies",
            "aws_dynamodb_table.company_users",
            "aws_dynamodb_table.compliance_checks",
            "aws_dynamodb_table.doc_generations",
            "aws_dynamodb_table.doc_schemas",
            "aws_dynamodb_table.documents",
            "aws_dynamodb_table.literacy",
            "aws_dynamodb_table.partner_pmi",
            "aws_dynamodb_table.partners",
            "aws_iam_policy.doc_pipeline",
            "aws_iam_policy.lambda_api",
            "aws_iam_policy.sfn_doc_pipeline",
            "aws_iam_role.doc_pipeline",
            "aws_iam_role.lambda_api",
            "aws_iam_role.sfn_doc_pipeline",
            "aws_iam_role_policy_attachment.doc_pipeline",
            "aws_iam_role_policy_attachment.lambda_api",
            "aws_iam_role_policy_attachment.sfn_doc_pipeline",
            "aws_lambda_function.doc_assemble",
            "aws_lambda_function.doc_assemble_ctx",
            "aws_lambda_function.doc_generate_slot",
            "aws_lambda_function.doc_persist",
            "aws_lambda_function.doc_validate",
            "aws_lambda_function.saas_api",
            "aws_s3_bucket.actify_documents",
            "aws_sfn_state_machine.doc_generation",
            "data.archive_file.doc_pipeline_stub",
            "data.archive_file.lambda_api_stub",
            "data.aws_apigatewayv2_api.main",
            "data.aws_caller_identity.current",
            "data.aws_iam_policy_document.api_assume_role",
            "data.aws_iam_policy_document.api_permissions"
          ]
        }
      ]
    },
    {
      "mode": "managed",
      "type": "aws_apigatewayv2_route",
      "name": "stripe_webhook",
      "provider": "provider[\"registry.terraform.io/hashicorp/aws\"]",
      "instances": [
        {
          "schema_version": 0,
          "attributes": {
            "api_id": "lql1qfmdua",
            "api_key_required": false,
            "authorization_scopes": [],
            "authorization_type": "NONE",
            "authorizer_id": "",
            "id": "dom1oce",
            "model_selection_expression": "",
            "operation_name": "",
            "request_models": {},
            "request_parameter": [],
            "route_key": "POST /api/stripe/webhook",
            "route_response_selection_expression": "",
            "target": "integrations/mbo1rpq"
          },
          "sensitive_attributes": [],
          "identity_schema_version": 0,
          "private": "eyJzY2hlbWFfdmVyc2lvbiI6IjAifQ=="
        }
      ]
    },
    {
      "mode": "managed",
      "type": "aws_cloudwatch_log_group",
      "name": "doc_assemble",
      "provider": "provider[\"registry.terraform.io/hashicorp/aws\"]",
      "instances": [
        {
          "schema_version": 0,
          "attributes": {
            "arn": "arn:aws:logs:eu-central-1:265020547280:log-group:/aws/lambda/actify-saas-doc-assemble-document",
            "id": "/aws/lambda/actify-saas-doc-assemble-document",
            "kms_key_id": "",
            "log_group_class": "STANDARD",
            "name": "/aws/lambda/actify-saas-doc-assemble-document",
            "name_prefix": "",
            "retention_in_days": 14,
            "skip_destroy": false,
            "tags": {
              "Environment": "production",
              "ManagedBy": "terraform",
              "Product": "actify-saas",
              "Project": "actify",
              "Release": "release-2",
              "Repository": "actify-iac"
            },
            "tags_all": {
              "Environment": "production",
              "ManagedBy": "terraform",
              "Product": "actify-saas",
              "Project": "actify",
              "Release": "release-2",
              "Repository": "actify-iac"
            }
          },
          "sensitive_attributes": [],
          "identity_schema_version": 0,
          "private": "bnVsbA=="
        }
      ]
    },
    {
      "mode": "managed",
      "type": "aws_cloudwatch_log_group",
      "name": "doc_assemble_ctx",
      "provider": "provider[\"registry.terraform.io/hashicorp/aws\"]",
      "instances": [
        {
          "schema_version": 0,
          "attributes": {
            "arn": "arn:aws:logs:eu-central-1:265020547280:log-group:/aws/lambda/actify-saas-doc-assemble-context",
            "id": "/aws/lambda/actify-saas-doc-assemble-context",
            "kms_key_id": "",
            "log_group_class": "STANDARD",
            "name": "/aws/lambda/actify-saas-doc-assemble-context",
            "name_prefix": "",
            "retention_in_days": 14,
            "skip_destroy": false,
            "tags": {
              "Environment": "production",
              "ManagedBy": "terraform",
              "Product": "actify-saas",
              "Project": "actify",
              "Release": "release-2",
              "Repository": "actify-iac"
            },
            "tags_all": {
              "Environment": "production",
              "ManagedBy": "terraform",
              "Product": "actify-saas",
              "Project": "actify",
              "Release": "release-2",
              "Repository": "actify-iac"
            }
          },
          "sensitive_attributes": [],
          "identity_schema_version": 0,
          "private": "bnVsbA=="
        }
      ]
    },
    {
      "mode": "managed",
      "type": "aws_cloudwatch_log_group",
      "name": "doc_generate_slot",
      "provider": "provider[\"registry.terraform.io/hashicorp/aws\"]",
      "instances": [
        {
          "schema_version": 0,
          "attributes": {
            "arn": "arn:aws:logs:eu-central-1:265020547280:log-group:/aws/lambda/actify-saas-doc-generate-slot",
            "id": "/aws/lambda/actify-saas-doc-generate-slot",
            "kms_key_id": "",
            "log_group_class": "STANDARD",
            "name": "/aws/lambda/actify-saas-doc-generate-slot",
            "name_prefix": "",
            "retention_in_days": 14,
            "skip_destroy": false,
            "tags": {
              "Environment": "production",
              "ManagedBy": "terraform",
              "Product": "actify-saas",
              "Project": "actify",
              "Release": "release-2",
              "Repository": "actify-iac"
            },
            "tags_all": {
              "Environment": "production",
              "ManagedBy": "terraform",
              "Product": "actify-saas",
              "Project": "actify",
              "Release": "release-2",
              "Repository": "actify-iac"
            }
          },
          "sensitive_attributes": [],
          "identity_schema_version": 0,
          "private": "bnVsbA=="
        }
      ]
    },
    {
      "mode": "managed",
      "type": "aws_cloudwatch_log_group",
      "name": "doc_persist",
      "provider": "provider[\"registry.terraform.io/hashicorp/aws\"]",
      "instances": [
        {
          "schema_version": 0,
          "attributes": {
            "arn": "arn:aws:logs:eu-central-1:265020547280:log-group:/aws/lambda/actify-saas-doc-persist-audit",
            "id": "/aws/lambda/actify-saas-doc-persist-audit",
            "kms_key_id": "",
            "log_group_class": "STANDARD",
            "name": "/aws/lambda/actify-saas-doc-persist-audit",
            "name_prefix": "",
            "retention_in_days": 14,
            "skip_destroy": false,
            "tags": {
              "Environment": "production",
              "ManagedBy": "terraform",
              "Product": "actify-saas",
              "Project": "actify",
              "Release": "release-2",
              "Repository": "actify-iac"
            },
            "tags_all": {
              "Environment": "production",
              "ManagedBy": "terraform",
              "Product": "actify-saas",
              "Project": "actify",
              "Release": "release-2",
              "Repository": "actify-iac"
            }
          },
          "sensitive_attributes": [],
          "identity_schema_version": 0,
          "private": "bnVsbA=="
        }
      ]
    },
    {
      "mode": "managed",
      "type": "aws_cloudwatch_log_group",
      "name": "doc_validate",
      "provider": "provider[\"registry.terraform.io/hashicorp/aws\"]",
      "instances": [
        {
          "schema_version": 0,
          "attributes": {
            "arn": "arn:aws:logs:eu-central-1:265020547280:log-group:/aws/lambda/actify-saas-doc-validate",
            "id": "/aws/lambda/actify-saas-doc-validate",
            "kms_key_id": "",
            "log_group_class": "STANDARD",
            "name": "/aws/lambda/actify-saas-doc-validate",
            "name_prefix": "",
            "retention_in_days": 14,
            "skip_destroy": false,
            "tags": {
              "Environment": "production",
              "ManagedBy": "terraform",
              "Product": "actify-saas",
              "Project": "actify",
              "Release": "release-2",
              "Repository": "actify-iac"
            },
            "tags_all": {
              "Environment": "production",
              "ManagedBy": "terraform",
              "Product": "actify-saas",
              "Project": "actify",
              "Release": "release-2",
              "Repository": "actify-iac"
            }
          },
          "sensitive_attributes": [],
          "identity_schema_version": 0,
          "private": "bnVsbA=="
        }
      ]
    },
    {
      "mode": "managed",
      "type": "aws_cloudwatch_log_group",
      "name": "lambda_api",
      "provider": "provider[\"registry.terraform.io/hashicorp/aws\"]",
      "instances": [
        {
          "schema_version": 0,
          "attributes": {
            "arn": "arn:aws:logs:eu-central-1:265020547280:log-group:/aws/lambda/actify-saas-api",
            "id": "/aws/lambda/actify-saas-api",
            "kms_key_id": "",
            "log_group_class": "STANDARD",
            "name": "/aws/lambda/actify-saas-api",
            "name_prefix": "",
            "retention_in_days": 30,
            "skip_destroy": false,
            "tags": {
              "Name": "/aws/lambda/actify-saas-api"
            },
            "tags_all": {
              "Environment": "production",
              "ManagedBy": "terraform",
              "Name": "/aws/lambda/actify-saas-api",
              "Product": "actify-saas",
              "Project": "actify",
              "Release": "release-2",
              "Repository": "actify-iac"
            }
          },
          "sensitive_attributes": [],
          "identity_schema_version": 0,
          "private": "bnVsbA=="
        }
      ]
    },
    {
      "mode": "managed",
      "type": "aws_cloudwatch_log_group",
      "name": "sfn_doc_pipeline",
      "provider": "provider[\"registry.terraform.io/hashicorp/aws\"]",
      "instances": [
        {
          "schema_version": 0,
          "attributes": {
            "arn": "arn:aws:logs:eu-central-1:265020547280:log-group:/aws/states/actify-saas-doc-generation-workflow",
            "id": "/aws/states/actify-saas-doc-generation-workflow",
            "kms_key_id": "",
            "log_group_class": "STANDARD",
            "name": "/aws/states/actify-saas-doc-generation-workflow",
            "name_prefix": "",
            "retention_in_days": 30,
            "skip_destroy": false,
            "tags": {
              "Environment": "production",
              "ManagedBy": "terraform",
              "Product": "actify-saas",
              "Project": "actify",
              "Release": "release-2",
              "Repository": "actify-iac"
            },
            "tags_all": {
              "Environment": "production",
              "ManagedBy": "terraform",
              "Product": "actify-saas",
              "Project": "actify",
              "Release": "release-2",
              "Repository": "actify-iac"
            }
          },
          "sensitive_attributes": [],
          "identity_schema_version": 0,
          "private": "bnVsbA=="
        }
      ]
    },
    {
      "mode": "managed",
      "type": "aws_cognito_user_pool",
      "name": "actify",
      "provider": "provider[\"registry.terraform.io/hashicorp/aws\"]",
      "instances": [
        {
          "schema_version": 0,
          "attributes": {
            "account_recovery_setting": [
              {
                "recovery_mechanism": [
                  {
                    "name": "verified_email",
                    "priority": 1
                  },
                  {
                    "name": "verified_phone_number",
                    "priority": 2
                  }
                ]
              }
            ],
            "admin_create_user_config": [
              {
                "allow_admin_create_user_only": false,
                "invite_message_template": []
              }
            ],
            "alias_attributes": null,
            "arn": "arn:aws:cognito-idp:eu-central-1:265020547280:userpool/eu-central-1_4D3kDUrMF",
            "auto_verified_attributes": [
              "email"
            ],
            "creation_date": "2026-05-14T12:49:54Z",
            "custom_domain": "",
            "deletion_protection": "INACTIVE",
            "device_configuration": [],
            "domain": "",
            "email_configuration": [
              {
                "configuration_set": "",
                "email_sending_account": "COGNITO_DEFAULT",
                "from_email_address": "",
                "reply_to_email_address": "",
                "source_arn": ""
              }
            ],
            "email_mfa_configuration": [],
            "email_verification_message": "Il tuo codice di verifica è {####}",
            "email_verification_subject": "Verifica il tuo account Actify",
            "endpoint": "cognito-idp.eu-central-1.amazonaws.com/eu-central-1_4D3kDUrMF",
            "estimated_number_of_users": 4,
            "id": "eu-central-1_4D3kDUrMF",
            "lambda_config": [],
            "last_modified_date": "2026-05-14T12:49:54Z",
            "mfa_configuration": "OFF",
            "name": "actify-saas-users",
            "password_policy": [
              {
                "minimum_length": 8,
                "password_history_size": 0,
                "require_lowercase": false,
                "require_numbers": true,
                "require_symbols": true,
                "require_uppercase": true,
                "temporary_password_validity_days": 7
              }
            ],
            "schema": [
              {
                "attribute_data_type": "String",
                "developer_only_attribute": false,
                "mutable": false,
                "name": "company_id",
                "number_attribute_constraints": [],
                "required": false,
                "string_attribute_constraints": [
                  {
                    "max_length": "36",
                    "min_length": "36"
                  }
                ]
              },
              {
                "attribute_data_type": "String",
                "developer_only_attribute": false,
                "mutable": true,
                "name": "role",
                "number_attribute_constraints": [],
                "required": false,
                "string_attribute_constraints": [
                  {
                    "max_length": "10",
                    "min_length": "4"
                  }
                ]
              }
            ],
            "sign_in_policy": [
              {
                "allowed_first_auth_factors": [
                  "PASSWORD"
                ]
              }
            ],
            "sms_authentication_message": "",
            "sms_configuration": [],
            "sms_verification_message": "",
            "software_token_mfa_configuration": [],
            "tags": {
              "Name": "actify-saas-users"
            },
            "tags_all": {
              "Environment": "production",
              "ManagedBy": "terraform",
              "Name": "actify-saas-users",
              "Product": "actify-saas",
              "Project": "actify",
              "Release": "release-2",
              "Repository": "actify-iac"
            },
            "user_attribute_update_settings": [],
            "user_pool_add_ons": [],
            "user_pool_tier": "ESSENTIALS",
            "username_attributes": [
              "email"
            ],
            "username_configuration": [
              {
                "case_sensitive": false
              }
            ],
            "verification_message_template": [
              {
                "default_email_option": "CONFIRM_WITH_CODE",
                "email_message": "Il tuo codice di verifica è {####}",
                "email_message_by_link": "",
                "email_subject": "Verifica il tuo account Actify",
                "email_subject_by_link": "",
                "sms_message": ""
              }
            ],
            "web_authn_configuration": []
          },
          "sensitive_attributes": [],
          "identity_schema_version": 0,
          "private": "bnVsbA=="
        }
      ]
    },
    {
      "mode": "managed",
      "type": "aws_cognito_user_pool_client",
      "name": "actify_app",
      "provider": "provider[\"registry.terraform.io/hashicorp/aws\"]",
      "instances": [
        {
          "schema_version": 0,
          "attributes": {
            "access_token_validity": 60,
            "allowed_oauth_flows": [],
            "allowed_oauth_flows_user_pool_client": false,
            "allowed_oauth_scopes": [],
            "analytics_configuration": [],
            "auth_session_validity": 3,
            "callback_urls": [],
            "client_secret": "",
            "default_redirect_uri": "",
            "enable_propagate_additional_user_context_data": false,
            "enable_token_revocation": true,
            "explicit_auth_flows": [
              "ALLOW_REFRESH_TOKEN_AUTH",
              "ALLOW_USER_PASSWORD_AUTH",
              "ALLOW_USER_SRP_AUTH"
            ],
            "generate_secret": false,
            "id": "2v3ggh33m5b4ap7kj96ufcqhmg",
            "id_token_validity": 60,
            "logout_urls": [],
            "name": "actify-saas-app-client",
            "prevent_user_existence_errors": "ENABLED",
            "read_attributes": [
              "custom:company_id",
              "custom:role",
              "email",
              "email_verified"
            ],
            "refresh_token_rotation": [],
            "refresh_token_validity": 30,
            "supported_identity_providers": [],
            "token_validity_units": [
              {
                "access_token": "minutes",
                "id_token": "minutes",
                "refresh_token": "days"
              }
            ],
            "user_pool_id": "eu-central-1_4D3kDUrMF",
            "write_attributes": [
              "custom:company_id",
              "custom:role",
              "email"
            ]
          },
          "sensitive_attributes": [
            [
              {
                "type": "get_attr",
                "value": "client_secret"
              }
            ]
          ],
          "identity_schema_version": 0,
          "dependencies": [
            "aws_cognito_user_pool.actify"
          ]
        }
      ]
    },
    {
      "mode": "managed",
      "type": "aws_dynamodb_table",
      "name": "ai_systems",
      "provider": "provider[\"registry.terraform.io/hashicorp/aws\"]",
      "instances": [
        {
          "schema_version": 1,
          "attributes": {
            "arn": "arn:aws:dynamodb:eu-central-1:265020547280:table/actify-saas-ai-systems",
            "attribute": [
              {
                "name": "company_id",
                "type": "S"
              },
              {
                "name": "system_id",
                "type": "S"
              }
            ],
            "billing_mode": "PAY_PER_REQUEST",
            "deletion_protection_enabled": false,
            "global_secondary_index": [],
            "hash_key": "company_id",
            "id": "actify-saas-ai-systems",
            "import_table": [],
            "local_secondary_index": [],
            "name": "actify-saas-ai-systems",
            "on_demand_throughput": [],
            "point_in_time_recovery": [
              {
                "enabled": true,
                "recovery_period_in_days": 35
              }
            ],
            "range_key": "system_id",
            "read_capacity": 0,
            "replica": [],
            "restore_date_time": null,
            "restore_source_name": null,
            "restore_source_table_arn": null,
            "restore_to_latest_time": null,
            "server_side_encryption": [
              {
                "enabled": true,
                "kms_key_arn": ""
              }
            ],
            "stream_arn": "",
            "stream_enabled": false,
            "stream_label": "",
            "stream_view_type": "",
            "table_class": "STANDARD",
            "tags": {
              "Name": "actify-saas-ai-systems"
            },
            "tags_all": {
              "Environment": "production",
              "ManagedBy": "terraform",
              "Name": "actify-saas-ai-systems",
              "Product": "actify-saas",
              "Project": "actify",
              "Release": "release-2",
              "Repository": "actify-iac"
            },
            "timeouts": null,
            "ttl": [
              {
                "attribute_name": "",
                "enabled": false
              }
            ],
            "write_capacity": 0
          },
          "sensitive_attributes": [],
          "identity_schema_version": 0,
          "private": "eyJlMmJmYjczMC1lY2FhLTExZTYtOGY4OC0zNDM2M2JjN2M0YzAiOnsiY3JlYXRlIjoxODAwMDAwMDAwMDAwLCJkZWxldGUiOjYwMDAwMDAwMDAwMCwidXBkYXRlIjozNjAwMDAwMDAwMDAwfSwic2NoZW1hX3ZlcnNpb24iOiIxIn0="
        }
      ]
    },
    {
      "mode": "managed",
      "type": "aws_dynamodb_table",
      "name": "audit",
      "provider": "provider[\"registry.terraform.io/hashicorp/aws\"]",
      "instances": [
        {
          "schema_version": 1,
          "attributes": {
            "arn": "arn:aws:dynamodb:eu-central-1:265020547280:table/actify-saas-audit",
            "attribute": [
              {
                "name": "company_id",
                "type": "S"
              },
              {
                "name": "event_id",
                "type": "S"
              }
            ],
            "billing_mode": "PAY_PER_REQUEST",
            "deletion_protection_enabled": false,
            "global_secondary_index": [],
            "hash_key": "company_id",
            "id": "actify-saas-audit",
            "import_table": [],
            "local_secondary_index": [],
            "name": "actify-saas-audit",
            "on_demand_throughput": [],
            "point_in_time_recovery": [
              {
                "enabled": true,
                "recovery_period_in_days": 35
              }
            ],
            "range_key": "event_id",
            "read_capacity": 0,
            "replica": [],
            "restore_date_time": null,
            "restore_source_name": null,
            "restore_source_table_arn": null,
            "restore_to_latest_time": null,
            "server_side_encryption": [
              {
                "enabled": true,
                "kms_key_arn": ""
              }
            ],
            "stream_arn": "",
            "stream_enabled": false,
            "stream_label": "",
            "stream_view_type": "",
            "table_class": "STANDARD",
            "tags": {
              "Name": "actify-saas-audit"
            },
            "tags_all": {
              "Environment": "production",
              "ManagedBy": "terraform",
              "Name": "actify-saas-audit",
              "Product": "actify-saas",
              "Project": "actify",
              "Release": "release-2",
              "Repository": "actify-iac"
            },
            "timeouts": null,
            "ttl": [
              {
                "attribute_name": "",
                "enabled": false
              }
            ],
            "write_capacity": 0
          },
          "sensitive_attributes": [],
          "identity_schema_version": 0,
          "private": "eyJlMmJmYjczMC1lY2FhLTExZTYtOGY4OC0zNDM2M2JjN2M0YzAiOnsiY3JlYXRlIjoxODAwMDAwMDAwMDAwLCJkZWxldGUiOjYwMDAwMDAwMDAwMCwidXBkYXRlIjozNjAwMDAwMDAwMDAwfSwic2NoZW1hX3ZlcnNpb24iOiIxIn0="
        }
      ]
    },
    {
      "mode": "managed",
      "type": "aws_dynamodb_table",
      "name": "companies",
      "provider": "provider[\"registry.terraform.io/hashicorp/aws\"]",
      "instances": [
        {
          "schema_version": 1,
          "attributes": {
            "arn": "arn:aws:dynamodb:eu-central-1:265020547280:table/actify-saas-companies",
            "attribute": [
              {
                "name": "company_id",
                "type": "S"
              }
            ],
            "billing_mode": "PAY_PER_REQUEST",
            "deletion_protection_enabled": false,
            "global_secondary_index": [],
            "hash_key": "company_id",
            "id": "actify-saas-companies",
            "import_table": [],
            "local_secondary_index": [],
            "name": "actify-saas-companies",
            "on_demand_throughput": [],
            "point_in_time_recovery": [
              {
                "enabled": true,
                "recovery_period_in_days": 35
              }
            ],
            "range_key": null,
            "read_capacity": 0,
            "replica": [],
            "restore_date_time": null,
            "restore_source_name": null,
            "restore_source_table_arn": null,
            "restore_to_latest_time": null,
            "server_side_encryption": [
              {
                "enabled": true,
                "kms_key_arn": ""
              }
            ],
            "stream_arn": "",
            "stream_enabled": false,
            "stream_label": "",
            "stream_view_type": "",
            "table_class": "STANDARD",
            "tags": {
              "Name": "actify-saas-companies"
            },
            "tags_all": {
              "Environment": "production",
              "ManagedBy": "terraform",
              "Name": "actify-saas-companies",
              "Product": "actify-saas",
              "Project": "actify",
              "Release": "release-2",
              "Repository": "actify-iac"
            },
            "timeouts": null,
            "ttl": [
              {
                "attribute_name": "",
                "enabled": false
              }
            ],
            "write_capacity": 0
          },
          "sensitive_attributes": [],
          "identity_schema_version": 0,
          "private": "eyJlMmJmYjczMC1lY2FhLTExZTYtOGY4OC0zNDM2M2JjN2M0YzAiOnsiY3JlYXRlIjoxODAwMDAwMDAwMDAwLCJkZWxldGUiOjYwMDAwMDAwMDAwMCwidXBkYXRlIjozNjAwMDAwMDAwMDAwfSwic2NoZW1hX3ZlcnNpb24iOiIxIn0="
        }
      ]
    },
    {
      "mode": "managed",
      "type": "aws_dynamodb_table",
      "name": "company_users",
      "provider": "provider[\"registry.terraform.io/hashicorp/aws\"]",
      "instances": [
        {
          "schema_version": 1,
          "attributes": {
            "arn": "arn:aws:dynamodb:eu-central-1:265020547280:table/actify-saas-company-users",
            "attribute": [
              {
                "name": "company_id",
                "type": "S"
              },
              {
                "name": "user_id",
                "type": "S"
              }
            ],
            "billing_mode": "PAY_PER_REQUEST",
            "deletion_protection_enabled": false,
            "global_secondary_index": [
              {
                "hash_key": "user_id",
                "name": "user-lookup",
                "non_key_attributes": [],
                "on_demand_throughput": [],
                "projection_type": "ALL",
                "range_key": "",
                "read_capacity": 0,
                "write_capacity": 0
              }
            ],
            "hash_key": "company_id",
            "id": "actify-saas-company-users",
            "import_table": [],
            "local_secondary_index": [],
            "name": "actify-saas-company-users",
            "on_demand_throughput": [],
            "point_in_time_recovery": [
              {
                "enabled": true,
                "recovery_period_in_days": 35
              }
            ],
            "range_key": "user_id",
            "read_capacity": 0,
            "replica": [],
            "restore_date_time": null,
            "restore_source_name": null,
            "restore_source_table_arn": null,
            "restore_to_latest_time": null,
            "server_side_encryption": [
              {
                "enabled": true,
                "kms_key_arn": ""
              }
            ],
            "stream_arn": "",
            "stream_enabled": false,
            "stream_label": "",
            "stream_view_type": "",
            "table_class": "STANDARD",
            "tags": {
              "Name": "actify-saas-company-users"
            },
            "tags_all": {
              "Environment": "production",
              "ManagedBy": "terraform",
              "Name": "actify-saas-company-users",
              "Product": "actify-saas",
              "Project": "actify",
              "Release": "release-2",
              "Repository": "actify-iac"
            },
            "timeouts": null,
            "ttl": [
              {
                "attribute_name": "",
                "enabled": false
              }
            ],
            "write_capacity": 0
          },
          "sensitive_attributes": [],
          "identity_schema_version": 0,
          "private": "eyJlMmJmYjczMC1lY2FhLTExZTYtOGY4OC0zNDM2M2JjN2M0YzAiOnsiY3JlYXRlIjoxODAwMDAwMDAwMDAwLCJkZWxldGUiOjYwMDAwMDAwMDAwMCwidXBkYXRlIjozNjAwMDAwMDAwMDAwfSwic2NoZW1hX3ZlcnNpb24iOiIxIn0="
        }
      ]
    },
    {
      "mode": "managed",
      "type": "aws_dynamodb_table",
      "name": "compliance_checks",
      "provider": "provider[\"registry.terraform.io/hashicorp/aws\"]",
      "instances": [
        {
          "schema_version": 1,
          "attributes": {
            "arn": "arn:aws:dynamodb:eu-central-1:265020547280:table/actify-saas-compliance-checks",
            "attribute": [
              {
                "name": "check_id",
                "type": "S"
              },
              {
                "name": "pk",
                "type": "S"
              }
            ],
            "billing_mode": "PAY_PER_REQUEST",
            "deletion_protection_enabled": false,
            "global_secondary_index": [],
            "hash_key": "pk",
            "id": "actify-saas-compliance-checks",
            "import_table": [],
            "local_secondary_index": [],
            "name": "actify-saas-compliance-checks",
            "on_demand_throughput": [],
            "point_in_time_recovery": [
              {
                "enabled": true,
                "recovery_period_in_days": 35
              }
            ],
            "range_key": "check_id",
            "read_capacity": 0,
            "replica": [],
            "restore_date_time": null,
            "restore_source_name": null,
            "restore_source_table_arn": null,
            "restore_to_latest_time": null,
            "server_side_encryption": [
              {
                "enabled": true,
                "kms_key_arn": ""
              }
            ],
            "stream_arn": "",
            "stream_enabled": false,
            "stream_label": "",
            "stream_view_type": "",
            "table_class": "STANDARD",
            "tags": {
              "Name": "actify-saas-compliance-checks"
            },
            "tags_all": {
              "Environment": "production",
              "ManagedBy": "terraform",
              "Name": "actify-saas-compliance-checks",
              "Product": "actify-saas",
              "Project": "actify",
              "Release": "release-2",
              "Repository": "actify-iac"
            },
            "timeouts": null,
            "ttl": [
              {
                "attribute_name": "",
                "enabled": false
              }
            ],
            "write_capacity": 0
          },
          "sensitive_attributes": [],
          "identity_schema_version": 0,
          "private": "eyJlMmJmYjczMC1lY2FhLTExZTYtOGY4OC0zNDM2M2JjN2M0YzAiOnsiY3JlYXRlIjoxODAwMDAwMDAwMDAwLCJkZWxldGUiOjYwMDAwMDAwMDAwMCwidXBkYXRlIjozNjAwMDAwMDAwMDAwfSwic2NoZW1hX3ZlcnNpb24iOiIxIn0="
        }
      ]
    },
    {
      "mode": "managed",
      "type": "aws_dynamodb_table",
      "name": "doc_generations",
      "provider": "provider[\"registry.terraform.io/hashicorp/aws\"]",
      "instances": [
        {
          "schema_version": 1,
          "attributes": {
            "arn": "arn:aws:dynamodb:eu-central-1:265020547280:table/actify-saas-doc-generations",
            "attribute": [
              {
                "name": "created_at",
                "type": "S"
              },
              {
                "name": "pk",
                "type": "S"
              },
              {
                "name": "sk",
                "type": "S"
              },
              {
                "name": "system_id",
                "type": "S"
              }
            ],
            "billing_mode": "PAY_PER_REQUEST",
            "deletion_protection_enabled": false,
            "global_secondary_index": [
              {
                "hash_key": "system_id",
                "name": "system-gen-index",
                "non_key_attributes": [],
                "on_demand_throughput": [],
                "projection_type": "ALL",
                "range_key": "created_at",
                "read_capacity": 0,
                "write_capacity": 0
              }
            ],
            "hash_key": "pk",
            "id": "actify-saas-doc-generations",
            "import_table": [],
            "local_secondary_index": [],
            "name": "actify-saas-doc-generations",
            "on_demand_throughput": [],
            "point_in_time_recovery": [
              {
                "enabled": true,
                "recovery_period_in_days": 35
              }
            ],
            "range_key": "sk",
            "read_capacity": 0,
            "replica": [],
            "restore_date_time": null,
            "restore_source_name": null,
            "restore_source_table_arn": null,
            "restore_to_latest_time": null,
            "server_side_encryption": [
              {
                "enabled": true,
                "kms_key_arn": ""
              }
            ],
            "stream_arn": "",
            "stream_enabled": false,
            "stream_label": "",
            "stream_view_type": "",
            "table_class": "STANDARD",
            "tags": {
              "Environment": "production",
              "ManagedBy": "terraform",
              "Name": "actify-saas-doc-generations",
              "Product": "actify-saas",
              "Project": "actify",
              "Release": "release-2",
              "Repository": "actify-iac"
            },
            "tags_all": {
              "Environment": "production",
              "ManagedBy": "terraform",
              "Name": "actify-saas-doc-generations",
              "Product": "actify-saas",
              "Project": "actify",
              "Release": "release-2",
              "Repository": "actify-iac"
            },
            "timeouts": null,
            "ttl": [
              {
                "attribute_name": "ttl",
                "enabled": true
              }
            ],
            "write_capacity": 0
          },
          "sensitive_attributes": [],
          "identity_schema_version": 0,
          "private": "eyJlMmJmYjczMC1lY2FhLTExZTYtOGY4OC0zNDM2M2JjN2M0YzAiOnsiY3JlYXRlIjoxODAwMDAwMDAwMDAwLCJkZWxldGUiOjYwMDAwMDAwMDAwMCwidXBkYXRlIjozNjAwMDAwMDAwMDAwfSwic2NoZW1hX3ZlcnNpb24iOiIxIn0="
        }
      ]
    },
    {
      "mode": "managed",
      "type": "aws_dynamodb_table",
      "name": "doc_schemas",
      "provider": "provider[\"registry.terraform.io/hashicorp/aws\"]",
      "instances": [
        {
          "schema_version": 1,
          "attributes": {
            "arn": "arn:aws:dynamodb:eu-central-1:265020547280:table/actify-saas-doc-schemas",
            "attribute": [
              {
                "name": "pk",
                "type": "S"
              },
              {
                "name": "sk",
                "type": "S"
              }
            ],
            "billing_mode": "PAY_PER_REQUEST",
            "deletion_protection_enabled": false,
            "global_secondary_index": [],
            "hash_key": "pk",
            "id": "actify-saas-doc-schemas",
            "import_table": [],
            "local_secondary_index": [],
            "name": "actify-saas-doc-schemas",
            "on_demand_throughput": [],
            "point_in_time_recovery": [
              {
                "enabled": true,
                "recovery_period_in_days": 35
              }
            ],
            "range_key": "sk",
            "read_capacity": 0,
            "replica": [],
            "restore_date_time": null,
            "restore_source_name": null,
            "restore_source_table_arn": null,
            "restore_to_latest_time": null,
            "server_side_encryption": [
              {
                "enabled": true,
                "kms_key_arn": ""
              }
            ],
            "stream_arn": "",
            "stream_enabled": false,
            "stream_label": "",
            "stream_view_type": "",
            "table_class": "STANDARD",
            "tags": {
              "Environment": "production",
              "ManagedBy": "terraform",
              "Name": "actify-saas-doc-schemas",
              "Product": "actify-saas",
              "Project": "actify",
              "Release": "release-2",
              "Repository": "actify-iac"
            },
            "tags_all": {
              "Environment": "production",
              "ManagedBy": "terraform",
              "Name": "actify-saas-doc-schemas",
              "Product": "actify-saas",
              "Project": "actify",
              "Release": "release-2",
              "Repository": "actify-iac"
            },
            "timeouts": null,
            "ttl": [
              {
                "attribute_name": "",
                "enabled": false
              }
            ],
            "write_capacity": 0
          },
          "sensitive_attributes": [],
          "identity_schema_version": 0,
          "private": "eyJlMmJmYjczMC1lY2FhLTExZTYtOGY4OC0zNDM2M2JjN2M0YzAiOnsiY3JlYXRlIjoxODAwMDAwMDAwMDAwLCJkZWxldGUiOjYwMDAwMDAwMDAwMCwidXBkYXRlIjozNjAwMDAwMDAwMDAwfSwic2NoZW1hX3ZlcnNpb24iOiIxIn0="
        }
      ]
    },
    {
      "mode": "managed",
      "type": "aws_dynamodb_table",
      "name": "documents",
      "provider": "provider[\"registry.terraform.io/hashicorp/aws\"]",
      "instances": [
        {
          "schema_version": 1,
          "attributes": {
            "arn": "arn:aws:dynamodb:eu-central-1:265020547280:table/actify-saas-documents",
            "attribute": [
              {
                "name": "company_id",
                "type": "S"
              },
              {
                "name": "document_id",
                "type": "S"
              },
              {
                "name": "generated_at",
                "type": "S"
              },
              {
                "name": "system_id",
                "type": "S"
              }
            ],
            "billing_mode": "PAY_PER_REQUEST",
            "deletion_protection_enabled": false,
            "global_secondary_index": [
              {
                "hash_key": "company_id",
                "name": "company-index",
                "non_key_attributes": [],
                "on_demand_throughput": [],
                "projection_type": "ALL",
                "range_key": "generated_at",
                "read_capacity": 0,
                "write_capacity": 0
              },
              {
                "hash_key": "system_id",
                "name": "system-index",
                "non_key_attributes": [],
                "on_demand_throughput": [],
                "projection_type": "ALL",
                "range_key": "generated_at",
                "read_capacity": 0,
                "write_capacity": 0
              }
            ],
            "hash_key": "document_id",
            "id": "actify-saas-documents",
            "import_table": [],
            "local_secondary_index": [],
            "name": "actify-saas-documents",
            "on_demand_throughput": [],
            "point_in_time_recovery": [
              {
                "enabled": true,
                "recovery_period_in_days": 35
              }
            ],
            "range_key": null,
            "read_capacity": 0,
            "replica": [],
            "restore_date_time": null,
            "restore_source_name": null,
            "restore_source_table_arn": null,
            "restore_to_latest_time": null,
            "server_side_encryption": [
              {
                "enabled": true,
                "kms_key_arn": ""
              }
            ],
            "stream_arn": "",
            "stream_enabled": false,
            "stream_label": "",
            "stream_view_type": "",
            "table_class": "STANDARD",
            "tags": {
              "Name": "actify-saas-documents"
            },
            "tags_all": {
              "Environment": "production",
              "ManagedBy": "terraform",
              "Name": "actify-saas-documents",
              "Product": "actify-saas",
              "Project": "actify",
              "Release": "release-2",
              "Repository": "actify-iac"
            },
            "timeouts": null,
            "ttl": [
              {
                "attribute_name": "ttl",
                "enabled": true
              }
            ],
            "write_capacity": 0
          },
          "sensitive_attributes": [],
          "identity_schema_version": 0,
          "private": "eyJlMmJmYjczMC1lY2FhLTExZTYtOGY4OC0zNDM2M2JjN2M0YzAiOnsiY3JlYXRlIjoxODAwMDAwMDAwMDAwLCJkZWxldGUiOjYwMDAwMDAwMDAwMCwidXBkYXRlIjozNjAwMDAwMDAwMDAwfSwic2NoZW1hX3ZlcnNpb24iOiIxIn0="
        }
      ]
    },
    {
      "mode": "managed",
      "type": "aws_dynamodb_table",
      "name": "literacy",
      "provider": "provider[\"registry.terraform.io/hashicorp/aws\"]",
      "instances": [
        {
          "schema_version": 1,
          "attributes": {
            "arn": "arn:aws:dynamodb:eu-central-1:265020547280:table/actify-saas-literacy",
            "attribute": [
              {
                "name": "company_id",
                "type": "S"
              },
              {
                "name": "record_id",
                "type": "S"
              }
            ],
            "billing_mode": "PAY_PER_REQUEST",
            "deletion_protection_enabled": false,
            "global_secondary_index": [],
            "hash_key": "company_id",
            "id": "actify-saas-literacy",
            "import_table": [],
            "local_secondary_index": [],
            "name": "actify-saas-literacy",
            "on_demand_throughput": [],
            "point_in_time_recovery": [
              {
                "enabled": true,
                "recovery_period_in_days": 35
              }
            ],
            "range_key": "record_id",
            "read_capacity": 0,
            "replica": [],
            "restore_date_time": null,
            "restore_source_name": null,
            "restore_source_table_arn": null,
            "restore_to_latest_time": null,
            "server_side_encryption": [
              {
                "enabled": true,
                "kms_key_arn": ""
              }
            ],
            "stream_arn": "",
            "stream_enabled": false,
            "stream_label": "",
            "stream_view_type": "",
            "table_class": "STANDARD",
            "tags": {
              "Name": "actify-saas-literacy"
            },
            "tags_all": {
              "Environment": "production",
              "ManagedBy": "terraform",
              "Name": "actify-saas-literacy",
              "Product": "actify-saas",
              "Project": "actify",
              "Release": "release-2",
              "Repository": "actify-iac"
            },
            "timeouts": null,
            "ttl": [
              {
                "attribute_name": "",
                "enabled": false
              }
            ],
            "write_capacity": 0
          },
          "sensitive_attributes": [],
          "identity_schema_version": 0,
          "private": "eyJlMmJmYjczMC1lY2FhLTExZTYtOGY4OC0zNDM2M2JjN2M0YzAiOnsiY3JlYXRlIjoxODAwMDAwMDAwMDAwLCJkZWxldGUiOjYwMDAwMDAwMDAwMCwidXBkYXRlIjozNjAwMDAwMDAwMDAwfSwic2NoZW1hX3ZlcnNpb24iOiIxIn0="
        }
      ]
    },
    {
      "mode": "managed",
      "type": "aws_dynamodb_table",
      "name": "partner_pmi",
      "provider": "provider[\"registry.terraform.io/hashicorp/aws\"]",
      "instances": [
        {
          "schema_version": 1,
          "attributes": {
            "arn": "arn:aws:dynamodb:eu-central-1:265020547280:table/actify-saas-partner-pmi",
            "attribute": [
              {
                "name": "form_token",
                "type": "S"
              },
              {
                "name": "partner_id",
                "type": "S"
              },
              {
                "name": "pmi_id",
                "type": "S"
              }
            ],
            "billing_mode": "PAY_PER_REQUEST",
            "deletion_protection_enabled": false,
            "global_secondary_index": [
              {
                "hash_key": "form_token",
                "name": "token-index",
                "non_key_attributes": [],
                "on_demand_throughput": [],
                "projection_type": "ALL",
                "range_key": "",
                "read_capacity": 0,
                "write_capacity": 0
              }
            ],
            "hash_key": "partner_id",
            "id": "actify-saas-partner-pmi",
            "import_table": [],
            "local_secondary_index": [],
            "name": "actify-saas-partner-pmi",
            "on_demand_throughput": [],
            "point_in_time_recovery": [
              {
                "enabled": true,
                "recovery_period_in_days": 35
              }
            ],
            "range_key": "pmi_id",
            "read_capacity": 0,
            "replica": [],
            "restore_date_time": null,
            "restore_source_name": null,
            "restore_source_table_arn": null,
            "restore_to_latest_time": null,
            "server_side_encryption": [
              {
                "enabled": true,
                "kms_key_arn": ""
              }
            ],
            "stream_arn": "",
            "stream_enabled": false,
            "stream_label": "",
            "stream_view_type": "",
            "table_class": "STANDARD",
            "tags": {
              "Name": "actify-saas-partner-pmi"
            },
            "tags_all": {
              "Environment": "production",
              "ManagedBy": "terraform",
              "Name": "actify-saas-partner-pmi",
              "Product": "actify-saas",
              "Project": "actify",
              "Release": "release-2",
              "Repository": "actify-iac"
            },
            "timeouts": null,
            "ttl": [
              {
                "attribute_name": "",
                "enabled": false
              }
            ],
            "write_capacity": 0
          },
          "sensitive_attributes": [],
          "identity_schema_version": 0,
          "private": "eyJlMmJmYjczMC1lY2FhLTExZTYtOGY4OC0zNDM2M2JjN2M0YzAiOnsiY3JlYXRlIjoxODAwMDAwMDAwMDAwLCJkZWxldGUiOjYwMDAwMDAwMDAwMCwidXBkYXRlIjozNjAwMDAwMDAwMDAwfSwic2NoZW1hX3ZlcnNpb24iOiIxIn0="
        }
      ]
    },
    {
      "mode": "managed",
      "type": "aws_dynamodb_table",
      "name": "partners",
      "provider": "provider[\"registry.terraform.io/hashicorp/aws\"]",
      "instances": [
        {
          "schema_version": 1,
          "attributes": {
            "arn": "arn:aws:dynamodb:eu-central-1:265020547280:table/actify-saas-partners",
            "attribute": [
              {
                "name": "partner_id",
                "type": "S"
              }
            ],
            "billing_mode": "PAY_PER_REQUEST",
            "deletion_protection_enabled": false,
            "global_secondary_index": [],
            "hash_key": "partner_id",
            "id": "actify-saas-partners",
            "import_table": [],
            "local_secondary_index": [],
            "name": "actify-saas-partners",
            "on_demand_throughput": [],
            "point_in_time_recovery": [
              {
                "enabled": true,
                "recovery_period_in_days": 35
              }
            ],
            "range_key": null,
            "read_capacity": 0,
            "replica": [],
            "restore_date_time": null,
            "restore_source_name": null,
            "restore_source_table_arn": null,
            "restore_to_latest_time": null,
            "server_side_encryption": [
              {
                "enabled": true,
                "kms_key_arn": ""
              }
            ],
            "stream_arn": "",
            "stream_enabled": false,
            "stream_label": "",
            "stream_view_type": "",
            "table_class": "STANDARD",
            "tags": {
              "Name": "actify-saas-partners"
            },
            "tags_all": {
              "Environment": "production",
              "ManagedBy": "terraform",
              "Name": "actify-saas-partners",
              "Product": "actify-saas",
              "Project": "actify",
              "Release": "release-2",
              "Repository": "actify-iac"
            },
            "timeouts": null,
            "ttl": [
              {
                "attribute_name": "",
                "enabled": false
              }
            ],
            "write_capacity": 0
          },
          "sensitive_attributes": [],
          "identity_schema_version": 0,
          "private": "eyJlMmJmYjczMC1lY2FhLTExZTYtOGY4OC0zNDM2M2JjN2M0YzAiOnsiY3JlYXRlIjoxODAwMDAwMDAwMDAwLCJkZWxldGUiOjYwMDAwMDAwMDAwMCwidXBkYXRlIjozNjAwMDAwMDAwMDAwfSwic2NoZW1hX3ZlcnNpb24iOiIxIn0="
        }
      ]
    },
    {
      "mode": "managed",
      "type": "aws_iam_policy",
      "name": "doc_pipeline",
      "provider": "provider[\"registry.terraform.io/hashicorp/aws\"]",
      "instances": [
        {
          "schema_version": 0,
          "attributes": {
            "arn": "arn:aws:iam::265020547280:policy/actify-saas-doc-pipeline-policy",
            "attachment_count": 1,
            "description": "Actify doc-pipeline Lambda permissions",
            "id": "arn:aws:iam::265020547280:policy/actify-saas-doc-pipeline-policy",
            "name": "actify-saas-doc-pipeline-policy",
            "name_prefix": "",
            "path": "/",
            "policy": "{\"Statement\":[{\"Action\":[\"logs:CreateLogGroup\",\"logs:CreateLogStream\",\"logs:PutLogEvents\"],\"Effect\":\"Allow\",\"Resource\":\"arn:aws:logs:eu-central-1:265020547280:log-group:/aws/lambda/actify-saas-doc-*:*\"},{\"Action\":[\"dynamodb:GetItem\",\"dynamodb:PutItem\",\"dynamodb:UpdateItem\",\"dynamodb:Query\"],\"Effect\":\"Allow\",\"Resource\":[\"arn:aws:dynamodb:eu-central-1:265020547280:table/actify-saas-companies\",\"arn:aws:dynamodb:eu-central-1:265020547280:table/actify-saas-ai-systems\",\"arn:aws:dynamodb:eu-central-1:265020547280:table/actify-saas-compliance-checks\",\"arn:aws:dynamodb:eu-central-1:265020547280:table/actify-saas-compliance-checks/index/*\",\"arn:aws:dynamodb:eu-central-1:265020547280:table/actify-saas-documents\",\"arn:aws:dynamodb:eu-central-1:265020547280:table/actify-saas-documents/index/*\",\"arn:aws:dynamodb:eu-central-1:265020547280:table/actify-saas-doc-schemas\",\"arn:aws:dynamodb:eu-central-1:265020547280:table/actify-saas-doc-generations\",\"arn:aws:dynamodb:eu-central-1:265020547280:table/actify-saas-doc-generations/index/*\"]},{\"Action\":[\"dynamodb:PutItem\",\"dynamodb:Query\"],\"Effect\":\"Allow\",\"Resource\":\"arn:aws:dynamodb:eu-central-1:265020547280:table/actify-saas-audit-trail\"},{\"Action\":[\"s3:GetObject\",\"s3:PutObject\",\"s3:DeleteObject\"],\"Effect\":\"Allow\",\"Resource\":\"arn:aws:s3:::actify-saas-documents/*\"},{\"Action\":[\"s3vectors:GetVectors\"],\"Effect\":\"Allow\",\"Resource\":\"arn:aws:s3vectors:eu-central-1:265020547280:bucket/actify-saas-ai-act-knowledge-base/index/ai-act-it\"},{\"Action\":[\"bedrock:InvokeModel\"],\"Effect\":\"Allow\",\"Resource\":[\"arn:aws:bedrock:*::foundation-model/eu.amazon.nova-pro-v1:0\",\"arn:aws:bedrock:*::foundation-model/eu.amazon.nova-lite-v1:0\",\"arn:aws:bedrock:*::foundation-model/amazon.nova-pro-v1:0\",\"arn:aws:bedrock:*::foundation-model/amazon.nova-lite-v1:0\",\"arn:aws:bedrock:eu-central-1:265020547280:inference-profile/eu.amazon.nova-pro-v1:0\",\"arn:aws:bedrock:eu-central-1:265020547280:inference-profile/eu.amazon.nova-lite-v1:0\"]},{\"Action\":[\"lambda:InvokeFunction\"],\"Effect\":\"Allow\",\"Resource\":\"arn:aws:lambda:eu-central-1:265020547280:function:actify-saas-pdf-generator\"}],\"Version\":\"2012-10-17\"}",
            "policy_id": "ANPAT3NDUUDIHY5V5R27Y",
            "tags": {},
            "tags_all": {
              "Environment": "production",
              "ManagedBy": "terraform",
              "Product": "actify-saas",
              "Project": "actify",
              "Release": "release-2",
              "Repository": "actify-iac"
            }
          },
          "sensitive_attributes": [],
          "identity_schema_version": 0,
          "private": "bnVsbA==",
          "dependencies": [
            "aws_dynamodb_table.ai_systems",
            "aws_dynamodb_table.companies",
            "aws_dynamodb_table.compliance_checks",
            "aws_dynamodb_table.doc_generations",
            "aws_dynamodb_table.doc_schemas",
            "aws_dynamodb_table.documents",
            "aws_s3_bucket.actify_documents",
            "data.aws_caller_identity.current"
          ]
        }
      ]
    },
    {
      "mode": "managed",
      "type": "aws_iam_policy",
      "name": "lambda_api",
      "provider": "provider[\"registry.terraform.io/hashicorp/aws\"]",
      "instances": [
        {
          "schema_version": 0,
          "attributes": {
            "arn": "arn:aws:iam::265020547280:policy/actify-saas-api-policy",
            "attachment_count": 1,
            "description": "Least-privilege policy for actify-saas-api: DynamoDB + Cognito + Bedrock + self-invoke",
            "id": "arn:aws:iam::265020547280:policy/actify-saas-api-policy",
            "name": "actify-saas-api-policy",
            "name_prefix": "",
            "path": "/",
            "policy": "{\"Statement\":[{\"Action\":[\"logs:PutLogEvents\",\"logs:CreateLogStream\"],\"Effect\":\"Allow\",\"Resource\":\"arn:aws:logs:eu-central-1:265020547280:log-group:/aws/lambda/actify-saas-api:*\",\"Sid\":\"AllowCloudWatchLogs\"},{\"Action\":[\"dynamodb:UpdateItem\",\"dynamodb:Scan\",\"dynamodb:Query\",\"dynamodb:PutItem\",\"dynamodb:GetItem\",\"dynamodb:DeleteItem\"],\"Effect\":\"Allow\",\"Resource\":[\"arn:aws:dynamodb:eu-central-1:265020547280:table/actify-saas-partners\",\"arn:aws:dynamodb:eu-central-1:265020547280:table/actify-saas-partner-pmi/index/*\",\"arn:aws:dynamodb:eu-central-1:265020547280:table/actify-saas-partner-pmi\",\"arn:aws:dynamodb:eu-central-1:265020547280:table/actify-saas-literacy\",\"arn:aws:dynamodb:eu-central-1:265020547280:table/actify-saas-documents/index/*\",\"arn:aws:dynamodb:eu-central-1:265020547280:table/actify-saas-documents\",\"arn:aws:dynamodb:eu-central-1:265020547280:table/actify-saas-doc-schemas\",\"arn:aws:dynamodb:eu-central-1:265020547280:table/actify-saas-doc-generations/index/*\",\"arn:aws:dynamodb:eu-central-1:265020547280:table/actify-saas-doc-generations\",\"arn:aws:dynamodb:eu-central-1:265020547280:table/actify-saas-compliance-checks\",\"arn:aws:dynamodb:eu-central-1:265020547280:table/actify-saas-company-users/index/*\",\"arn:aws:dynamodb:eu-central-1:265020547280:table/actify-saas-company-users\",\"arn:aws:dynamodb:eu-central-1:265020547280:table/actify-saas-companies\",\"arn:aws:dynamodb:eu-central-1:265020547280:table/actify-saas-audit\",\"arn:aws:dynamodb:eu-central-1:265020547280:table/actify-saas-ai-systems\"],\"Sid\":\"AllowDynamoDBCRUD\"},{\"Action\":[\"s3:PutObject\",\"s3:GetObject\",\"s3:DeleteObject\"],\"Effect\":\"Allow\",\"Resource\":\"arn:aws:s3:::actify-saas-documents/documents/*\",\"Sid\":\"AllowS3DocumentVault\"},{\"Action\":[\"cognito-idp:AdminUpdateUserAttributes\",\"cognito-idp:AdminSetUserPassword\",\"cognito-idp:AdminGetUser\",\"cognito-idp:AdminDeleteUser\",\"cognito-idp:AdminCreateUser\"],\"Effect\":\"Allow\",\"Resource\":\"arn:aws:cognito-idp:eu-central-1:265020547280:userpool/eu-central-1_4D3kDUrMF\",\"Sid\":\"AllowCognitoUserManagement\"},{\"Action\":\"bedrock:InvokeModel\",\"Effect\":\"Allow\",\"Resource\":[\"arn:aws:bedrock:us-west-2::foundation-model/amazon.nova-pro-v1:0\",\"arn:aws:bedrock:us-east-1::foundation-model/amazon.titan-embed-text-v2:0\",\"arn:aws:bedrock:us-east-1::foundation-model/amazon.nova-pro-v1:0\",\"arn:aws:bedrock:eu-west-3::foundation-model/amazon.nova-pro-v1:0\",\"arn:aws:bedrock:eu-west-1::foundation-model/amazon.nova-pro-v1:0\",\"arn:aws:bedrock:eu-north-1::foundation-model/amazon.nova-pro-v1:0\",\"arn:aws:bedrock:eu-central-1::foundation-model/amazon.titan-embed-text-v2:0\",\"arn:aws:bedrock:eu-central-1::foundation-model/amazon.nova-pro-v1:0\",\"arn:aws:bedrock:eu-central-1:265020547280:inference-profile/eu.amazon.nova-pro-v1:0\"],\"Sid\":\"AllowBedrockInvoke\"},{\"Action\":[\"s3vectors:QueryVectors\",\"s3vectors:ListVectors\",\"s3vectors:GetVectors\"],\"Effect\":\"Allow\",\"Resource\":[\"arn:aws:s3vectors:eu-central-1:265020547280:bucket/actify-saas-ai-act-knowledge-base/*\",\"arn:aws:s3vectors:eu-central-1:265020547280:bucket/actify-saas-ai-act-knowledge-base\"],\"Sid\":\"AllowS3VectorsRAGRead\"},{\"Action\":\"lambda:InvokeFunction\",\"Effect\":\"Allow\",\"Resource\":[\"arn:aws:lambda:eu-central-1:265020547280:function:actify-saas-pdf-generator\",\"arn:aws:lambda:eu-central-1:265020547280:function:actify-saas-api\"],\"Sid\":\"AllowLambdaInvoke\"},{\"Action\":\"states:StartExecution\",\"Effect\":\"Allow\",\"Resource\":\"arn:aws:states:eu-central-1:265020547280:stateMachine:actify-saas-doc-generation-workflow\",\"Sid\":\"AllowStepFunctionsStartExecution\"}],\"Version\":\"2012-10-17\"}",
            "policy_id": "ANPAT3NDUUDIKSXGGGVFF",
            "tags": {
              "Name": "actify-saas-api-policy"
            },
            "tags_all": {
              "Environment": "production",
              "ManagedBy": "terraform",
              "Name": "actify-saas-api-policy",
              "Product": "actify-saas",
              "Project": "actify",
              "Release": "release-2",
              "Repository": "actify-iac"
            }
          },
          "sensitive_attributes": [],
          "identity_schema_version": 0,
          "private": "bnVsbA==",
          "dependencies": [
            "aws_cloudwatch_log_group.doc_assemble",
            "aws_cloudwatch_log_group.doc_assemble_ctx",
            "aws_cloudwatch_log_group.doc_generate_slot",
            "aws_cloudwatch_log_group.doc_persist",
            "aws_cloudwatch_log_group.doc_validate",
            "aws_cloudwatch_log_group.lambda_api",
            "aws_cloudwatch_log_group.sfn_doc_pipeline",
            "aws_cognito_user_pool.actify",
            "aws_dynamodb_table.ai_systems",
            "aws_dynamodb_table.audit",
            "aws_dynamodb_table.companies",
            "aws_dynamodb_table.company_users",
            "aws_dynamodb_table.compliance_checks",
            "aws_dynamodb_table.doc_generations",
            "aws_dynamodb_table.doc_schemas",
            "aws_dynamodb_table.documents",
            "aws_dynamodb_table.literacy",
            "aws_dynamodb_table.partner_pmi",
            "aws_dynamodb_table.partners",
            "aws_iam_policy.doc_pipeline",
            "aws_iam_policy.sfn_doc_pipeline",
            "aws_iam_role.doc_pipeline",
            "aws_iam_role.sfn_doc_pipeline",
            "aws_iam_role_policy_attachment.doc_pipeline",
            "aws_iam_role_policy_attachment.sfn_doc_pipeline",
            "aws_lambda_function.doc_assemble",
            "aws_lambda_function.doc_assemble_ctx",
            "aws_lambda_function.doc_generate_slot",
            "aws_lambda_function.doc_persist",
            "aws_lambda_function.doc_validate",
            "aws_s3_bucket.actify_documents",
            "aws_sfn_state_machine.doc_generation",
            "data.archive_file.doc_pipeline_stub",
            "data.aws_caller_identity.current",
            "data.aws_iam_policy_document.api_permissions"
          ]
        }
      ]
    },
    {
      "mode": "managed",
      "type": "aws_iam_policy",
      "name": "sfn_doc_pipeline",
      "provider": "provider[\"registry.terraform.io/hashicorp/aws\"]",
      "instances": [
        {
          "schema_version": 0,
          "attributes": {
            "arn": "arn:aws:iam::265020547280:policy/actify-saas-sfn-policy",
            "attachment_count": 1,
            "description": "Actify Step Functions — doc generation workflow permissions",
            "id": "arn:aws:iam::265020547280:policy/actify-saas-sfn-policy",
            "name": "actify-saas-sfn-policy",
            "name_prefix": "",
            "path": "/",
            "policy": "{\"Statement\":[{\"Action\":[\"lambda:InvokeFunction\"],\"Effect\":\"Allow\",\"Resource\":[\"arn:aws:lambda:eu-central-1:265020547280:function:actify-saas-doc-assemble-context\",\"arn:aws:lambda:eu-central-1:265020547280:function:actify-saas-doc-generate-slot\",\"arn:aws:lambda:eu-central-1:265020547280:function:actify-saas-doc-validate\",\"arn:aws:lambda:eu-central-1:265020547280:function:actify-saas-doc-assemble-document\",\"arn:aws:lambda:eu-central-1:265020547280:function:actify-saas-doc-persist-audit\",\"arn:aws:lambda:eu-central-1:265020547280:function:actify-saas-pdf-generator\"]},{\"Action\":[\"logs:CreateLogDelivery\",\"logs:GetLogDelivery\",\"logs:UpdateLogDelivery\",\"logs:DeleteLogDelivery\",\"logs:ListLogDeliveries\",\"logs:PutLogEvents\",\"logs:PutResourcePolicy\",\"logs:DescribeResourcePolicies\",\"logs:DescribeLogGroups\"],\"Effect\":\"Allow\",\"Resource\":\"*\"},{\"Action\":[\"xray:PutTraceSegments\",\"xray:PutTelemetryRecords\",\"xray:GetSamplingRules\",\"xray:GetSamplingTargets\"],\"Effect\":\"Allow\",\"Resource\":\"*\"}],\"Version\":\"2012-10-17\"}",
            "policy_id": "ANPAT3NDUUDIGHH3LTEV2",
            "tags": {},
            "tags_all": {
              "Environment": "production",
              "ManagedBy": "terraform",
              "Product": "actify-saas",
              "Project": "actify",
              "Release": "release-2",
              "Repository": "actify-iac"
            }
          },
          "sensitive_attributes": [],
          "identity_schema_version": 0,
          "private": "bnVsbA==",
          "dependencies": [
            "aws_cloudwatch_log_group.doc_assemble",
            "aws_cloudwatch_log_group.doc_assemble_ctx",
            "aws_cloudwatch_log_group.doc_generate_slot",
            "aws_cloudwatch_log_group.doc_persist",
            "aws_cloudwatch_log_group.doc_validate",
            "aws_dynamodb_table.ai_systems",
            "aws_dynamodb_table.companies",
            "aws_dynamodb_table.compliance_checks",
            "aws_dynamodb_table.doc_generations",
            "aws_dynamodb_table.doc_schemas",
            "aws_dynamodb_table.documents",
            "aws_iam_policy.doc_pipeline",
            "aws_iam_role.doc_pipeline",
            "aws_iam_role_policy_attachment.doc_pipeline",
            "aws_lambda_function.doc_assemble",
            "aws_lambda_function.doc_assemble_ctx",
            "aws_lambda_function.doc_generate_slot",
            "aws_lambda_function.doc_persist",
            "aws_lambda_function.doc_validate",
            "aws_s3_bucket.actify_documents",
            "data.archive_file.doc_pipeline_stub",
            "data.aws_caller_identity.current"
          ]
        }
      ]
    },
    {
      "mode": "managed",
      "type": "aws_iam_role",
      "name": "doc_pipeline",
      "provider": "provider[\"registry.terraform.io/hashicorp/aws\"]",
      "instances": [
        {
          "schema_version": 0,
          "attributes": {
            "arn": "arn:aws:iam::265020547280:role/actify-saas-doc-pipeline-role",
            "assume_role_policy": "{\"Statement\":[{\"Action\":\"sts:AssumeRole\",\"Effect\":\"Allow\",\"Principal\":{\"Service\":\"lambda.amazonaws.com\"}}],\"Version\":\"2012-10-17\"}",
            "create_date": "2026-06-12T17:47:00Z",
            "description": "",
            "force_detach_policies": false,
            "id": "actify-saas-doc-pipeline-role",
            "inline_policy": [],
            "managed_policy_arns": [
              "arn:aws:iam::265020547280:policy/actify-saas-doc-pipeline-policy"
            ],
            "max_session_duration": 3600,
            "name": "actify-saas-doc-pipeline-role",
            "name_prefix": "",
            "path": "/",
            "permissions_boundary": "",
            "tags": {
              "Environment": "production",
              "ManagedBy": "terraform",
              "Product": "actify-saas",
              "Project": "actify",
              "Release": "release-2",
              "Repository": "actify-iac"
            },
            "tags_all": {
              "Environment": "production",
              "ManagedBy": "terraform",
              "Product": "actify-saas",
              "Project": "actify",
              "Release": "release-2",
              "Repository": "actify-iac"
            },
            "unique_id": "AROAT3NDUUDIO6BWAKIW3"
          },
          "sensitive_attributes": [],
          "identity_schema_version": 0,
          "private": "bnVsbA=="
        }
      ]
    },
    {
      "mode": "managed",
      "type": "aws_iam_role",
      "name": "lambda_api",
      "provider": "provider[\"registry.terraform.io/hashicorp/aws\"]",
      "instances": [
        {
          "schema_version": 0,
          "attributes": {
            "arn": "arn:aws:iam::265020547280:role/actify-saas-api-role",
            "assume_role_policy": "{\"Statement\":[{\"Action\":\"sts:AssumeRole\",\"Effect\":\"Allow\",\"Principal\":{\"Service\":\"lambda.amazonaws.com\"},\"Sid\":\"AllowLambdaAssumeRole\"}],\"Version\":\"2012-10-17\"}",
            "create_date": "2026-05-14T12:49:54Z",
            "description": "",
            "force_detach_policies": false,
            "id": "actify-saas-api-role",
            "inline_policy": [
              {
                "name": "sfn-start-execution",
                "policy": "{\"Version\":\"2012-10-17\",\"Statement\":[{\"Action\":\"states:StartExecution\",\"Effect\":\"Allow\",\"Resource\":\"arn:aws:states:eu-central-1:265020547280:stateMachine:actify-saas-doc-generation-workflow\"}]}"
              }
            ],
            "managed_policy_arns": [
              "arn:aws:iam::265020547280:policy/actify-saas-api-policy"
            ],
            "max_session_duration": 3600,
            "name": "actify-saas-api-role",
            "name_prefix": "",
            "path": "/",
            "permissions_boundary": "",
            "tags": {
              "Name": "actify-saas-api-role"
            },
            "tags_all": {
              "Environment": "production",
              "ManagedBy": "terraform",
              "Name": "actify-saas-api-role",
              "Product": "actify-saas",
              "Project": "actify",
              "Release": "release-2",
              "Repository": "actify-iac"
            },
            "unique_id": "AROAT3NDUUDIKRCXZOP6G"
          },
          "sensitive_attributes": [],
          "identity_schema_version": 0,
          "private": "bnVsbA==",
          "dependencies": [
            "data.aws_iam_policy_document.api_assume_role"
          ]
        }
      ]
    },
    {
      "mode": "managed",
      "type": "aws_iam_role",
      "name": "sfn_doc_pipeline",
      "provider": "provider[\"registry.terraform.io/hashicorp/aws\"]",
      "instances": [
        {
          "schema_version": 0,
          "attributes": {
            "arn": "arn:aws:iam::265020547280:role/actify-saas-sfn-role",
            "assume_role_policy": "{\"Statement\":[{\"Action\":\"sts:AssumeRole\",\"Condition\":{\"StringEquals\":{\"aws:SourceAccount\":\"265020547280\"}},\"Effect\":\"Allow\",\"Principal\":{\"Service\":\"states.amazonaws.com\"}}],\"Version\":\"2012-10-17\"}",
            "create_date": "2026-06-12T17:47:00Z",
            "description": "",
            "force_detach_policies": false,
            "id": "actify-saas-sfn-role",
            "inline_policy": [],
            "managed_policy_arns": [
              "arn:aws:iam::265020547280:policy/actify-saas-sfn-policy"
            ],
            "max_session_duration": 3600,
            "name": "actify-saas-sfn-role",
            "name_prefix": "",
            "path": "/",
            "permissions_boundary": "",
            "tags": {
              "Environment": "production",
              "ManagedBy": "terraform",
              "Product": "actify-saas",
              "Project": "actify",
              "Release": "release-2",
              "Repository": "actify-iac"
            },
            "tags_all": {
              "Environment": "production",
              "ManagedBy": "terraform",
              "Product": "actify-saas",
              "Project": "actify",
              "Release": "release-2",
              "Repository": "actify-iac"
            },
            "unique_id": "AROAT3NDUUDIEJ76SPQI3"
          },
          "sensitive_attributes": [],
          "identity_schema_version": 0,
          "private": "bnVsbA==",
          "dependencies": [
            "data.aws_caller_identity.current"
          ]
        }
      ]
    },
    {
      "mode": "managed",
      "type": "aws_iam_role_policy_attachment",
      "name": "doc_pipeline",
      "provider": "provider[\"registry.terraform.io/hashicorp/aws\"]",
      "instances": [
        {
          "schema_version": 0,
          "attributes": {
            "id": "actify-saas-doc-pipeline-role-20260612174755096200000001",
            "policy_arn": "arn:aws:iam::265020547280:policy/actify-saas-doc-pipeline-policy",
            "role": "actify-saas-doc-pipeline-role"
          },
          "sensitive_attributes": [],
          "identity_schema_version": 0,
          "private": "bnVsbA==",
          "dependencies": [
            "aws_dynamodb_table.ai_systems",
            "aws_dynamodb_table.companies",
            "aws_dynamodb_table.compliance_checks",
            "aws_dynamodb_table.doc_generations",
            "aws_dynamodb_table.doc_schemas",
            "aws_dynamodb_table.documents",
            "aws_iam_policy.doc_pipeline",
            "aws_iam_role.doc_pipeline",
            "aws_s3_bucket.actify_documents",
            "data.aws_caller_identity.current"
          ]
        }
      ]
    },
    {
      "mode": "managed",
      "type": "aws_iam_role_policy_attachment",
      "name": "lambda_api",
      "provider": "provider[\"registry.terraform.io/hashicorp/aws\"]",
      "instances": [
        {
          "schema_version": 0,
          "attributes": {
            "id": "actify-saas-api-role-20260514125018131500000001",
            "policy_arn": "arn:aws:iam::265020547280:policy/actify-saas-api-policy",
            "role": "actify-saas-api-role"
          },
          "sensitive_attributes": [],
          "identity_schema_version": 0,
          "private": "bnVsbA==",
          "dependencies": [
            "aws_cloudwatch_log_group.doc_assemble",
            "aws_cloudwatch_log_group.doc_assemble_ctx",
            "aws_cloudwatch_log_group.doc_generate_slot",
            "aws_cloudwatch_log_group.doc_persist",
            "aws_cloudwatch_log_group.doc_validate",
            "aws_cloudwatch_log_group.lambda_api",
            "aws_cloudwatch_log_group.sfn_doc_pipeline",
            "aws_cognito_user_pool.actify",
            "aws_dynamodb_table.ai_systems",
            "aws_dynamodb_table.audit",
            "aws_dynamodb_table.companies",
            "aws_dynamodb_table.company_users",
            "aws_dynamodb_table.compliance_checks",
            "aws_dynamodb_table.doc_generations",
            "aws_dynamodb_table.doc_schemas",
            "aws_dynamodb_table.documents",
            "aws_dynamodb_table.literacy",
            "aws_dynamodb_table.partner_pmi",
            "aws_dynamodb_table.partners",
            "aws_iam_policy.doc_pipeline",
            "aws_iam_policy.lambda_api",
            "aws_iam_policy.sfn_doc_pipeline",
            "aws_iam_role.doc_pipeline",
            "aws_iam_role.lambda_api",
            "aws_iam_role.sfn_doc_pipeline",
            "aws_iam_role_policy_attachment.doc_pipeline",
            "aws_iam_role_policy_attachment.sfn_doc_pipeline",
            "aws_lambda_function.doc_assemble",
            "aws_lambda_function.doc_assemble_ctx",
            "aws_lambda_function.doc_generate_slot",
            "aws_lambda_function.doc_persist",
            "aws_lambda_function.doc_validate",
            "aws_s3_bucket.actify_documents",
            "aws_sfn_state_machine.doc_generation",
            "data.archive_file.doc_pipeline_stub",
            "data.aws_caller_identity.current",
            "data.aws_iam_policy_document.api_assume_role",
            "data.aws_iam_policy_document.api_permissions"
          ]
        }
      ]
    },
    {
      "mode": "managed",
      "type": "aws_iam_role_policy_attachment",
      "name": "sfn_doc_pipeline",
      "provider": "provider[\"registry.terraform.io/hashicorp/aws\"]",
      "instances": [
        {
          "schema_version": 0,
          "attributes": {
            "id": "actify-saas-sfn-role-20260612174917589100000001",
            "policy_arn": "arn:aws:iam::265020547280:policy/actify-saas-sfn-policy",
            "role": "actify-saas-sfn-role"
          },
          "sensitive_attributes": [],
          "identity_schema_version": 0,
          "private": "bnVsbA==",
          "dependencies": [
            "aws_cloudwatch_log_group.doc_assemble",
            "aws_cloudwatch_log_group.doc_assemble_ctx",
            "aws_cloudwatch_log_group.doc_generate_slot",
            "aws_cloudwatch_log_group.doc_persist",
            "aws_cloudwatch_log_group.doc_validate",
            "aws_dynamodb_table.ai_systems",
            "aws_dynamodb_table.companies",
            "aws_dynamodb_table.compliance_checks",
            "aws_dynamodb_table.doc_generations",
            "aws_dynamodb_table.doc_schemas",
            "aws_dynamodb_table.documents",
            "aws_iam_policy.doc_pipeline",
            "aws_iam_policy.sfn_doc_pipeline",
            "aws_iam_role.doc_pipeline",
            "aws_iam_role.sfn_doc_pipeline",
            "aws_iam_role_policy_attachment.doc_pipeline",
            "aws_lambda_function.doc_assemble",
            "aws_lambda_function.doc_assemble_ctx",
            "aws_lambda_function.doc_generate_slot",
            "aws_lambda_function.doc_persist",
            "aws_lambda_function.doc_validate",
            "aws_s3_bucket.actify_documents",
            "data.archive_file.doc_pipeline_stub",
            "data.aws_caller_identity.current"
          ]
        }
      ]
    },
    {
      "mode": "managed",
      "type": "aws_lambda_function",
      "name": "doc_assemble",
      "provider": "provider[\"registry.terraform.io/hashicorp/aws\"]",
      "instances": [
        {
          "schema_version": 0,
          "attributes": {
            "architectures": [
              "x86_64"
            ],
            "arn": "arn:aws:lambda:eu-central-1:265020547280:function:actify-saas-doc-assemble-document",
            "code_sha256": "Ymu1S5khuM15imwLScZl1+gGXfyEOVTokTFpEndaRbE=",
            "code_signing_config_arn": "",
            "dead_letter_config": [],
            "description": "Doc pipeline step 5: merge FIXED sections + GENERATIVE slots → canonical Markdown → S3",
            "environment": [
              {
                "variables": {
                  "BEDROCK_MODEL_ECONOMY": "eu.amazon.nova-lite-v1:0",
                  "BEDROCK_MODEL_STANDARD": "eu.amazon.nova-pro-v1:0",
                  "BEDROCK_REGION": "eu-central-1",
                  "DOCUMENTS_BUCKET": "actify-saas-documents",
                  "DYNAMODB_AUDIT_TABLE": "actify-saas-audit-trail",
                  "DYNAMODB_CHECKS_TABLE": "actify-saas-compliance-checks",
                  "DYNAMODB_COMPANIES_TABLE": "actify-saas-companies",
                  "DYNAMODB_DOCUMENTS_TABLE": "actify-saas-documents",
                  "DYNAMODB_DOC_GENERATIONS_TABLE": "actify-saas-doc-generations",
                  "DYNAMODB_DOC_SCHEMAS_TABLE": "actify-saas-doc-schemas",
                  "DYNAMODB_SYSTEMS_TABLE": "actify-saas-ai-systems",
                  "ENV": "production",
                  "LAMBDA_PDF_ARN": "arn:aws:lambda:eu-central-1:265020547280:function:actify-saas-pdf-generator",
                  "S3_VECTORS_BUCKET": "actify-saas-ai-act-knowledge-base",
                  "S3_VECTORS_INDEX": "ai-act-it",
                  "S3_VECTORS_REGION": "eu-central-1"
                }
              }
            ],
            "ephemeral_storage": [
              {
                "size": 512
              }
            ],
            "file_system_config": [],
            "filename": "./.terraform/doc_pipeline_stub.zip",
            "function_name": "actify-saas-doc-assemble-document",
            "handler": "src/handlers/assembleDocument.handler",
            "id": "actify-saas-doc-assemble-document",
            "image_config": [],
            "image_uri": "",
            "invoke_arn": "arn:aws:apigateway:eu-central-1:lambda:path/2015-03-31/functions/arn:aws:lambda:eu-central-1:265020547280:function:actify-saas-doc-assemble-document/invocations",
            "kms_key_arn": "",
            "last_modified": "2026-06-23T15:44:31.000+0000",
            "layers": [],
            "logging_config": [
              {
                "application_log_level": "",
                "log_format": "Text",
                "log_group": "/aws/lambda/actify-saas-doc-assemble-document",
                "system_log_level": ""
              }
            ],
            "memory_size": 256,
            "package_type": "Zip",
            "publish": false,
            "qualified_arn": "arn:aws:lambda:eu-central-1:265020547280:function:actify-saas-doc-assemble-document:$LATEST",
            "qualified_invoke_arn": "arn:aws:apigateway:eu-central-1:lambda:path/2015-03-31/functions/arn:aws:lambda:eu-central-1:265020547280:function:actify-saas-doc-assemble-document:$LATEST/invocations",
            "replace_security_groups_on_destroy": null,
            "replacement_security_group_ids": null,
            "reserved_concurrent_executions": -1,
            "role": "arn:aws:iam::265020547280:role/actify-saas-doc-pipeline-role",
            "runtime": "nodejs20.x",
            "s3_bucket": null,
            "s3_key": null,
            "s3_object_version": null,
            "signing_job_arn": "",
            "signing_profile_version_arn": "",
            "skip_destroy": false,
            "snap_start": [],
            "source_code_hash": "A+aqFbmInXNGrwe/K1IS8/Yc7w3S5cL4ALPYJP1Innc=",
            "source_code_size": 14872050,
            "tags": {
              "Environment": "production",
              "ManagedBy": "terraform",
              "Name": "actify-saas-doc-assemble-document",
              "Product": "actify-saas",
              "Project": "actify",
              "Release": "release-2",
              "Repository": "actify-iac"
            },
            "tags_all": {
              "Environment": "production",
              "ManagedBy": "terraform",
              "Name": "actify-saas-doc-assemble-document",
              "Product": "actify-saas",
              "Project": "actify",
              "Release": "release-2",
              "Repository": "actify-iac"
            },
            "timeout": 15,
            "timeouts": null,
            "tracing_config": [
              {
                "mode": "PassThrough"
              }
            ],
            "version": "$LATEST",
            "vpc_config": []
          },
          "sensitive_attributes": [],
          "identity_schema_version": 0,
          "private": "eyJlMmJmYjczMC1lY2FhLTExZTYtOGY4OC0zNDM2M2JjN2M0YzAiOnsiY3JlYXRlIjo2MDAwMDAwMDAwMDAsImRlbGV0ZSI6NjAwMDAwMDAwMDAwLCJ1cGRhdGUiOjYwMDAwMDAwMDAwMH19",
          "dependencies": [
            "aws_cloudwatch_log_group.doc_assemble",
            "aws_dynamodb_table.ai_systems",
            "aws_dynamodb_table.companies",
            "aws_dynamodb_table.compliance_checks",
            "aws_dynamodb_table.doc_generations",
            "aws_dynamodb_table.doc_schemas",
            "aws_dynamodb_table.documents",
            "aws_iam_policy.doc_pipeline",
            "aws_iam_role.doc_pipeline",
            "aws_iam_role_policy_attachment.doc_pipeline",
            "aws_s3_bucket.actify_documents",
            "data.archive_file.doc_pipeline_stub",
            "data.aws_caller_identity.current"
          ]
        }
      ]
    },
    {
      "mode": "managed",
      "type": "aws_lambda_function",
      "name": "doc_assemble_ctx",
      "provider": "provider[\"registry.terraform.io/hashicorp/aws\"]",
      "instances": [
        {
          "schema_version": 0,
          "attributes": {
            "architectures": [
              "x86_64"
            ],
            "arn": "arn:aws:lambda:eu-central-1:265020547280:function:actify-saas-doc-assemble-context",
            "code_sha256": "G/gfA3Wa8pL57oyNDxchBkEvkm2qh1HwOxBhMYFsTUU=",
            "code_signing_config_arn": "",
            "dead_letter_config": [],
            "description": "Doc pipeline step 1: load schema, company, system, gap, article texts from S3 Vectors",
            "environment": [
              {
                "variables": {
                  "BEDROCK_MODEL_ECONOMY": "eu.amazon.nova-lite-v1:0",
                  "BEDROCK_MODEL_STANDARD": "eu.amazon.nova-pro-v1:0",
                  "BEDROCK_REGION": "eu-central-1",
                  "DOCUMENTS_BUCKET": "actify-saas-documents",
                  "DYNAMODB_AUDIT_TABLE": "actify-saas-audit-trail",
                  "DYNAMODB_CHECKS_TABLE": "actify-saas-compliance-checks",
                  "DYNAMODB_COMPANIES_TABLE": "actify-saas-companies",
                  "DYNAMODB_DOCUMENTS_TABLE": "actify-saas-documents",
                  "DYNAMODB_DOC_GENERATIONS_TABLE": "actify-saas-doc-generations",
                  "DYNAMODB_DOC_SCHEMAS_TABLE": "actify-saas-doc-schemas",
                  "DYNAMODB_SYSTEMS_TABLE": "actify-saas-ai-systems",
                  "ENV": "production",
                  "LAMBDA_PDF_ARN": "arn:aws:lambda:eu-central-1:265020547280:function:actify-saas-pdf-generator",
                  "S3_VECTORS_BUCKET": "actify-saas-ai-act-knowledge-base",
                  "S3_VECTORS_INDEX": "ai-act-it",
                  "S3_VECTORS_REGION": "eu-central-1"
                }
              }
            ],
            "ephemeral_storage": [
              {
                "size": 512
              }
            ],
            "file_system_config": [],
            "filename": "./.terraform/doc_pipeline_stub.zip",
            "function_name": "actify-saas-doc-assemble-context",
            "handler": "src/handlers/assembleContext.handler",
            "id": "actify-saas-doc-assemble-context",
            "image_config": [],
            "image_uri": "",
            "invoke_arn": "arn:aws:apigateway:eu-central-1:lambda:path/2015-03-31/functions/arn:aws:lambda:eu-central-1:265020547280:function:actify-saas-doc-assemble-context/invocations",
            "kms_key_arn": "",
            "last_modified": "2026-06-23T16:38:32.000+0000",
            "layers": [],
            "logging_config": [
              {
                "application_log_level": "",
                "log_format": "Text",
                "log_group": "/aws/lambda/actify-saas-doc-assemble-context",
                "system_log_level": ""
              }
            ],
            "memory_size": 256,
            "package_type": "Zip",
            "publish": false,
            "qualified_arn": "arn:aws:lambda:eu-central-1:265020547280:function:actify-saas-doc-assemble-context:$LATEST",
            "qualified_invoke_arn": "arn:aws:apigateway:eu-central-1:lambda:path/2015-03-31/functions/arn:aws:lambda:eu-central-1:265020547280:function:actify-saas-doc-assemble-context:$LATEST/invocations",
            "replace_security_groups_on_destroy": null,
            "replacement_security_group_ids": null,
            "reserved_concurrent_executions": -1,
            "role": "arn:aws:iam::265020547280:role/actify-saas-doc-pipeline-role",
            "runtime": "nodejs20.x",
            "s3_bucket": null,
            "s3_key": null,
            "s3_object_version": null,
            "signing_job_arn": "",
            "signing_profile_version_arn": "",
            "skip_destroy": false,
            "snap_start": [],
            "source_code_hash": "A+aqFbmInXNGrwe/K1IS8/Yc7w3S5cL4ALPYJP1Innc=",
            "source_code_size": 14872566,
            "tags": {
              "Environment": "production",
              "ManagedBy": "terraform",
              "Name": "actify-saas-doc-assemble-context",
              "Product": "actify-saas",
              "Project": "actify",
              "Release": "release-2",
              "Repository": "actify-iac"
            },
            "tags_all": {
              "Environment": "production",
              "ManagedBy": "terraform",
              "Name": "actify-saas-doc-assemble-context",
              "Product": "actify-saas",
              "Project": "actify",
              "Release": "release-2",
              "Repository": "actify-iac"
            },
            "timeout": 30,
            "timeouts": null,
            "tracing_config": [
              {
                "mode": "PassThrough"
              }
            ],
            "version": "$LATEST",
            "vpc_config": []
          },
          "sensitive_attributes": [],
          "identity_schema_version": 0,
          "private": "eyJlMmJmYjczMC1lY2FhLTExZTYtOGY4OC0zNDM2M2JjN2M0YzAiOnsiY3JlYXRlIjo2MDAwMDAwMDAwMDAsImRlbGV0ZSI6NjAwMDAwMDAwMDAwLCJ1cGRhdGUiOjYwMDAwMDAwMDAwMH19",
          "dependencies": [
            "aws_cloudwatch_log_group.doc_assemble_ctx",
            "aws_dynamodb_table.ai_systems",
            "aws_dynamodb_table.companies",
            "aws_dynamodb_table.compliance_checks",
            "aws_dynamodb_table.doc_generations",
            "aws_dynamodb_table.doc_schemas",
            "aws_dynamodb_table.documents",
            "aws_iam_policy.doc_pipeline",
            "aws_iam_role.doc_pipeline",
            "aws_iam_role_policy_attachment.doc_pipeline",
            "aws_s3_bucket.actify_documents",
            "data.archive_file.doc_pipeline_stub",
            "data.aws_caller_identity.current"
          ]
        }
      ]
    },
    {
      "mode": "managed",
      "type": "aws_lambda_function",
      "name": "doc_generate_slot",
      "provider": "provider[\"registry.terraform.io/hashicorp/aws\"]",
      "instances": [
        {
          "schema_version": 0,
          "attributes": {
            "architectures": [
              "x86_64"
            ],
            "arn": "arn:aws:lambda:eu-central-1:265020547280:function:actify-saas-doc-generate-slot",
            "code_sha256": "9CitswrnMRHcDMeoSqZjHeRmd1SwLWmz4kP2SVfee3U=",
            "code_signing_config_arn": "",
            "dead_letter_config": [],
            "description": "Doc pipeline step 2 (Map): generate one GENERATIVE slot via Bedrock Converse API",
            "environment": [
              {
                "variables": {
                  "BEDROCK_MODEL_ECONOMY": "eu.amazon.nova-lite-v1:0",
                  "BEDROCK_MODEL_STANDARD": "eu.amazon.nova-pro-v1:0",
                  "BEDROCK_REGION": "eu-central-1",
                  "DOCUMENTS_BUCKET": "actify-saas-documents",
                  "DYNAMODB_AUDIT_TABLE": "actify-saas-audit-trail",
                  "DYNAMODB_CHECKS_TABLE": "actify-saas-compliance-checks",
                  "DYNAMODB_COMPANIES_TABLE": "actify-saas-companies",
                  "DYNAMODB_DOCUMENTS_TABLE": "actify-saas-documents",
                  "DYNAMODB_DOC_GENERATIONS_TABLE": "actify-saas-doc-generations",
                  "DYNAMODB_DOC_SCHEMAS_TABLE": "actify-saas-doc-schemas",
                  "DYNAMODB_SYSTEMS_TABLE": "actify-saas-ai-systems",
                  "ENV": "production",
                  "LAMBDA_PDF_ARN": "arn:aws:lambda:eu-central-1:265020547280:function:actify-saas-pdf-generator",
                  "S3_VECTORS_BUCKET": "actify-saas-ai-act-knowledge-base",
                  "S3_VECTORS_INDEX": "ai-act-it",
                  "S3_VECTORS_REGION": "eu-central-1"
                }
              }
            ],
            "ephemeral_storage": [
              {
                "size": 512
              }
            ],
            "file_system_config": [],
            "filename": "./.terraform/doc_pipeline_stub.zip",
            "function_name": "actify-saas-doc-generate-slot",
            "handler": "src/handlers/generateSlot.handler",
            "id": "actify-saas-doc-generate-slot",
            "image_config": [],
            "image_uri": "",
            "invoke_arn": "arn:aws:apigateway:eu-central-1:lambda:path/2015-03-31/functions/arn:aws:lambda:eu-central-1:265020547280:function:actify-saas-doc-generate-slot/invocations",
            "kms_key_arn": "",
            "last_modified": "2026-06-23T15:44:26.000+0000",
            "layers": [],
            "logging_config": [
              {
                "application_log_level": "",
                "log_format": "Text",
                "log_group": "/aws/lambda/actify-saas-doc-generate-slot",
                "system_log_level": ""
              }
            ],
            "memory_size": 256,
            "package_type": "Zip",
            "publish": false,
            "qualified_arn": "arn:aws:lambda:eu-central-1:265020547280:function:actify-saas-doc-generate-slot:$LATEST",
            "qualified_invoke_arn": "arn:aws:apigateway:eu-central-1:lambda:path/2015-03-31/functions/arn:aws:lambda:eu-central-1:265020547280:function:actify-saas-doc-generate-slot:$LATEST/invocations",
            "replace_security_groups_on_destroy": null,
            "replacement_security_group_ids": null,
            "reserved_concurrent_executions": -1,
            "role": "arn:aws:iam::265020547280:role/actify-saas-doc-pipeline-role",
            "runtime": "nodejs20.x",
            "s3_bucket": null,
            "s3_key": null,
            "s3_object_version": null,
            "signing_job_arn": "",
            "signing_profile_version_arn": "",
            "skip_destroy": false,
            "snap_start": [],
            "source_code_hash": "A+aqFbmInXNGrwe/K1IS8/Yc7w3S5cL4ALPYJP1Innc=",
            "source_code_size": 14872050,
            "tags": {
              "Environment": "production",
              "ManagedBy": "terraform",
              "Name": "actify-saas-doc-generate-slot",
              "Product": "actify-saas",
              "Project": "actify",
              "Release": "release-2",
              "Repository": "actify-iac"
            },
            "tags_all": {
              "Environment": "production",
              "ManagedBy": "terraform",
              "Name": "actify-saas-doc-generate-slot",
              "Product": "actify-saas",
              "Project": "actify",
              "Release": "release-2",
              "Repository": "actify-iac"
            },
            "timeout": 60,
            "timeouts": null,
            "tracing_config": [
              {
                "mode": "PassThrough"
              }
            ],
            "version": "$LATEST",
            "vpc_config": []
          },
          "sensitive_attributes": [],
          "identity_schema_version": 0,
          "private": "eyJlMmJmYjczMC1lY2FhLTExZTYtOGY4OC0zNDM2M2JjN2M0YzAiOnsiY3JlYXRlIjo2MDAwMDAwMDAwMDAsImRlbGV0ZSI6NjAwMDAwMDAwMDAwLCJ1cGRhdGUiOjYwMDAwMDAwMDAwMH19",
          "dependencies": [
            "aws_cloudwatch_log_group.doc_generate_slot",
            "aws_dynamodb_table.ai_systems",
            "aws_dynamodb_table.companies",
            "aws_dynamodb_table.compliance_checks",
            "aws_dynamodb_table.doc_generations",
            "aws_dynamodb_table.doc_schemas",
            "aws_dynamodb_table.documents",
            "aws_iam_policy.doc_pipeline",
            "aws_iam_role.doc_pipeline",
            "aws_iam_role_policy_attachment.doc_pipeline",
            "aws_s3_bucket.actify_documents",
            "data.archive_file.doc_pipeline_stub",
            "data.aws_caller_identity.current"
          ]
        }
      ]
    },
    {
      "mode": "managed",
      "type": "aws_lambda_function",
      "name": "doc_persist",
      "provider": "provider[\"registry.terraform.io/hashicorp/aws\"]",
      "instances": [
        {
          "schema_version": 0,
          "attributes": {
            "architectures": [
              "x86_64"
            ],
            "arn": "arn:aws:lambda:eu-central-1:265020547280:function:actify-saas-doc-persist-audit",
            "code_sha256": "Ymu1S5khuM15imwLScZl1+gGXfyEOVTokTFpEndaRbE=",
            "code_signing_config_arn": "",
            "dead_letter_config": [],
            "description": "Doc pipeline step 7: persist document record, update doc_generations, write audit trail",
            "environment": [
              {
                "variables": {
                  "BEDROCK_MODEL_ECONOMY": "eu.amazon.nova-lite-v1:0",
                  "BEDROCK_MODEL_STANDARD": "eu.amazon.nova-pro-v1:0",
                  "BEDROCK_REGION": "eu-central-1",
                  "DOCUMENTS_BUCKET": "actify-saas-documents",
                  "DYNAMODB_AUDIT_TABLE": "actify-saas-audit-trail",
                  "DYNAMODB_CHECKS_TABLE": "actify-saas-compliance-checks",
                  "DYNAMODB_COMPANIES_TABLE": "actify-saas-companies",
                  "DYNAMODB_DOCUMENTS_TABLE": "actify-saas-documents",
                  "DYNAMODB_DOC_GENERATIONS_TABLE": "actify-saas-doc-generations",
                  "DYNAMODB_DOC_SCHEMAS_TABLE": "actify-saas-doc-schemas",
                  "DYNAMODB_SYSTEMS_TABLE": "actify-saas-ai-systems",
                  "ENV": "production",
                  "LAMBDA_PDF_ARN": "arn:aws:lambda:eu-central-1:265020547280:function:actify-saas-pdf-generator",
                  "S3_VECTORS_BUCKET": "actify-saas-ai-act-knowledge-base",
                  "S3_VECTORS_INDEX": "ai-act-it",
                  "S3_VECTORS_REGION": "eu-central-1"
                }
              }
            ],
            "ephemeral_storage": [
              {
                "size": 512
              }
            ],
            "file_system_config": [],
            "filename": "./.terraform/doc_pipeline_stub.zip",
            "function_name": "actify-saas-doc-persist-audit",
            "handler": "src/handlers/persistAudit.handler",
            "id": "actify-saas-doc-persist-audit",
            "image_config": [],
            "image_uri": "",
            "invoke_arn": "arn:aws:apigateway:eu-central-1:lambda:path/2015-03-31/functions/arn:aws:lambda:eu-central-1:265020547280:function:actify-saas-doc-persist-audit/invocations",
            "kms_key_arn": "",
            "last_modified": "2026-06-23T15:44:35.000+0000",
            "layers": [],
            "logging_config": [
              {
                "application_log_level": "",
                "log_format": "Text",
                "log_group": "/aws/lambda/actify-saas-doc-persist-audit",
                "system_log_level": ""
              }
            ],
            "memory_size": 256,
            "package_type": "Zip",
            "publish": false,
            "qualified_arn": "arn:aws:lambda:eu-central-1:265020547280:function:actify-saas-doc-persist-audit:$LATEST",
            "qualified_invoke_arn": "arn:aws:apigateway:eu-central-1:lambda:path/2015-03-31/functions/arn:aws:lambda:eu-central-1:265020547280:function:actify-saas-doc-persist-audit:$LATEST/invocations",
            "replace_security_groups_on_destroy": null,
            "replacement_security_group_ids": null,
            "reserved_concurrent_executions": -1,
            "role": "arn:aws:iam::265020547280:role/actify-saas-doc-pipeline-role",
            "runtime": "nodejs20.x",
            "s3_bucket": null,
            "s3_key": null,
            "s3_object_version": null,
            "signing_job_arn": "",
            "signing_profile_version_arn": "",
            "skip_destroy": false,
            "snap_start": [],
            "source_code_hash": "A+aqFbmInXNGrwe/K1IS8/Yc7w3S5cL4ALPYJP1Innc=",
            "source_code_size": 14872050,
            "tags": {
              "Environment": "production",
              "ManagedBy": "terraform",
              "Name": "actify-saas-doc-persist-audit",
              "Product": "actify-saas",
              "Project": "actify",
              "Release": "release-2",
              "Repository": "actify-iac"
            },
            "tags_all": {
              "Environment": "production",
              "ManagedBy": "terraform",
              "Name": "actify-saas-doc-persist-audit",
              "Product": "actify-saas",
              "Project": "actify",
              "Release": "release-2",
              "Repository": "actify-iac"
            },
            "timeout": 15,
            "timeouts": null,
            "tracing_config": [
              {
                "mode": "PassThrough"
              }
            ],
            "version": "$LATEST",
            "vpc_config": []
          },
          "sensitive_attributes": [],
          "identity_schema_version": 0,
          "private": "eyJlMmJmYjczMC1lY2FhLTExZTYtOGY4OC0zNDM2M2JjN2M0YzAiOnsiY3JlYXRlIjo2MDAwMDAwMDAwMDAsImRlbGV0ZSI6NjAwMDAwMDAwMDAwLCJ1cGRhdGUiOjYwMDAwMDAwMDAwMH19",
          "dependencies": [
            "aws_cloudwatch_log_group.doc_persist",
            "aws_dynamodb_table.ai_systems",
            "aws_dynamodb_table.companies",
            "aws_dynamodb_table.compliance_checks",
            "aws_dynamodb_table.doc_generations",
            "aws_dynamodb_table.doc_schemas",
            "aws_dynamodb_table.documents",
            "aws_iam_policy.doc_pipeline",
            "aws_iam_role.doc_pipeline",
            "aws_iam_role_policy_attachment.doc_pipeline",
            "aws_s3_bucket.actify_documents",
            "data.archive_file.doc_pipeline_stub",
            "data.aws_caller_identity.current"
          ]
        }
      ]
    },
    {
      "mode": "managed",
      "type": "aws_lambda_function",
      "name": "doc_validate",
      "provider": "provider[\"registry.terraform.io/hashicorp/aws\"]",
      "instances": [
        {
          "schema_version": 0,
          "attributes": {
            "architectures": [
              "x86_64"
            ],
            "arn": "arn:aws:lambda:eu-central-1:265020547280:function:actify-saas-doc-validate",
            "code_sha256": "8WqaFLkFjUmZHhViZNWWqWPt4AY0ySSAocFJZdBD2o4=",
            "code_signing_config_arn": "",
            "dead_letter_config": [],
            "description": "Doc pipeline step 3: citation check + schema check (deterministic Validation Gate)",
            "environment": [
              {
                "variables": {
                  "BEDROCK_MODEL_ECONOMY": "eu.amazon.nova-lite-v1:0",
                  "BEDROCK_MODEL_STANDARD": "eu.amazon.nova-pro-v1:0",
                  "BEDROCK_REGION": "eu-central-1",
                  "DOCUMENTS_BUCKET": "actify-saas-documents",
                  "DYNAMODB_AUDIT_TABLE": "actify-saas-audit-trail",
                  "DYNAMODB_CHECKS_TABLE": "actify-saas-compliance-checks",
                  "DYNAMODB_COMPANIES_TABLE": "actify-saas-companies",
                  "DYNAMODB_DOCUMENTS_TABLE": "actify-saas-documents",
                  "DYNAMODB_DOC_GENERATIONS_TABLE": "actify-saas-doc-generations",
                  "DYNAMODB_DOC_SCHEMAS_TABLE": "actify-saas-doc-schemas",
                  "DYNAMODB_SYSTEMS_TABLE": "actify-saas-ai-systems",
                  "ENV": "production",
                  "LAMBDA_PDF_ARN": "arn:aws:lambda:eu-central-1:265020547280:function:actify-saas-pdf-generator",
                  "S3_VECTORS_BUCKET": "actify-saas-ai-act-knowledge-base",
                  "S3_VECTORS_INDEX": "ai-act-it",
                  "S3_VECTORS_REGION": "eu-central-1"
                }
              }
            ],
            "ephemeral_storage": [
              {
                "size": 512
              }
            ],
            "file_system_config": [],
            "filename": "./.terraform/doc_pipeline_stub.zip",
            "function_name": "actify-saas-doc-validate",
            "handler": "src/handlers/validateDocument.handler",
            "id": "actify-saas-doc-validate",
            "image_config": [],
            "image_uri": "",
            "invoke_arn": "arn:aws:apigateway:eu-central-1:lambda:path/2015-03-31/functions/arn:aws:lambda:eu-central-1:265020547280:function:actify-saas-doc-validate/invocations",
            "kms_key_arn": "",
            "last_modified": "2026-06-23T16:38:35.000+0000",
            "layers": [],
            "logging_config": [
              {
                "application_log_level": "",
                "log_format": "Text",
                "log_group": "/aws/lambda/actify-saas-doc-validate",
                "system_log_level": ""
              }
            ],
            "memory_size": 256,
            "package_type": "Zip",
            "publish": false,
            "qualified_arn": "arn:aws:lambda:eu-central-1:265020547280:function:actify-saas-doc-validate:$LATEST",
            "qualified_invoke_arn": "arn:aws:apigateway:eu-central-1:lambda:path/2015-03-31/functions/arn:aws:lambda:eu-central-1:265020547280:function:actify-saas-doc-validate:$LATEST/invocations",
            "replace_security_groups_on_destroy": null,
            "replacement_security_group_ids": null,
            "reserved_concurrent_executions": -1,
            "role": "arn:aws:iam::265020547280:role/actify-saas-doc-pipeline-role",
            "runtime": "nodejs20.x",
            "s3_bucket": null,
            "s3_key": null,
            "s3_object_version": null,
            "signing_job_arn": "",
            "signing_profile_version_arn": "",
            "skip_destroy": false,
            "snap_start": [],
            "source_code_hash": "A+aqFbmInXNGrwe/K1IS8/Yc7w3S5cL4ALPYJP1Innc=",
            "source_code_size": 14872566,
            "tags": {
              "Environment": "production",
              "ManagedBy": "terraform",
              "Name": "actify-saas-doc-validate",
              "Product": "actify-saas",
              "Project": "actify",
              "Release": "release-2",
              "Repository": "actify-iac"
            },
            "tags_all": {
              "Environment": "production",
              "ManagedBy": "terraform",
              "Name": "actify-saas-doc-validate",
              "Product": "actify-saas",
              "Project": "actify",
              "Release": "release-2",
              "Repository": "actify-iac"
            },
            "timeout": 15,
            "timeouts": null,
            "tracing_config": [
              {
                "mode": "PassThrough"
              }
            ],
            "version": "$LATEST",
            "vpc_config": []
          },
          "sensitive_attributes": [],
          "identity_schema_version": 0,
          "private": "eyJlMmJmYjczMC1lY2FhLTExZTYtOGY4OC0zNDM2M2JjN2M0YzAiOnsiY3JlYXRlIjo2MDAwMDAwMDAwMDAsImRlbGV0ZSI6NjAwMDAwMDAwMDAwLCJ1cGRhdGUiOjYwMDAwMDAwMDAwMH19",
          "dependencies": [
            "aws_cloudwatch_log_group.doc_validate",
            "aws_dynamodb_table.ai_systems",
            "aws_dynamodb_table.companies",
            "aws_dynamodb_table.compliance_checks",
            "aws_dynamodb_table.doc_generations",
            "aws_dynamodb_table.doc_schemas",
            "aws_dynamodb_table.documents",
            "aws_iam_policy.doc_pipeline",
            "aws_iam_role.doc_pipeline",
            "aws_iam_role_policy_attachment.doc_pipeline",
            "aws_s3_bucket.actify_documents",
            "data.archive_file.doc_pipeline_stub",
            "data.aws_caller_identity.current"
          ]
        }
      ]
    },
    {
      "mode": "managed",
      "type": "aws_lambda_function",
      "name": "saas_api",
      "provider": "provider[\"registry.terraform.io/hashicorp/aws\"]",
      "instances": [
        {
          "schema_version": 0,
          "attributes": {
            "architectures": [
              "x86_64"
            ],
            "arn": "arn:aws:lambda:eu-central-1:265020547280:function:actify-saas-api",
            "code_sha256": "oiBKwUAsfFttK1pbEUYarA8/tHwNO1fT/p2EWDIeor0=",
            "code_signing_config_arn": "",
            "dead_letter_config": [],
            "description": "Actify release-2 — SaaS CRUD API: auth, company, systems, compliance checks",
            "environment": [
              {
                "variables": {
                  "BEDROCK_MODEL_ID": "eu.amazon.nova-pro-v1:0",
                  "BEDROCK_REGION": "eu-central-1",
                  "COGNITO_CLIENT_ID": "2v3ggh33m5b4ap7kj96ufcqhmg",
                  "COGNITO_USER_POOL_ID": "eu-central-1_4D3kDUrMF",
                  "DOCUMENTS_BUCKET": "actify-saas-documents",
                  "DYNAMODB_AUDIT_TABLE": "actify-saas-audit",
                  "DYNAMODB_CHECKS_TABLE": "actify-saas-compliance-checks",
                  "DYNAMODB_COMPANIES_TABLE": "actify-saas-companies",
                  "DYNAMODB_DOCUMENTS_TABLE": "actify-saas-documents",
                  "DYNAMODB_DOC_GENERATIONS_TABLE": "actify-saas-doc-generations",
                  "DYNAMODB_DOC_SCHEMAS_TABLE": "actify-saas-doc-schemas",
                  "DYNAMODB_LITERACY_TABLE": "actify-saas-literacy",
                  "DYNAMODB_PARTNERS_TABLE": "actify-saas-partners",
                  "DYNAMODB_PARTNER_PMI_TABLE": "actify-saas-partner-pmi",
                  "DYNAMODB_SYSTEMS_TABLE": "actify-saas-ai-systems",
                  "DYNAMODB_USERS_TABLE": "actify-saas-company-users",
                  "EMBEDDING_MODEL_ID": "amazon.titan-embed-text-v2:0",
                  "EMBEDDING_REGION": "eu-central-1",
                  "ENV": "production",
                  "LAMBDA_PDF_ARN": "arn:aws:lambda:eu-central-1:265020547280:function:actify-saas-pdf-generator",
                  "LAMBDA_SELF_ARN": "arn:aws:lambda:eu-central-1:265020547280:function:actify-saas-api",
                  "MAX_CHUNKS": "20",
                  "RAG_ENABLED": "true",
                  "RESEND_API_KEY": "",
                  "S3_VECTORS_BUCKET": "actify-saas-ai-act-knowledge-base",
                  "S3_VECTORS_INDEX": "ai-act-it",
                  "S3_VECTORS_REGION": "eu-central-1",
                  "SIMILARITY_THRESHOLD": "0.72",
                  "STEP_FUNCTIONS_ARN": "arn:aws:states:eu-central-1:265020547280:stateMachine:actify-saas-doc-generation-workflow",
                  "TOP_K": "5"
                }
              }
            ],
            "ephemeral_storage": [
              {
                "size": 512
              }
            ],
            "file_system_config": [],
            "filename": "./.terraform/lambda_api_stub.zip",
            "function_name": "actify-saas-api",
            "handler": "dist/handler.handler",
            "id": "actify-saas-api",
            "image_config": [],
            "image_uri": "",
            "invoke_arn": "arn:aws:apigateway:eu-central-1:lambda:path/2015-03-31/functions/arn:aws:lambda:eu-central-1:265020547280:function:actify-saas-api/invocations",
            "kms_key_arn": "",
            "last_modified": "2026-07-01T08:40:25.000+0000",
            "layers": [],
            "logging_config": [
              {
                "application_log_level": "",
                "log_format": "Text",
                "log_group": "/aws/lambda/actify-saas-api",
                "system_log_level": ""
              }
            ],
            "memory_size": 512,
            "package_type": "Zip",
            "publish": false,
            "qualified_arn": "arn:aws:lambda:eu-central-1:265020547280:function:actify-saas-api:$LATEST",
            "qualified_invoke_arn": "arn:aws:apigateway:eu-central-1:lambda:path/2015-03-31/functions/arn:aws:lambda:eu-central-1:265020547280:function:actify-saas-api:$LATEST/invocations",
            "replace_security_groups_on_destroy": null,
            "replacement_security_group_ids": null,
            "reserved_concurrent_executions": -1,
            "role": "arn:aws:iam::265020547280:role/actify-saas-api-role",
            "runtime": "nodejs20.x",
            "s3_bucket": null,
            "s3_key": null,
            "s3_object_version": null,
            "signing_job_arn": "",
            "signing_profile_version_arn": "",
            "skip_destroy": false,
            "snap_start": [],
            "source_code_hash": "5Ks7vsWCTGKdr48tJnxmscvCc11nbG1LMrv42adPvHk=",
            "source_code_size": 19367183,
            "tags": {
              "Name": "actify-saas-api",
              "Runtime": "nodejs20.x"
            },
            "tags_all": {
              "Environment": "production",
              "ManagedBy": "terraform",
              "Name": "actify-saas-api",
              "Product": "actify-saas",
              "Project": "actify",
              "Release": "release-2",
              "Repository": "actify-iac",
              "Runtime": "nodejs20.x"
            },
            "timeout": 120,
            "timeouts": null,
            "tracing_config": [
              {
                "mode": "PassThrough"
              }
            ],
            "version": "$LATEST",
            "vpc_config": []
          },
          "sensitive_attributes": [
            [
              {
                "type": "get_attr",
                "value": "environment"
              },
              {
                "type": "index",
                "value": {
                  "value": 0,
                  "type": "number"
                }
              },
              {
                "type": "get_attr",
                "value": "variables"
              },
              {
                "type": "index",
                "value": {
                  "value": "RESEND_API_KEY",
                  "type": "string"
                }
              }
            ]
          ],
          "identity_schema_version": 0,
          "private": "eyJlMmJmYjczMC1lY2FhLTExZTYtOGY4OC0zNDM2M2JjN2M0YzAiOnsiY3JlYXRlIjo2MDAwMDAwMDAwMDAsImRlbGV0ZSI6NjAwMDAwMDAwMDAwLCJ1cGRhdGUiOjYwMDAwMDAwMDAwMH19",
          "dependencies": [
            "aws_cloudwatch_log_group.doc_assemble",
            "aws_cloudwatch_log_group.doc_assemble_ctx",
            "aws_cloudwatch_log_group.doc_generate_slot",
            "aws_cloudwatch_log_group.doc_persist",
            "aws_cloudwatch_log_group.doc_validate",
            "aws_cloudwatch_log_group.lambda_api",
            "aws_cloudwatch_log_group.sfn_doc_pipeline",
            "aws_cognito_user_pool.actify",
            "aws_cognito_user_pool_client.actify_app",
            "aws_dynamodb_table.ai_systems",
            "aws_dynamodb_table.audit",
            "aws_dynamodb_table.companies",
            "aws_dynamodb_table.company_users",
            "aws_dynamodb_table.compliance_checks",
            "aws_dynamodb_table.doc_generations",
            "aws_dynamodb_table.doc_schemas",
            "aws_dynamodb_table.documents",
            "aws_dynamodb_table.literacy",
            "aws_dynamodb_table.partner_pmi",
            "aws_dynamodb_table.partners",
            "aws_iam_policy.doc_pipeline",
            "aws_iam_policy.lambda_api",
            "aws_iam_policy.sfn_doc_pipeline",
            "aws_iam_role.doc_pipeline",
            "aws_iam_role.lambda_api",
            "aws_iam_role.sfn_doc_pipeline",
            "aws_iam_role_policy_attachment.doc_pipeline",
            "aws_iam_role_policy_attachment.lambda_api",
            "aws_iam_role_policy_attachment.sfn_doc_pipeline",
            "aws_lambda_function.doc_assemble",
            "aws_lambda_function.doc_assemble_ctx",
            "aws_lambda_function.doc_generate_slot",
            "aws_lambda_function.doc_persist",
            "aws_lambda_function.doc_validate",
            "aws_s3_bucket.actify_documents",
            "aws_sfn_state_machine.doc_generation",
            "data.archive_file.doc_pipeline_stub",
            "data.archive_file.lambda_api_stub",
            "data.aws_caller_identity.current",
            "data.aws_iam_policy_document.api_assume_role",
            "data.aws_iam_policy_document.api_permissions"
          ]
        }
      ]
    },
    {
      "mode": "managed",
      "type": "aws_lambda_permission",
      "name": "api_gateway_invoke_saas",
      "provider": "provider[\"registry.terraform.io/hashicorp/aws\"]",
      "instances": [
        {
          "schema_version": 0,
          "attributes": {
            "action": "lambda:InvokeFunction",
            "event_source_token": null,
            "function_name": "actify-saas-api",
            "function_url_auth_type": null,
            "id": "AllowAPIGatewayInvokeSaaS",
            "principal": "apigateway.amazonaws.com",
            "principal_org_id": null,
            "qualifier": "",
            "source_account": null,
            "source_arn": "arn:aws:execute-api:eu-central-1:265020547280:lql1qfmdua/*/*",
            "statement_id": "AllowAPIGatewayInvokeSaaS",
            "statement_id_prefix": ""
          },
          "sensitive_attributes": [],
          "identity_schema_version": 0,
          "private": "bnVsbA==",
          "dependencies": [
            "aws_cloudwatch_log_group.lambda_api",
            "aws_cognito_user_pool.actify",
            "aws_cognito_user_pool_client.actify_app",
            "aws_dynamodb_table.ai_systems",
            "aws_dynamodb_table.companies",
            "aws_dynamodb_table.company_users",
            "aws_dynamodb_table.compliance_checks",
            "aws_dynamodb_table.documents",
            "aws_dynamodb_table.literacy",
            "aws_dynamodb_table.partner_pmi",
            "aws_dynamodb_table.partners",
            "aws_iam_policy.lambda_api",
            "aws_iam_role.lambda_api",
            "aws_iam_role_policy_attachment.lambda_api",
            "aws_lambda_function.saas_api",
            "aws_s3_bucket.actify_documents",
            "data.archive_file.lambda_api_stub",
            "data.aws_apigatewayv2_api.main",
            "data.aws_caller_identity.current",
            "data.aws_iam_policy_document.api_assume_role",
            "data.aws_iam_policy_document.api_permissions"
          ]
        }
      ]
    },
    {
      "mode": "managed",
      "type": "aws_s3_bucket",
      "name": "actify_documents",
      "provider": "provider[\"registry.terraform.io/hashicorp/aws\"]",
      "instances": [
        {
          "schema_version": 0,
          "attributes": {
            "acceleration_status": "",
            "acl": null,
            "arn": "arn:aws:s3:::actify-saas-documents",
            "bucket": "actify-saas-documents",
            "bucket_domain_name": "actify-saas-documents.s3.amazonaws.com",
            "bucket_prefix": "",
            "bucket_regional_domain_name": "actify-saas-documents.s3.eu-central-1.amazonaws.com",
            "cors_rule": [
              {
                "allowed_headers": [
                  "*"
                ],
                "allowed_methods": [
                  "GET"
                ],
                "allowed_origins": [
                  "*"
                ],
                "expose_headers": [],
                "max_age_seconds": 3600
              }
            ],
            "force_destroy": false,
            "grant": [
              {
                "id": "dbe921c3e6efd9d5959918626db5df3d7f8b4829e3e9ad23e9be38ddc79ed061",
                "permissions": [
                  "FULL_CONTROL"
                ],
                "type": "CanonicalUser",
                "uri": ""
              }
            ],
            "hosted_zone_id": "Z21DNDUVLTQW6Q",
            "id": "actify-saas-documents",
            "lifecycle_rule": [
              {
                "abort_incomplete_multipart_upload_days": 0,
                "enabled": true,
                "expiration": [
                  {
                    "date": "",
                    "days": 10,
                    "expired_object_delete_marker": false
                  }
                ],
                "id": "expire-drafts",
                "noncurrent_version_expiration": [],
                "noncurrent_version_transition": [],
                "prefix": "documents/",
                "tags": {},
                "transition": []
              }
            ],
            "logging": [],
            "object_lock_configuration": [],
            "object_lock_enabled": false,
            "policy": "",
            "region": "eu-central-1",
            "replication_configuration": [],
            "request_payer": "BucketOwner",
            "server_side_encryption_configuration": [
              {
                "rule": [
                  {
                    "apply_server_side_encryption_by_default": [
                      {
                        "kms_master_key_id": "",
                        "sse_algorithm": "AES256"
                      }
                    ],
                    "bucket_key_enabled": false
                  }
                ]
              }
            ],
            "tags": {
              "Name": "actify-saas-documents"
            },
            "tags_all": {
              "Environment": "production",
              "ManagedBy": "terraform",
              "Name": "actify-saas-documents",
              "Product": "actify-saas",
              "Project": "actify",
              "Release": "release-2",
              "Repository": "actify-iac"
            },
            "timeouts": null,
            "versioning": [
              {
                "enabled": true,
                "mfa_delete": false
              }
            ],
            "website": [],
            "website_domain": null,
            "website_endpoint": null
          },
          "sensitive_attributes": [],
          "identity_schema_version": 0,
          "private": "eyJlMmJmYjczMC1lY2FhLTExZTYtOGY4OC0zNDM2M2JjN2M0YzAiOnsiY3JlYXRlIjoxMjAwMDAwMDAwMDAwLCJkZWxldGUiOjM2MDAwMDAwMDAwMDAsInJlYWQiOjEyMDAwMDAwMDAwMDAsInVwZGF0ZSI6MTIwMDAwMDAwMDAwMH19"
        }
      ]
    },
    {
      "mode": "managed",
      "type": "aws_s3_bucket_cors_configuration",
      "name": "documents_cors",
      "provider": "provider[\"registry.terraform.io/hashicorp/aws\"]",
      "instances": [
        {
          "schema_version": 0,
          "attributes": {
            "bucket": "actify-saas-documents",
            "cors_rule": [
              {
                "allowed_headers": [
                  "*"
                ],
                "allowed_methods": [
                  "GET"
                ],
                "allowed_origins": [
                  "*"
                ],
                "expose_headers": [],
                "id": "",
                "max_age_seconds": 3600
              }
            ],
            "expected_bucket_owner": "",
            "id": "actify-saas-documents"
          },
          "sensitive_attributes": [],
          "identity_schema_version": 0,
          "private": "bnVsbA==",
          "dependencies": [
            "aws_s3_bucket.actify_documents"
          ]
        }
      ]
    },
    {
      "mode": "managed",
      "type": "aws_s3_bucket_lifecycle_configuration",
      "name": "documents_lifecycle",
      "provider": "provider[\"registry.terraform.io/hashicorp/aws\"]",
      "instances": [
        {
          "schema_version": 1,
          "attributes": {
            "bucket": "actify-saas-documents",
            "expected_bucket_owner": "",
            "id": "actify-saas-documents",
            "rule": [
              {
                "abort_incomplete_multipart_upload": [],
                "expiration": [
                  {
                    "date": null,
                    "days": 10,
                    "expired_object_delete_marker": false
                  }
                ],
                "filter": [
                  {
                    "and": [],
                    "object_size_greater_than": null,
                    "object_size_less_than": null,
                    "prefix": "documents/",
                    "tag": []
                  }
                ],
                "id": "expire-drafts",
                "noncurrent_version_expiration": [],
                "noncurrent_version_transition": [],
                "prefix": "",
                "status": "Enabled",
                "transition": []
              }
            ],
            "timeouts": null,
            "transition_default_minimum_object_size": "all_storage_classes_128K"
          },
          "sensitive_attributes": [],
          "identity_schema_version": 0,
          "dependencies": [
            "aws_s3_bucket.actify_documents"
          ]
        }
      ]
    },
    {
      "mode": "managed",
      "type": "aws_s3_bucket_public_access_block",
      "name": "documents_public_access",
      "provider": "provider[\"registry.terraform.io/hashicorp/aws\"]",
      "instances": [
        {
          "schema_version": 0,
          "attributes": {
            "block_public_acls": true,
            "block_public_policy": true,
            "bucket": "actify-saas-documents",
            "id": "actify-saas-documents",
            "ignore_public_acls": true,
            "restrict_public_buckets": true
          },
          "sensitive_attributes": [],
          "identity_schema_version": 0,
          "private": "bnVsbA==",
          "dependencies": [
            "aws_s3_bucket.actify_documents"
          ]
        }
      ]
    },
    {
      "mode": "managed",
      "type": "aws_s3_bucket_server_side_encryption_configuration",
      "name": "documents_sse",
      "provider": "provider[\"registry.terraform.io/hashicorp/aws\"]",
      "instances": [
        {
          "schema_version": 0,
          "attributes": {
            "bucket": "actify-saas-documents",
            "expected_bucket_owner": "",
            "id": "actify-saas-documents",
            "rule": [
              {
                "apply_server_side_encryption_by_default": [
                  {
                    "kms_master_key_id": "",
                    "sse_algorithm": "AES256"
                  }
                ],
                "bucket_key_enabled": false
              }
            ]
          },
          "sensitive_attributes": [],
          "identity_schema_version": 0,
          "private": "bnVsbA==",
          "dependencies": [
            "aws_s3_bucket.actify_documents"
          ]
        }
      ]
    },
    {
      "mode": "managed",
      "type": "aws_s3_bucket_versioning",
      "name": "documents_versioning",
      "provider": "provider[\"registry.terraform.io/hashicorp/aws\"]",
      "instances": [
        {
          "schema_version": 0,
          "attributes": {
            "bucket": "actify-saas-documents",
            "expected_bucket_owner": "",
            "id": "actify-saas-documents",
            "mfa": null,
            "versioning_configuration": [
              {
                "mfa_delete": "",
                "status": "Enabled"
              }
            ]
          },
          "sensitive_attributes": [],
          "identity_schema_version": 0,
          "private": "bnVsbA==",
          "dependencies": [
            "aws_s3_bucket.actify_documents"
          ]
        }
      ]
    },
    {
      "mode": "managed",
      "type": "aws_sfn_state_machine",
      "name": "doc_generation",
      "provider": "provider[\"registry.terraform.io/hashicorp/aws\"]",
      "instances": [
        {
          "schema_version": 0,
          "attributes": {
            "arn": "arn:aws:states:eu-central-1:265020547280:stateMachine:actify-saas-doc-generation-workflow",
            "creation_date": "2026-06-12T17:51:15Z",
            "definition": "{\"Comment\":\"Actify Document Generation Pipeline — SDD v1.1\",\"StartAt\":\"AssembleContext\",\"States\":{\"AssembleContext\":{\"Catch\":[{\"ErrorEquals\":[\"States.ALL\"],\"Next\":\"MarkFailed\",\"ResultPath\":\"$.error\"}],\"Next\":\"GenerateSlots\",\"Parameters\":{\"FunctionName\":\"arn:aws:lambda:eu-central-1:265020547280:function:actify-saas-doc-assemble-context\",\"Payload.$\":\"$\"},\"Resource\":\"arn:aws:states:::lambda:invoke\",\"ResultPath\":\"$.context\",\"ResultSelector\":{\"allowedRefs.$\":\"$.Payload.allowedRefs\",\"articleTexts.$\":\"$.Payload.articleTexts\",\"company.$\":\"$.Payload.company\",\"contextS3Key.$\":\"$.Payload.contextS3Key\",\"fixedSections.$\":\"$.Payload.fixedSections\",\"gap.$\":\"$.Payload.gap\",\"generativeSlots.$\":\"$.Payload.generativeSlots\",\"kbVersion.$\":\"$.Payload.kbVersion\",\"modelId.$\":\"$.Payload.modelId\",\"promptVersion.$\":\"$.Payload.promptVersion\",\"schema.$\":\"$.Payload.schema\",\"system.$\":\"$.Payload.system\"},\"Type\":\"Task\"},\"AssembleDocument\":{\"Catch\":[{\"ErrorEquals\":[\"States.ALL\"],\"Next\":\"MarkFailed\",\"ResultPath\":\"$.error\"}],\"Next\":\"RenderPdf\",\"Parameters\":{\"FunctionName\":\"arn:aws:lambda:eu-central-1:265020547280:function:actify-saas-doc-assemble-document\",\"Payload\":{\"companyId.$\":\"$.companyId\",\"context.$\":\"$.context\",\"docType.$\":\"$.docType\",\"generationId.$\":\"$.generationId\",\"slots.$\":\"$.slots\",\"systemId.$\":\"$.systemId\"}},\"Resource\":\"arn:aws:states:::lambda:invoke\",\"ResultPath\":\"$.assembled\",\"ResultSelector\":{\"markdownContent.$\":\"$.Payload.markdownContent\",\"markdownS3Key.$\":\"$.Payload.markdownS3Key\",\"title.$\":\"$.Payload.title\"},\"Type\":\"Task\"},\"CheckValidation1\":{\"Choices\":[{\"BooleanEquals\":true,\"Next\":\"AssembleDocument\",\"Variable\":\"$.validation.passed\"}],\"Default\":\"RetryWithFeedback\",\"Type\":\"Choice\"},\"CheckValidation2\":{\"Choices\":[{\"BooleanEquals\":true,\"Next\":\"AssembleDocument\",\"Variable\":\"$.validation.passed\"}],\"Default\":\"MarkReviewRequired\",\"Type\":\"Choice\"},\"Done\":{\"Type\":\"Succeed\"},\"Fail\":{\"Cause\":\"Pipeline failed — check doc_generations record for details\",\"Error\":\"DocumentGenerationFailed\",\"Type\":\"Fail\"},\"GenerateSlots\":{\"Catch\":[{\"ErrorEquals\":[\"States.ALL\"],\"Next\":\"MarkFailed\",\"ResultPath\":\"$.error\"}],\"ItemSelector\":{\"context.$\":\"$.context\",\"generationId.$\":\"$.generationId\",\"slot.$\":\"$$.Map.Item.Value\"},\"ItemsPath\":\"$.context.generativeSlots\",\"Iterator\":{\"StartAt\":\"GenerateOneSlot\",\"States\":{\"GenerateOneSlot\":{\"End\":true,\"Parameters\":{\"FunctionName\":\"arn:aws:lambda:eu-central-1:265020547280:function:actify-saas-doc-generate-slot\",\"Payload.$\":\"$\"},\"Resource\":\"arn:aws:states:::lambda:invoke\",\"ResultSelector\":{\"content.$\":\"$.Payload.content\",\"slotId.$\":\"$.Payload.slotId\"},\"Type\":\"Task\"}}},\"MaxConcurrency\":3,\"Next\":\"ValidationGate1\",\"ResultPath\":\"$.slots\",\"Type\":\"Map\"},\"MarkFailed\":{\"Next\":\"Fail\",\"Parameters\":{\"FunctionName\":\"arn:aws:lambda:eu-central-1:265020547280:function:actify-saas-doc-persist-audit\",\"Payload\":{\"action\":\"update_status\",\"companyId.$\":\"$.companyId\",\"error.$\":\"$.error\",\"generationId.$\":\"$.generationId\",\"status\":\"FAILED\"}},\"Resource\":\"arn:aws:states:::lambda:invoke\",\"ResultPath\":null,\"Retry\":[{\"ErrorEquals\":[\"States.ALL\"],\"IntervalSeconds\":2,\"MaxAttempts\":1}],\"Type\":\"Task\"},\"MarkReviewRequired\":{\"Next\":\"ReviewRequiredDone\",\"Parameters\":{\"FunctionName\":\"arn:aws:lambda:eu-central-1:265020547280:function:actify-saas-doc-persist-audit\",\"Payload\":{\"action\":\"review_required\",\"companyId.$\":\"$.companyId\",\"context.$\":\"$.context\",\"docType.$\":\"$.docType\",\"gapId.$\":\"$.gapId\",\"generationId.$\":\"$.generationId\",\"slots.$\":\"$.slots\",\"systemId.$\":\"$.systemId\",\"validation.$\":\"$.validation\"}},\"Resource\":\"arn:aws:states:::lambda:invoke\",\"ResultPath\":null,\"Type\":\"Task\"},\"PersistAndAudit\":{\"Catch\":[{\"ErrorEquals\":[\"States.ALL\"],\"Next\":\"MarkFailed\",\"ResultPath\":\"$.error\"}],\"Next\":\"Done\",\"Parameters\":{\"FunctionName\":\"arn:aws:lambda:eu-central-1:265020547280:function:actify-saas-doc-persist-audit\",\"Payload\":{\"action\":\"persist_draft\",\"assembled.$\":\"$.assembled\",\"companyId.$\":\"$.companyId\",\"context.$\":\"$.context\",\"docType.$\":\"$.docType\",\"gapId.$\":\"$.gapId\",\"generationId.$\":\"$.generationId\",\"pdf.$\":\"$.pdf\",\"systemId.$\":\"$.systemId\",\"validation.$\":\"$.validation\"}},\"Resource\":\"arn:aws:states:::lambda:invoke\",\"ResultPath\":\"$.result\",\"ResultSelector\":{\"documentId.$\":\"$.Payload.documentId\"},\"Type\":\"Task\"},\"RenderPdf\":{\"Catch\":[{\"ErrorEquals\":[\"States.ALL\"],\"Next\":\"MarkFailed\",\"ResultPath\":\"$.error\"}],\"Next\":\"PersistAndAudit\",\"Parameters\":{\"FunctionName\":\"arn:aws:lambda:eu-central-1:265020547280:function:actify-saas-pdf-generator\",\"Payload\":{\"_docPipelineRenderRequest\":{\"companyId.$\":\"$.companyId\",\"docType.$\":\"$.docType\",\"generationId.$\":\"$.generationId\",\"isDraft\":true,\"kbVersion.$\":\"$.context.kbVersion\",\"markdownContent.$\":\"$.assembled.markdownContent\",\"modelId.$\":\"$.context.modelId\",\"promptVersion.$\":\"$.context.promptVersion\",\"schemaVersion.$\":\"$.context.schema.version\",\"systemId.$\":\"$.systemId\",\"title.$\":\"$.assembled.title\"}}},\"Resource\":\"arn:aws:states:::lambda:invoke\",\"ResultPath\":\"$.pdf\",\"ResultSelector\":{\"pdfS3Key.$\":\"$.Payload.pdfS3Key\"},\"Type\":\"Task\"},\"RetryWithFeedback\":{\"Catch\":[{\"ErrorEquals\":[\"States.ALL\"],\"Next\":\"MarkFailed\",\"ResultPath\":\"$.error\"}],\"Next\":\"UpdateSlotsAfterRetry\",\"Parameters\":{\"FunctionName\":\"arn:aws:lambda:eu-central-1:265020547280:function:actify-saas-doc-generate-slot\",\"Payload\":{\"context.$\":\"$.context\",\"failedSlots.$\":\"$.validation.failedSlots\",\"generationId.$\":\"$.generationId\",\"retryMode\":true,\"slots.$\":\"$.slots\",\"validationReport.$\":\"$.validation.report\"}},\"Resource\":\"arn:aws:states:::lambda:invoke\",\"ResultPath\":\"$.retryResult\",\"ResultSelector\":{\"slots.$\":\"$.Payload.slots\"},\"Type\":\"Task\"},\"ReviewRequiredDone\":{\"Type\":\"Succeed\"},\"UpdateSlotsAfterRetry\":{\"Next\":\"ValidationGate2\",\"Parameters\":{\"attempt\":1,\"companyId.$\":\"$.companyId\",\"context.$\":\"$.context\",\"docType.$\":\"$.docType\",\"gapId.$\":\"$.gapId\",\"generationId.$\":\"$.generationId\",\"slots.$\":\"$.retryResult.slots\",\"systemId.$\":\"$.systemId\",\"validation.$\":\"$.validation\"},\"Type\":\"Pass\"},\"ValidationGate1\":{\"Catch\":[{\"ErrorEquals\":[\"States.ALL\"],\"Next\":\"MarkFailed\",\"ResultPath\":\"$.error\"}],\"Next\":\"CheckValidation1\",\"Parameters\":{\"FunctionName\":\"arn:aws:lambda:eu-central-1:265020547280:function:actify-saas-doc-validate\",\"Payload\":{\"context.$\":\"$.context\",\"generationId.$\":\"$.generationId\",\"slots.$\":\"$.slots\"}},\"Resource\":\"arn:aws:states:::lambda:invoke\",\"ResultPath\":\"$.validation\",\"ResultSelector\":{\"failedSlots.$\":\"$.Payload.failedSlots\",\"passed.$\":\"$.Payload.passed\",\"report.$\":\"$.Payload.report\"},\"Type\":\"Task\"},\"ValidationGate2\":{\"Catch\":[{\"ErrorEquals\":[\"States.ALL\"],\"Next\":\"MarkFailed\",\"ResultPath\":\"$.error\"}],\"Next\":\"CheckValidation2\",\"Parameters\":{\"FunctionName\":\"arn:aws:lambda:eu-central-1:265020547280:function:actify-saas-doc-validate\",\"Payload\":{\"context.$\":\"$.context\",\"generationId.$\":\"$.generationId\",\"slots.$\":\"$.slots\"}},\"Resource\":\"arn:aws:states:::lambda:invoke\",\"ResultPath\":\"$.validation\",\"ResultSelector\":{\"failedSlots.$\":\"$.Payload.failedSlots\",\"passed.$\":\"$.Payload.passed\",\"report.$\":\"$.Payload.report\"},\"Type\":\"Task\"}}}",
            "description": "",
            "encryption_configuration": [
              {
                "kms_data_key_reuse_period_seconds": 0,
                "kms_key_id": "",
                "type": "AWS_OWNED_KEY"
              }
            ],
            "id": "arn:aws:states:eu-central-1:265020547280:stateMachine:actify-saas-doc-generation-workflow",
            "logging_configuration": [
              {
                "include_execution_data": true,
                "level": "ERROR",
                "log_destination": "arn:aws:logs:eu-central-1:265020547280:log-group:/aws/states/actify-saas-doc-generation-workflow:*"
              }
            ],
            "name": "actify-saas-doc-generation-workflow",
            "name_prefix": "",
            "publish": false,
            "revision_id": "",
            "role_arn": "arn:aws:iam::265020547280:role/actify-saas-sfn-role",
            "state_machine_version_arn": "",
            "status": "ACTIVE",
            "tags": {
              "Environment": "production",
              "ManagedBy": "terraform",
              "Name": "actify-saas-doc-generation-workflow",
              "Product": "actify-saas",
              "Project": "actify",
              "Release": "release-2",
              "Repository": "actify-iac"
            },
            "tags_all": {
              "Environment": "production",
              "ManagedBy": "terraform",
              "Name": "actify-saas-doc-generation-workflow",
              "Product": "actify-saas",
              "Project": "actify",
              "Release": "release-2",
              "Repository": "actify-iac"
            },
            "timeouts": null,
            "tracing_configuration": [
              {
                "enabled": true
              }
            ],
            "type": "STANDARD",
            "version_description": null
          },
          "sensitive_attributes": [],
          "identity_schema_version": 0,
          "private": "eyJlMmJmYjczMC1lY2FhLTExZTYtOGY4OC0zNDM2M2JjN2M0YzAiOnsiY3JlYXRlIjozMDAwMDAwMDAwMDAsImRlbGV0ZSI6MzAwMDAwMDAwMDAwLCJ1cGRhdGUiOjYwMDAwMDAwMDAwfX0=",
          "dependencies": [
            "aws_cloudwatch_log_group.doc_assemble",
            "aws_cloudwatch_log_group.doc_assemble_ctx",
            "aws_cloudwatch_log_group.doc_generate_slot",
            "aws_cloudwatch_log_group.doc_persist",
            "aws_cloudwatch_log_group.doc_validate",
            "aws_cloudwatch_log_group.sfn_doc_pipeline",
            "aws_dynamodb_table.ai_systems",
            "aws_dynamodb_table.companies",
            "aws_dynamodb_table.compliance_checks",
            "aws_dynamodb_table.doc_generations",
            "aws_dynamodb_table.doc_schemas",
            "aws_dynamodb_table.documents",
            "aws_iam_policy.doc_pipeline",
            "aws_iam_policy.sfn_doc_pipeline",
            "aws_iam_role.doc_pipeline",
            "aws_iam_role.sfn_doc_pipeline",
            "aws_iam_role_policy_attachment.doc_pipeline",
            "aws_iam_role_policy_attachment.sfn_doc_pipeline",
            "aws_lambda_function.doc_assemble",
            "aws_lambda_function.doc_assemble_ctx",
            "aws_lambda_function.doc_generate_slot",
            "aws_lambda_function.doc_persist",
            "aws_lambda_function.doc_validate",
            "aws_s3_bucket.actify_documents",
            "data.archive_file.doc_pipeline_stub",
            "data.aws_caller_identity.current"
          ]
        }
      ]
    }
  ],
  "check_results": null
}
